
Microsoft Visual Studio Solution File, Format Version 12.00
# Visual Studio 14
VisualStudioVersion = 14.0.25420.1
MinimumVisualStudioVersion = 10.0.40219.1
Project("{FAE04EC0-301F-11D3-BF4B-00C04F79EFBC}") = "MHG.Sample.Social", "MHG.Sample.Social\MHG.Sample.Social\MHG.Sample.Social.csproj", "{4AFD9934-2C55-4062-B377-C7EC17EAD7B8}"
EndProject
Project("{FAE04EC0-301F-11D3-BF4B-00C04F79EFBC}") = "MHG.Sample.Social.Droid", "MHG.Sample.Social\MHG.Sample.Social.Droid\MHG.Sample.Social.Droid.csproj", "{D9BE6741-CF6A-42FA-9317-D937B88149FF}"
EndProject
Project("{FAE04EC0-301F-11D3-BF4B-00C04F79EFBC}") = "MHG.Sample.Social.iOS", "MHG.Sample.Social\MHG.Sample.Social.iOS\MHG.Sample.Social.iOS.csproj", "{BD895A4A-BD76-43D5-B2C5-20BD5D2D019A}"
EndProject
Project("{FAE04EC0-301F-11D3-BF4B-00C04F79EFBC}") = "MHG.Sample.Social.WinPhone", "MHG.Sample.Social\MHG.Sample.Social.WinPhone\MHG.Sample.Social.WinPhone.csproj", "{1E17358B-BE6A-4F04-9EF2-85D1F9BCC06F}"
EndProject
Project("{FAE04EC0-301F-11D3-BF4B-00C04F79EFBC}") = "MHG.Sample.Social.UWP", "MHG.Sample.Social\MHG.Sample.Social.UWP\MHG.Sample.Social.UWP.csproj", "{6D816DC5-F2C7-4F29-8FD6-C4583E4D771C}"
EndProject
Project("{FAE04EC0-301F-11D3-BF4B-00C04F79EFBC}") = "MHG.Sample.Social.Windows", "MHG.Sample.Social\MHG.Sample.Social.Windows\MHG.Sample.Social.Windows.csproj", "{ACEB8BDD-4995-4EE3-9341-697F662E9256}"
EndProject
Global
	GlobalSection(SolutionConfigurationPlatforms) = preSolution
		Ad-Hoc|Any CPU = Ad-Hoc|Any CPU
		Ad-Hoc|ARM = Ad-Hoc|ARM
		Ad-Hoc|iPhone = Ad-Hoc|iPhone
		Ad-Hoc|iPhoneSimulator = Ad-Hoc|iPhoneSimulator
		Ad-Hoc|x64 = Ad-Hoc|x64
		Ad-Hoc|x86 = Ad-Hoc|x86
		AppStore|Any CPU = AppStore|Any CPU
		AppStore|ARM = AppStore|ARM
		AppStore|iPhone = AppStore|iPhone
		AppStore|iPhoneSimulator = AppStore|iPhoneSimulator
		AppStore|x64 = AppStore|x64
		AppStore|x86 = AppStore|x86
		Debug|Any CPU = Debug|Any CPU
		Debug|ARM = Debug|ARM
		Debug|iPhone = Debug|iPhone
		Debug|iPhoneSimulator = Debug|iPhoneSimulator
		Debug|x64 = Debug|x64
		Debug|x86 = Debug|x86
		Release|Any CPU = Release|Any CPU
		Release|ARM = Release|ARM
		Release|iPhone = Release|iPhone
		Release|iPhoneSimulator = Release|iPhoneSimulator
		Release|x64 = Release|x64
		Release|x86 = Release|x86
	EndGlobalSection
	GlobalSection(ProjectConfigurationPlatforms) = postSolution
		{4AFD9934-2C55-4062-B377-C7EC17EAD7B8}.Ad-Hoc|Any CPU.ActiveCfg = Release|Any CPU
		{4AFD9934-2C55-4062-B377-C7EC17EAD7B8}.Ad-Hoc|Any CPU.Build.0 = Release|Any CPU
		{4AFD9934-2C55-4062-B377-C7EC17EAD7B8}.Ad-Hoc|ARM.ActiveCfg = Release|Any CPU
		{4AFD9934-2C55-4062-B377-C7EC17EAD7B8}.Ad-Hoc|ARM.Build.0 = Release|Any CPU
		{4AFD9934-2C55-4062-B377-C7EC17EAD7B8}.Ad-Hoc|iPhone.ActiveCfg = Release|Any CPU
		{4AFD9934-2C55-4062-B377-C7EC17EAD7B8}.Ad-Hoc|iPhone.Build.0 = Release|Any CPU
		{4AFD9934-2C55-4062-B377-C7EC17EAD7B8}.Ad-Hoc|iPhoneSimulator.ActiveCfg = Release|Any CPU
		{4AFD9934-2C55-4062-B377-C7EC17EAD7B8}.Ad-Hoc|iPhoneSimulator.Build.0 = Release|Any CPU
		{4AFD9934-2C55-4062-B377-C7EC17EAD7B8}.Ad-Hoc|x64.ActiveCfg = Release|Any CPU
		{4AFD9934-2C55-4062-B377-C7EC17EAD7B8}.Ad-Hoc|x64.Build.0 = Release|Any CPU
		{4AFD9934-2C55-4062-B377-C7EC17EAD7B8}.Ad-Hoc|x86.ActiveCfg = Release|Any CPU
		{4AFD9934-2C55-4062-B377-C7EC17EAD7B8}.Ad-Hoc|x86.Build.0 = Release|Any CPU
		{4AFD9934-2C55-4062-B377-C7EC17EAD7B8}.AppStore|Any CPU.ActiveCfg = Release|Any CPU
		{4AFD9934-2C55-4062-B377-C7EC17EAD7B8}.AppStore|Any CPU.Build.0 = Release|Any CPU
		{4AFD9934-2C55-4062-B377-C7EC17EAD7B8}.AppStore|ARM.ActiveCfg = Release|Any CPU
		{4AFD9934-2C55-4062-B377-C7EC17EAD7B8}.AppStore|ARM.Build.0 = Release|Any CPU
		{4AFD9934-2C55-4062-B377-C7EC17EAD7B8}.AppStore|iPhone.ActiveCfg = Release|Any CPU
		{4AFD9934-2C55-4062-B377-C7EC17EAD7B8}.AppStore|iPhone.Build.0 = Release|Any CPU
		{4AFD9934-2C55-4062-B377-C7EC17EAD7B8}.AppStore|iPhoneSimulator.ActiveCfg = Release|Any CPU
		{4AFD9934-2C55-4062-B377-C7EC17EAD7B8}.AppStore|iPhoneSimulator.Build.0 = Release|Any CPU
		{4AFD9934-2C55-4062-B377-C7EC17EAD7B8}.AppStore|x64.ActiveCfg = Release|Any CPU
		{4AFD9934-2C55-4062-B377-C7EC17EAD7B8}.AppStore|x64.Build.0 = Release|Any CPU
		{4AFD9934-2C55-4062-B377-C7EC17EAD7B8}.AppStore|x86.ActiveCfg = Release|Any CPU
		{4AFD9934-2C55-4062-B377-C7EC17EAD7B8}.AppStore|x86.Build.0 = Release|Any CPU
		{4AFD9934-2C55-4062-B377-C7EC17EAD7B8}.Debug|Any CPU.ActiveCfg = Debug|Any CPU
		{4AFD9934-2C55-4062-B377-C7EC17EAD7B8}.Debug|Any CPU.Build.0 = Debug|Any CPU
		{4AFD9934-2C55-4062-B377-C7EC17EAD7B8}.Debug|ARM.ActiveCfg = Debug|Any CPU
		{4AFD9934-2C55-4062-B377-C7EC17EAD7B8}.Debug|ARM.Build.0 = Debug|Any CPU
		{4AFD9934-2C55-4062-B377-C7EC17EAD7B8}.Debug|iPhone.ActiveCfg = Debug|Any CPU
		{4AFD9934-2C55-4062-B377-C7EC17EAD7B8}.Debug|iPhone.Build.0 = Debug|Any CPU
		{4AFD9934-2C55-4062-B377-C7EC17EAD7B8}.Debug|iPhoneSimulator.ActiveCfg = Debug|Any CPU
		{4AFD9934-2C55-4062-B377-C7EC17EAD7B8}.Debug|iPhoneSimulator.Build.0 = Debug|Any CPU
		{4AFD9934-2C55-4062-B377-C7EC17EAD7B8}.Debug|x64.ActiveCfg = Debug|Any CPU
		{4AFD9934-2C55-4062-B377-C7EC17EAD7B8}.Debug|x64.Build.0 = Debug|Any CPU
		{4AFD9934-2C55-4062-B377-C7EC17EAD7B8}.Debug|x86.ActiveCfg = Debug|Any CPU
		{4AFD9934-2C55-4062-B377-C7EC17EAD7B8}.Debug|x86.Build.0 = Debug|Any CPU
		{4AFD9934-2C55-4062-B377-C7EC17EAD7B8}.Release|Any CPU.ActiveCfg = Release|Any CPU
		{4AFD9934-2C55-4062-B377-C7EC17EAD7B8}.Release|Any CPU.Build.0 = Release|Any CPU
		{4AFD9934-2C55-4062-B377-C7EC17EAD7B8}.Release|ARM.ActiveCfg = Release|Any CPU
		{4AFD9934-2C55-4062-B377-C7EC17EAD7B8}.Release|ARM.Build.0 = Release|Any CPU
		{4AFD9934-2C55-4062-B377-C7EC17EAD7B8}.Release|iPhone.ActiveCfg = Release|Any CPU
		{4AFD9934-2C55-4062-B377-C7EC17EAD7B8}.Release|iPhone.Build.0 = Release|Any CPU
		{4AFD9934-2C55-4062-B377-C7EC17EAD7B8}.Release|iPhoneSimulator.ActiveCfg = Release|Any CPU
		{4AFD9934-2C55-4062-B377-C7EC17EAD7B8}.Release|iPhoneSimulator.Build.0 = Release|Any CPU
		{4AFD9934-2C55-4062-B377-C7EC17EAD7B8}.Release|x64.ActiveCfg = Release|Any CPU
		{4AFD9934-2C55-4062-B377-C7EC17EAD7B8}.Release|x64.Build.0 = Release|Any CPU
		{4AFD9934-2C55-4062-B377-C7EC17EAD7B8}.Release|x86.ActiveCfg = Release|Any CPU
		{4AFD9934-2C55-4062-B377-C7EC17EAD7B8}.Release|x86.Build.0 = Release|Any CPU
		{D9BE6741-CF6A-42FA-9317-D937B88149FF}.Ad-Hoc|Any CPU.ActiveCfg = Release|Any CPU
		{D9BE6741-CF6A-42FA-9317-D937B88149FF}.Ad-Hoc|Any CPU.Build.0 = Release|Any CPU
		{D9BE6741-CF6A-42FA-9317-D937B88149FF}.Ad-Hoc|Any CPU.Deploy.0 = Release|Any CPU
		{D9BE6741-CF6A-42FA-9317-D937B88149FF}.Ad-Hoc|ARM.ActiveCfg = Release|Any CPU
		{D9BE6741-CF6A-42FA-9317-D937B88149FF}.Ad-Hoc|ARM.Build.0 = Release|Any CPU
		{D9BE6741-CF6A-42FA-9317-D937B88149FF}.Ad-Hoc|ARM.Deploy.0 = Release|Any CPU
		{D9BE6741-CF6A-42FA-9317-D937B88149FF}.Ad-Hoc|iPhone.ActiveCfg = Release|Any CPU
		{D9BE6741-CF6A-42FA-9317-D937B88149FF}.Ad-Hoc|iPhone.Build.0 = Release|Any CPU
		{D9BE6741-CF6A-42FA-9317-D937B88149FF}.Ad-Hoc|iPhone.Deploy.0 = Release|Any CPU
		{D9BE6741-CF6A-42FA-9317-D937B88149FF}.Ad-Hoc|iPhoneSimulator.ActiveCfg = Release|Any CPU
		{D9BE6741-CF6A-42FA-9317-D937B88149FF}.Ad-Hoc|iPhoneSimulator.Build.0 = Release|Any CPU
		{D9BE6741-CF6A-42FA-9317-D937B88149FF}.Ad-Hoc|iPhoneSimulator.Deploy.0 = Release|Any CPU
		{D9BE6741-CF6A-42FA-9317-D937B88149FF}.Ad-Hoc|x64.ActiveCfg = Release|Any CPU
		{D9BE6741-CF6A-42FA-9317-D937B88149FF}.Ad-Hoc|x64.Build.0 = Release|Any CPU
		{D9BE6741-CF6A-42FA-9317-D937B88149FF}.Ad-Hoc|x64.Deploy.0 = Release|Any CPU
		{D9BE6741-CF6A-42FA-9317-D937B88149FF}.Ad-Hoc|x86.ActiveCfg = Release|Any CPU
		{D9BE6741-CF6A-42FA-9317-D937B88149FF}.Ad-Hoc|x86.Build.0 = Release|Any CPU
		{D9BE6741-CF6A-42FA-9317-D937B88149FF}.Ad-Hoc|x86.Deploy.0 = Release|Any CPU
		{D9BE6741-CF6A-42FA-9317-D937B88149FF}.AppStore|Any CPU.ActiveCfg = Release|Any CPU
		{D9BE6741-CF6A-42FA-9317-D937B88149FF}.AppStore|Any CPU.Build.0 = Release|Any CPU
		{D9BE6741-CF6A-42FA-9317-D937B88149FF}.AppStore|Any CPU.Deploy.0 = Release|Any CPU
		{D9BE6741-CF6A-42FA-9317-D937B88149FF}.AppStore|ARM.ActiveCfg = Release|Any CPU
		{D9BE6741-CF6A-42FA-9317-D937B88149FF}.AppStore|ARM.Build.0 = Release|Any CPU
		{D9BE6741-CF6A-42FA-9317-D937B88149FF}.AppStore|ARM.Deploy.0 = Release|Any CPU
		{D9BE6741-CF6A-42FA-9317-D937B88149FF}.AppStore|iPhone.ActiveCfg = Release|Any CPU
		{D9BE6741-CF6A-42FA-9317-D937B88149FF}.AppStore|iPhone.Build.0 = Release|Any CPU
		{D9BE6741-CF6A-42FA-9317-D937B88149FF}.AppStore|iPhone.Deploy.0 = Release|Any CPU
		{D9BE6741-CF6A-42FA-9317-D937B88149FF}.AppStore|iPhoneSimulator.ActiveCfg = Release|Any CPU
		{D9BE6741-CF6A-42FA-9317-D937B88149FF}.AppStore|iPhoneSimulator.Build.0 = Release|Any CPU
		{D9BE6741-CF6A-42FA-9317-D937B88149FF}.AppStore|iPhoneSimulator.Deploy.0 = Release|Any CPU
		{D9BE6741-CF6A-42FA-9317-D937B88149FF}.AppStore|x64.ActiveCfg = Release|Any CPU
		{D9BE6741-CF6A-42FA-9317-D937B88149FF}.AppStore|x64.Build.0 = Release|Any CPU
		{D9BE6741-CF6A-42FA-9317-D937B88149FF}.AppStore|x64.Deploy.0 = Release|Any CPU
		{D9BE6741-CF6A-42FA-9317-D937B88149FF}.AppStore|x86.ActiveCfg = Release|Any CPU
		{D9BE6741-CF6A-42FA-9317-D937B88149FF}.AppStore|x86.Build.0 = Release|Any CPU
		{D9BE6741-CF6A-42FA-9317-D937B88149FF}.AppStore|x86.Deploy.0 = Release|Any CPU
		{D9BE6741-CF6A-42FA-9317-D937B88149FF}.Debug|Any CPU.ActiveCfg = Debug|Any CPU
		{D9BE6741-CF6A-42FA-9317-D937B88149FF}.Debug|Any CPU.Build.0 = Debug|Any CPU
		{D9BE6741-CF6A-42FA-9317-D937B88149FF}.Debug|Any CPU.Deploy.0 = Debug|Any CPU
		{D9BE6741-CF6A-42FA-9317-D937B88149FF}.Debug|ARM.ActiveCfg = Debug|Any CPU
		{D9BE6741-CF6A-42FA-9317-D937B88149FF}.Debug|ARM.Build.0 = Debug|Any CPU
		{D9BE6741-CF6A-42FA-9317-D937B88149FF}.Debug|ARM.Deploy.0 = Debug|Any CPU
		{D9BE6741-CF6A-42FA-9317-D937B88149FF}.Debug|iPhone.ActiveCfg = Debug|Any CPU
		{D9BE6741-CF6A-42FA-9317-D937B88149FF}.Debug|iPhone.Build.0 = Debug|Any CPU
		{D9BE6741-CF6A-42FA-9317-D937B88149FF}.Debug|iPhone.Deploy.0 = Debug|Any CPU
		{D9BE6741-CF6A-42FA-9317-D937B88149FF}.Debug|iPhoneSimulator.ActiveCfg = Debug|Any CPU
		{D9BE6741-CF6A-42FA-9317-D937B88149FF}.Debug|iPhoneSimulator.Build.0 = Debug|Any CPU
		{D9BE6741-CF6A-42FA-9317-D937B88149FF}.Debug|iPhoneSimulator.Deploy.0 = Debug|Any CPU
		{D9BE6741-CF6A-42FA-9317-D937B88149FF}.Debug|x64.ActiveCfg = Debug|Any CPU
		{D9BE6741-CF6A-42FA-9317-D937B88149FF}.Debug|x64.Build.0 = Debug|Any CPU
		{D9BE6741-CF6A-42FA-9317-D937B88149FF}.Debug|x64.Deploy.0 = Debug|Any CPU
		{D9BE6741-CF6A-42FA-9317-D937B88149FF}.Debug|x86.ActiveCfg = Debug|Any CPU
		{D9BE6741-CF6A-42FA-9317-D937B88149FF}.Debug|x86.Build.0 = Debug|Any CPU
		{D9BE6741-CF6A-42FA-9317-D937B88149FF}.Debug|x86.Deploy.0 = Debug|Any CPU
		{D9BE6741-CF6A-42FA-9317-D937B88149FF}.Release|Any CPU.ActiveCfg = Release|Any CPU
		{D9BE6741-CF6A-42FA-9317-D937B88149FF}.Release|Any CPU.Build.0 = Release|Any CPU
		{D9BE6741-CF6A-42FA-9317-D937B88149FF}.Release|Any CPU.Deploy.0 = Release|Any CPU
		{D9BE6741-CF6A-42FA-9317-D937B88149FF}.Release|ARM.ActiveCfg = Release|Any CPU
		{D9BE6741-CF6A-42FA-9317-D937B88149FF}.Release|ARM.Build.0 = Release|Any CPU
		{D9BE6741-CF6A-42FA-9317-D937B88149FF}.Release|ARM.Deploy.0 = Release|Any CPU
		{D9BE6741-CF6A-42FA-9317-D937B88149FF}.Release|iPhone.ActiveCfg = Release|Any CPU
		{D9BE6741-CF6A-42FA-9317-D937B88149FF}.Release|iPhone.Build.0 = Release|Any CPU
		{D9BE6741-CF6A-42FA-9317-D937B88149FF}.Release|iPhone.Deploy.0 = Release|Any CPU
		{D9BE6741-CF6A-42FA-9317-D937B88149FF}.Release|iPhoneSimulator.ActiveCfg = Release|Any CPU
		{D9BE6741-CF6A-42FA-9317-D937B88149FF}.Release|iPhoneSimulator.Build.0 = Release|Any CPU
		{D9BE6741-CF6A-42FA-9317-D937B88149FF}.Release|iPhoneSimulator.Deploy.0 = Release|Any CPU
		{D9BE6741-CF6A-42FA-9317-D937B88149FF}.Release|x64.ActiveCfg = Release|Any CPU
		{D9BE6741-CF6A-42FA-9317-D937B88149FF}.Release|x64.Build.0 = Release|Any CPU
		{D9BE6741-CF6A-42FA-9317-D937B88149FF}.Release|x64.Deploy.0 = Release|Any CPU
		{D9BE6741-CF6A-42FA-9317-D937B88149FF}.Release|x86.ActiveCfg = Release|Any CPU
		{D9BE6741-CF6A-42FA-9317-D937B88149FF}.Release|x86.Build.0 = Release|Any CPU
		{D9BE6741-CF6A-42FA-9317-D937B88149FF}.Release|x86.Deploy.0 = Release|Any CPU
		{BD895A4A-BD76-43D5-B2C5-20BD5D2D019A}.Ad-Hoc|Any CPU.ActiveCfg = Ad-Hoc|iPhone
		{BD895A4A-BD76-43D5-B2C5-20BD5D2D019A}.Ad-Hoc|ARM.ActiveCfg = Ad-Hoc|iPhone
		{BD895A4A-BD76-43D5-B2C5-20BD5D2D019A}.Ad-Hoc|iPhone.ActiveCfg = Ad-Hoc|iPhone
		{BD895A4A-BD76-43D5-B2C5-20BD5D2D019A}.Ad-Hoc|iPhone.Build.0 = Ad-Hoc|iPhone
		{BD895A4A-BD76-43D5-B2C5-20BD5D2D019A}.Ad-Hoc|iPhoneSimulator.ActiveCfg = Ad-Hoc|iPhoneSimulator
		{BD895A4A-BD76-43D5-B2C5-20BD5D2D019A}.Ad-Hoc|iPhoneSimulator.Build.0 = Ad-Hoc|iPhoneSimulator
		{BD895A4A-BD76-43D5-B2C5-20BD5D2D019A}.Ad-Hoc|x64.ActiveCfg = Ad-Hoc|iPhone
		{BD895A4A-BD76-43D5-B2C5-20BD5D2D019A}.Ad-Hoc|x86.ActiveCfg = Ad-Hoc|iPhone
		{BD895A4A-BD76-43D5-B2C5-20BD5D2D019A}.AppStore|Any CPU.ActiveCfg = AppStore|iPhone
		{BD895A4A-BD76-43D5-B2C5-20BD5D2D019A}.AppStore|ARM.ActiveCfg = AppStore|iPhone
		{BD895A4A-BD76-43D5-B2C5-20BD5D2D019A}.AppStore|iPhone.ActiveCfg = AppStore|iPhone
		{BD895A4A-BD76-43D5-B2C5-20BD5D2D019A}.AppStore|iPhone.Build.0 = AppStore|iPhone
		{BD895A4A-BD76-43D5-B2C5-20BD5D2D019A}.AppStore|iPhoneSimulator.ActiveCfg = AppStore|iPhoneSimulator
		{BD895A4A-BD76-43D5-B2C5-20BD5D2D019A}.AppStore|iPhoneSimulator.Build.0 = AppStore|iPhoneSimulator
		{BD895A4A-BD76-43D5-B2C5-20BD5D2D019A}.AppStore|x64.ActiveCfg = AppStore|iPhone
		{BD895A4A-BD76-43D5-B2C5-20BD5D2D019A}.AppStore|x86.ActiveCfg = AppStore|iPhone
		{BD895A4A-BD76-43D5-B2C5-20BD5D2D019A}.Debug|Any CPU.ActiveCfg = Debug|iPhone
		{BD895A4A-BD76-43D5-B2C5-20BD5D2D019A}.Debug|ARM.ActiveCfg = Debug|iPhone
		{BD895A4A-BD76-43D5-B2C5-20BD5D2D019A}.Debug|iPhone.ActiveCfg = Debug|iPhone
		{BD895A4A-BD76-43D5-B2C5-20BD5D2D019A}.Debug|iPhone.Build.0 = Debug|iPhone
		{BD895A4A-BD76-43D5-B2C5-20BD5D2D019A}.Debug|iPhoneSimulator.ActiveCfg = Debug|iPhoneSimulator
		{BD895A4A-BD76-43D5-B2C5-20BD5D2D019A}.Debug|iPhoneSimulator.Build.0 = Debug|iPhoneSimulator
		{BD895A4A-BD76-43D5-B2C5-20BD5D2D019A}.Debug|x64.ActiveCfg = Debug|iPhone
		{BD895A4A-BD76-43D5-B2C5-20BD5D2D019A}.Debug|x86.ActiveCfg = Debug|iPhone
		{BD895A4A-BD76-43D5-B2C5-20BD5D2D019A}.Release|Any CPU.ActiveCfg = Release|iPhone
		{BD895A4A-BD76-43D5-B2C5-20BD5D2D019A}.Release|ARM.ActiveCfg = Release|iPhone
		{BD895A4A-BD76-43D5-B2C5-20BD5D2D019A}.Release|iPhone.ActiveCfg = Release|iPhone
		{BD895A4A-BD76-43D5-B2C5-20BD5D2D019A}.Release|iPhone.Build.0 = Release|iPhone
		{BD895A4A-BD76-43D5-B2C5-20BD5D2D019A}.Release|iPhoneSimulator.ActiveCfg = Release|iPhoneSimulator
		{BD895A4A-BD76-43D5-B2C5-20BD5D2D019A}.Release|iPhoneSimulator.Build.0 = Release|iPhoneSimulator
		{BD895A4A-BD76-43D5-B2C5-20BD5D2D019A}.Release|x64.ActiveCfg = Release|iPhone
		{BD895A4A-BD76-43D5-B2C5-20BD5D2D019A}.Release|x86.ActiveCfg = Release|iPhone
		{1E17358B-BE6A-4F04-9EF2-85D1F9BCC06F}.Ad-Hoc|Any CPU.ActiveCfg = Release|Any CPU
		{1E17358B-BE6A-4F04-9EF2-85D1F9BCC06F}.Ad-Hoc|Any CPU.Build.0 = Release|Any CPU
		{1E17358B-BE6A-4F04-9EF2-85D1F9BCC06F}.Ad-Hoc|Any CPU.Deploy.0 = Release|Any CPU
		{1E17358B-BE6A-4F04-9EF2-85D1F9BCC06F}.Ad-Hoc|ARM.ActiveCfg = Release|ARM
		{1E17358B-BE6A-4F04-9EF2-85D1F9BCC06F}.Ad-Hoc|ARM.Build.0 = Release|ARM
		{1E17358B-BE6A-4F04-9EF2-85D1F9BCC06F}.Ad-Hoc|ARM.Deploy.0 = Release|ARM
		{1E17358B-BE6A-4F04-9EF2-85D1F9BCC06F}.Ad-Hoc|iPhone.ActiveCfg = Release|Any CPU
		{1E17358B-BE6A-4F04-9EF2-85D1F9BCC06F}.Ad-Hoc|iPhone.Build.0 = Release|Any CPU
		{1E17358B-BE6A-4F04-9EF2-85D1F9BCC06F}.Ad-Hoc|iPhone.Deploy.0 = Release|Any CPU
		{1E17358B-BE6A-4F04-9EF2-85D1F9BCC06F}.Ad-Hoc|iPhoneSimulator.ActiveCfg = Release|Any CPU
		{1E17358B-BE6A-4F04-9EF2-85D1F9BCC06F}.Ad-Hoc|iPhoneSimulator.Build.0 = Release|Any CPU
		{1E17358B-BE6A-4F04-9EF2-85D1F9BCC06F}.Ad-Hoc|iPhoneSimulator.Deploy.0 = Release|Any CPU
		{1E17358B-BE6A-4F04-9EF2-85D1F9BCC06F}.Ad-Hoc|x64.ActiveCfg = Release|Any CPU
		{1E17358B-BE6A-4F04-9EF2-85D1F9BCC06F}.Ad-Hoc|x64.Build.0 = Release|Any CPU
		{1E17358B-BE6A-4F04-9EF2-85D1F9BCC06F}.Ad-Hoc|x64.Deploy.0 = Release|Any CPU
		{1E17358B-BE6A-4F04-9EF2-85D1F9BCC06F}.Ad-Hoc|x86.ActiveCfg = Release|x86
		{1E17358B-BE6A-4F04-9EF2-85D1F9BCC06F}.Ad-Hoc|x86.Build.0 = Release|x86
		{1E17358B-BE6A-4F04-9EF2-85D1F9BCC06F}.Ad-Hoc|x86.Deploy.0 = Release|x86
		{1E17358B-BE6A-4F04-9EF2-85D1F9BCC06F}.AppStore|Any CPU.ActiveCfg = Release|Any CPU
		{1E17358B-BE6A-4F04-9EF2-85D1F9BCC06F}.AppStore|Any CPU.Build.0 = Release|Any CPU
		{1E17358B-BE6A-4F04-9EF2-85D1F9BCC06F}.AppStore|Any CPU.Deploy.0 = Release|Any CPU
		{1E17358B-BE6A-4F04-9EF2-85D1F9BCC06F}.AppStore|ARM.ActiveCfg = Release|ARM
		{1E17358B-BE6A-4F04-9EF2-85D1F9BCC06F}.AppStore|ARM.Build.0 = Release|ARM
		{1E17358B-BE6A-4F04-9EF2-85D1F9BCC06F}.AppStore|ARM.Deploy.0 = Release|ARM
		{1E17358B-BE6A-4F04-9EF2-85D1F9BCC06F}.AppStore|iPhone.ActiveCfg = Release|Any CPU
		{1E17358B-BE6A-4F04-9EF2-85D1F9BCC06F}.AppStore|iPhone.Build.0 = Release|Any CPU
		{1E17358B-BE6A-4F04-9EF2-85D1F9BCC06F}.AppStore|iPhone.Deploy.0 = Release|Any CPU
		{1E17358B-BE6A-4F04-9EF2-85D1F9BCC06F}.AppStore|iPhoneSimulator.ActiveCfg = Release|Any CPU
		{1E17358B-BE6A-4F04-9EF2-85D1F9BCC06F}.AppStore|iPhoneSimulator.Build.0 = Release|Any CPU
		{1E17358B-BE6A-4F04-9EF2-85D1F9BCC06F}.AppStore|iPhoneSimulator.Deploy.0 = Release|Any CPU
		{1E17358B-BE6A-4F04-9EF2-85D1F9BCC06F}.AppStore|x64.ActiveCfg = Release|Any CPU
		{1E17358B-BE6A-4F04-9EF2-85D1F9BCC06F}.AppStore|x64.Build.0 = Release|Any CPU
		{1E17358B-BE6A-4F04-9EF2-85D1F9BCC06F}.AppStore|x64.Deploy.0 = Release|Any CPU
		{1E17358B-BE6A-4F04-9EF2-85D1F9BCC06F}.AppStore|x86.ActiveCfg = Release|x86
		{1E17358B-BE6A-4F04-9EF2-85D1F9BCC06F}.AppStore|x86.Build.0 = Release|x86
		{1E17358B-BE6A-4F04-9EF2-85D1F9BCC06F}.AppStore|x86.Deploy.0 = Release|x86
		{1E17358B-BE6A-4F04-9EF2-85D1F9BCC06F}.Debug|Any CPU.ActiveCfg = Debug|Any CPU
		{1E17358B-BE6A-4F04-9EF2-85D1F9BCC06F}.Debug|Any CPU.Build.0 = Debug|Any CPU
		{1E17358B-BE6A-4F04-9EF2-85D1F9BCC06F}.Debug|Any CPU.Deploy.0 = Debug|Any CPU
		{1E17358B-BE6A-4F04-9EF2-85D1F9BCC06F}.Debug|ARM.ActiveCfg = Debug|ARM
		{1E17358B-BE6A-4F04-9EF2-85D1F9BCC06F}.Debug|ARM.Build.0 = Debug|ARM
		{1E17358B-BE6A-4F04-9EF2-85D1F9BCC06F}.Debug|ARM.Deploy.0 = Debug|ARM
		{1E17358B-BE6A-4F04-9EF2-85D1F9BCC06F}.Debug|iPhone.ActiveCfg = Debug|Any CPU
		{1E17358B-BE6A-4F04-9EF2-85D1F9BCC06F}.Debug|iPhone.Build.0 = Debug|Any CPU
		{1E17358B-BE6A-4F04-9EF2-85D1F9BCC06F}.Debug|iPhone.Deploy.0 = Debug|Any CPU
		{1E17358B-BE6A-4F04-9EF2-85D1F9BCC06F}.Debug|iPhoneSimulator.ActiveCfg = Debug|Any CPU
		{1E17358B-BE6A-4F04-9EF2-85D1F9BCC06F}.Debug|iPhoneSimulator.Build.0 = Debug|Any CPU
		{1E17358B-BE6A-4F04-9EF2-85D1F9BCC06F}.Debug|iPhoneSimulator.Deploy.0 = Debug|Any CPU
		{1E17358B-BE6A-4F04-9EF2-85D1F9BCC06F}.Debug|x64.ActiveCfg = Debug|Any CPU
		{1E17358B-BE6A-4F04-9EF2-85D1F9BCC06F}.Debug|x64.Build.0 = Debug|Any CPU
		{1E17358B-BE6A-4F04-9EF2-85D1F9BCC06F}.Debug|x64.Deploy.0 = Debug|Any CPU
		{1E17358B-BE6A-4F04-9EF2-85D1F9BCC06F}.Debug|x86.ActiveCfg = Debug|x86
		{1E17358B-BE6A-4F04-9EF2-85D1F9BCC06F}.Debug|x86.Build.0 = Debug|x86
		{1E17358B-BE6A-4F04-9EF2-85D1F9BCC06F}.Debug|x86.Deploy.0 = Debug|x86
		{1E17358B-BE6A-4F04-9EF2-85D1F9BCC06F}.Release|Any CPU.ActiveCfg = Release|Any CPU
		{1E17358B-BE6A-4F04-9EF2-85D1F9BCC06F}.Release|Any CPU.Build.0 = Release|Any CPU
		{1E17358B-BE6A-4F04-9EF2-85D1F9BCC06F}.Release|Any CPU.Deploy.0 = Release|Any CPU
		{1E17358B-BE6A-4F04-9EF2-85D1F9BCC06F}.Release|ARM.ActiveCfg = Release|ARM
		{1E17358B-BE6A-4F04-9EF2-85D1F9BCC06F}.Release|ARM.Build.0 = Release|ARM
		{1E17358B-BE6A-4F04-9EF2-85D1F9BCC06F}.Release|ARM.Deploy.0 = Release|ARM
		{1E17358B-BE6A-4F04-9EF2-85D1F9BCC06F}.Release|iPhone.ActiveCfg = Release|Any CPU
		{1E17358B-BE6A-4F04-9EF2-85D1F9BCC06F}.Release|iPhone.Build.0 = Release|Any CPU
		{1E17358B-BE6A-4F04-9EF2-85D1F9BCC06F}.Release|iPhone.Deploy.0 = Release|Any CPU
		{1E17358B-BE6A-4F04-9EF2-85D1F9BCC06F}.Release|iPhoneSimulator.ActiveCfg = Release|Any CPU
		{1E17358B-BE6A-4F04-9EF2-85D1F9BCC06F}.Release|iPhoneSimulator.Build.0 = Release|Any CPU
		{1E17358B-BE6A-4F04-9EF2-85D1F9BCC06F}.Release|iPhoneSimulator.Deploy.0 = Release|Any CPU
		{1E17358B-BE6A-4F04-9EF2-85D1F9BCC06F}.Release|x64.ActiveCfg = Release|Any CPU
		{1E17358B-BE6A-4F04-9EF2-85D1F9BCC06F}.Release|x64.Build.0 = Release|Any CPU
		{1E17358B-BE6A-4F04-9EF2-85D1F9BCC06F}.Release|x64.Deploy.0 = Release|Any CPU
		{1E17358B-BE6A-4F04-9EF2-85D1F9BCC06F}.Release|x86.ActiveCfg = Release|x86
		{1E17358B-BE6A-4F04-9EF2-85D1F9BCC06F}.Release|x86.Build.0 = Release|x86
		{1E17358B-BE6A-4F04-9EF2-85D1F9BCC06F}.Release|x86.Deploy.0 = Release|x86
		{6D816DC5-F2C7-4F29-8FD6-C4583E4D771C}.Ad-Hoc|Any CPU.ActiveCfg = Release|x86
		{6D816DC5-F2C7-4F29-8FD6-C4583E4D771C}.Ad-Hoc|Any CPU.Build.0 = Release|x86
		{6D816DC5-F2C7-4F29-8FD6-C4583E4D771C}.Ad-Hoc|Any CPU.Deploy.0 = Release|x86
		{6D816DC5-F2C7-4F29-8FD6-C4583E4D771C}.Ad-Hoc|ARM.ActiveCfg = Release|ARM
		{6D816DC5-F2C7-4F29-8FD6-C4583E4D771C}.Ad-Hoc|ARM.Build.0 = Release|ARM
		{6D816DC5-F2C7-4F29-8FD6-C4583E4D771C}.Ad-Hoc|ARM.Deploy.0 = Release|ARM
		{6D816DC5-F2C7-4F29-8FD6-C4583E4D771C}.Ad-Hoc|iPhone.ActiveCfg = Release|x86
		{6D816DC5-F2C7-4F29-8FD6-C4583E4D771C}.Ad-Hoc|iPhone.Build.0 = Release|x86
		{6D816DC5-F2C7-4F29-8FD6-C4583E4D771C}.Ad-Hoc|iPhone.Deploy.0 = Release|x86
		{6D816DC5-F2C7-4F29-8FD6-C4583E4D771C}.Ad-Hoc|iPhoneSimulator.ActiveCfg = Release|x86
		{6D816DC5-F2C7-4F29-8FD6-C4583E4D771C}.Ad-Hoc|iPhoneSimulator.Build.0 = Release|x86
		{6D816DC5-F2C7-4F29-8FD6-C4583E4D771C}.Ad-Hoc|iPhoneSimulator.Deploy.0 = Release|x86
		{6D816DC5-F2C7-4F29-8FD6-C4583E4D771C}.Ad-Hoc|x64.ActiveCfg = Release|x64
		{6D816DC5-F2C7-4F29-8FD6-C4583E4D771C}.Ad-Hoc|x64.Build.0 = Release|x64
		{6D816DC5-F2C7-4F29-8FD6-C4583E4D771C}.Ad-Hoc|x64.Deploy.0 = Release|x64
		{6D816DC5-F2C7-4F29-8FD6-C4583E4D771C}.Ad-Hoc|x86.ActiveCfg = Release|x86
		{6D816DC5-F2C7-4F29-8FD6-C4583E4D771C}.Ad-Hoc|x86.Build.0 = Release|x86
		{6D816DC5-F2C7-4F29-8FD6-C4583E4D771C}.Ad-Hoc|x86.Deploy.0 = Release|x86
		{6D816DC5-F2C7-4F29-8FD6-C4583E4D771C}.AppStore|Any CPU.ActiveCfg = Release|x86
		{6D816DC5-F2C7-4F29-8FD6-C4583E4D771C}.AppStore|Any CPU.Build.0 = Release|x86
		{6D816DC5-F2C7-4F29-8FD6-C4583E4D771C}.AppStore|Any CPU.Deploy.0 = Release|x86
		{6D816DC5-F2C7-4F29-8FD6-C4583E4D771C}.AppStore|ARM.ActiveCfg = Release|ARM
		{6D816DC5-F2C7-4F29-8FD6-C4583E4D771C}.AppStore|ARM.Build.0 = Release|ARM
		{6D816DC5-F2C7-4F29-8FD6-C4583E4D771C}.AppStore|ARM.Deploy.0 = Release|ARM
		{6D816DC5-F2C7-4F29-8FD6-C4583E4D771C}.AppStore|iPhone.ActiveCfg = Release|x86
		{6D816DC5-F2C7-4F29-8FD6-C4583E4D771C}.AppStore|iPhone.Build.0 = Release|x86
		{6D816DC5-F2C7-4F29-8FD6-C4583E4D771C}.AppStore|iPhone.Deploy.0 = Release|x86
		{6D816DC5-F2C7-4F29-8FD6-C4583E4D771C}.AppStore|iPhoneSimulator.ActiveCfg = Release|x86
		{6D816DC5-F2C7-4F29-8FD6-C4583E4D771C}.AppStore|iPhoneSimulator.Build.0 = Release|x86
		{6D816DC5-F2C7-4F29-8FD6-C4583E4D771C}.AppStore|iPhoneSimulator.Deploy.0 = Release|x86
		{6D816DC5-F2C7-4F29-8FD6-C4583E4D771C}.AppStore|x64.ActiveCfg = Release|x64
		{6D816DC5-F2C7-4F29-8FD6-C4583E4D771C}.AppStore|x64.Build.0 = Release|x64
		{6D816DC5-F2C7-4F29-8FD6-C4583E4D771C}.AppStore|x64.Deploy.0 = Release|x64
		{6D816DC5-F2C7-4F29-8FD6-C4583E4D771C}.AppStore|x86.ActiveCfg = Release|x86
		{6D816DC5-F2C7-4F29-8FD6-C4583E4D771C}.AppStore|x86.Build.0 = Release|x86
		{6D816DC5-F2C7-4F29-8FD6-C4583E4D771C}.AppStore|x86.Deploy.0 = Release|x86
		{6D816DC5-F2C7-4F29-8FD6-C4583E4D771C}.Debug|Any CPU.ActiveCfg = Debug|x86
		{6D816DC5-F2C7-4F29-8FD6-C4583E4D771C}.Debug|ARM.ActiveCfg = Debug|ARM
		{6D816DC5-F2C7-4F29-8FD6-C4583E4D771C}.Debug|ARM.Build.0 = Debug|ARM
		{6D816DC5-F2C7-4F29-8FD6-C4583E4D771C}.Debug|ARM.Deploy.0 = Debug|ARM
		{6D816DC5-F2C7-4F29-8FD6-C4583E4D771C}.Debug|iPhone.ActiveCfg = Debug|x86
		{6D816DC5-F2C7-4F29-8FD6-C4583E4D771C}.Debug|iPhoneSimulator.ActiveCfg = Debug|x86
		{6D816DC5-F2C7-4F29-8FD6-C4583E4D771C}.Debug|x64.ActiveCfg = Debug|x64
		{6D816DC5-F2C7-4F29-8FD6-C4583E4D771C}.Debug|x64.Build.0 = Debug|x64
		{6D816DC5-F2C7-4F29-8FD6-C4583E4D771C}.Debug|x64.Deploy.0 = Debug|x64
		{6D816DC5-F2C7-4F29-8FD6-C4583E4D771C}.Debug|x86.ActiveCfg = Debug|x86
		{6D816DC5-F2C7-4F29-8FD6-C4583E4D771C}.Debug|x86.Build.0 = Debug|x86
		{6D816DC5-F2C7-4F29-8FD6-C4583E4D771C}.Debug|x86.Deploy.0 = Debug|x86
		{6D816DC5-F2C7-4F29-8FD6-C4583E4D771C}.Release|Any CPU.ActiveCfg = Release|x86
		{6D816DC5-F2C7-4F29-8FD6-C4583E4D771C}.Release|ARM.ActiveCfg = Release|ARM
		{6D816DC5-F2C7-4F29-8FD6-C4583E4D771C}.Release|ARM.Build.0 = Release|ARM
		{6D816DC5-F2C7-4F29-8FD6-C4583E4D771C}.Release|ARM.Deploy.0 = Release|ARM
		{6D816DC5-F2C7-4F29-8FD6-C4583E4D771C}.Release|iPhone.ActiveCfg = Release|x86
		{6D816DC5-F2C7-4F29-8FD6-C4583E4D771C}.Release|iPhoneSimulator.ActiveCfg = Release|x86
		{6D816DC5-F2C7-4F29-8FD6-C4583E4D771C}.Release|x64.ActiveCfg = Release|x64
		{6D816DC5-F2C7-4F29-8FD6-C4583E4D771C}.Release|x64.Build.0 = Release|x64
		{6D816DC5-F2C7-4F29-8FD6-C4583E4D771C}.Release|x64.Deploy.0 = Release|x64
		{6D816DC5-F2C7-4F29-8FD6-C4583E4D771C}.Release|x86.ActiveCfg = Release|x86
		{6D816DC5-F2C7-4F29-8FD6-C4583E4D771C}.Release|x86.Build.0 = Release|x86
		{6D816DC5-F2C7-4F29-8FD6-C4583E4D771C}.Release|x86.Deploy.0 = Release|x86
		{ACEB8BDD-4995-4EE3-9341-697F662E9256}.Ad-Hoc|Any CPU.ActiveCfg = Release|Any CPU
		{ACEB8BDD-4995-4EE3-9341-697F662E9256}.Ad-Hoc|Any CPU.Build.0 = Release|Any CPU
		{ACEB8BDD-4995-4EE3-9341-697F662E9256}.Ad-Hoc|Any CPU.Deploy.0 = Release|Any CPU
		{ACEB8BDD-4995-4EE3-9341-697F662E9256}.Ad-Hoc|ARM.ActiveCfg = Release|ARM
		{ACEB8BDD-4995-4EE3-9341-697F662E9256}.Ad-Hoc|ARM.Build.0 = Release|ARM
		{ACEB8BDD-4995-4EE3-9341-697F662E9256}.Ad-Hoc|ARM.Deploy.0 = Release|ARM
		{ACEB8BDD-4995-4EE3-9341-697F662E9256}.Ad-Hoc|iPhone.ActiveCfg = Release|Any CPU
		{ACEB8BDD-4995-4EE3-9341-697F662E9256}.Ad-Hoc|iPhone.Build.0 = Release|Any CPU
		{ACEB8BDD-4995-4EE3-9341-697F662E9256}.Ad-Hoc|iPhone.Deploy.0 = Release|Any CPU
		{ACEB8BDD-4995-4EE3-9341-697F662E9256}.Ad-Hoc|iPhoneSimulator.ActiveCfg = Release|Any CPU
		{ACEB8BDD-4995-4EE3-9341-697F662E9256}.Ad-Hoc|iPhoneSimulator.Build.0 = Release|Any CPU
		{ACEB8BDD-4995-4EE3-9341-697F662E9256}.Ad-Hoc|iPhoneSimulator.Deploy.0 = Release|Any CPU
		{ACEB8BDD-4995-4EE3-9341-697F662E9256}.Ad-Hoc|x64.ActiveCfg = Release|x64
		{ACEB8BDD-4995-4EE3-9341-697F662E9256}.Ad-Hoc|x64.Build.0 = Release|x64
		{ACEB8BDD-4995-4EE3-9341-697F662E9256}.Ad-Hoc|x64.Deploy.0 = Release|x64
		{ACEB8BDD-4995-4EE3-9341-697F662E9256}.Ad-Hoc|x86.ActiveCfg = Release|x86
		{ACEB8BDD-4995-4EE3-9341-697F662E9256}.Ad-Hoc|x86.Build.0 = Release|x86
		{ACEB8BDD-4995-4EE3-9341-697F662E9256}.Ad-Hoc|x86.Deploy.0 = Release|x86
		{ACEB8BDD-4995-4EE3-9341-697F662E9256}.AppStore|Any CPU.ActiveCfg = Release|Any CPU
		{ACEB8BDD-4995-4EE3-9341-697F662E9256}.AppStore|Any CPU.Build.0 = Release|Any CPU
		{ACEB8BDD-4995-4EE3-9341-697F662E9256}.AppStore|Any CPU.Deploy.0 = Release|Any CPU
		{ACEB8BDD-4995-4EE3-9341-697F662E9256}.AppStore|ARM.ActiveCfg = Release|ARM
		{ACEB8BDD-4995-4EE3-9341-697F662E9256}.AppStore|ARM.Build.0 = Release|ARM
		{ACEB8BDD-4995-4EE3-9341-697F662E9256}.AppStore|ARM.Deploy.0 = Release|ARM
		{ACEB8BDD-4995-4EE3-9341-697F662E9256}.AppStore|iPhone.ActiveCfg = Release|Any CPU
		{ACEB8BDD-4995-4EE3-9341-697F662E9256}.AppStore|iPhone.Build.0 = Release|Any CPU
		{ACEB8BDD-4995-4EE3-9341-697F662E9256}.AppStore|iPhone.Deploy.0 = Release|Any CPU
		{ACEB8BDD-4995-4EE3-9341-697F662E9256}.AppStore|iPhoneSimulator.ActiveCfg = Release|Any CPU
		{ACEB8BDD-4995-4EE3-9341-697F662E9256}.AppStore|iPhoneSimulator.Build.0 = Release|Any CPU
		{ACEB8BDD-4995-4EE3-9341-697F662E9256}.AppStore|iPhoneSimulator.Deploy.0 = Release|Any CPU
		{ACEB8BDD-4995-4EE3-9341-697F662E9256}.AppStore|x64.ActiveCfg = Release|x64
		{ACEB8BDD-4995-4EE3-9341-697F662E9256}.AppStore|x64.Build.0 = Release|x64
		{ACEB8BDD-4995-4EE3-9341-697F662E9256}.AppStore|x64.Deploy.0 = Release|x64
		{ACEB8BDD-4995-4EE3-9341-697F662E9256}.AppStore|x86.ActiveCfg = Release|x86
		{ACEB8BDD-4995-4EE3-9341-697F662E9256}.AppStore|x86.Build.0 = Release|x86
		{ACEB8BDD-4995-4EE3-9341-697F662E9256}.AppStore|x86.Deploy.0 = Release|x86
		{ACEB8BDD-4995-4EE3-9341-697F662E9256}.Debug|Any CPU.ActiveCfg = Debug|Any CPU
		{ACEB8BDD-4995-4EE3-9341-697F662E9256}.Debug|Any CPU.Build.0 = Debug|Any CPU
		{ACEB8BDD-4995-4EE3-9341-697F662E9256}.Debug|Any CPU.Deploy.0 = Debug|Any CPU
		{ACEB8BDD-4995-4EE3-9341-697F662E9256}.Debug|ARM.ActiveCfg = Debug|ARM
		{ACEB8BDD-4995-4EE3-9341-697F662E9256}.Debug|ARM.Build.0 = Debug|ARM
		{ACEB8BDD-4995-4EE3-9341-697F662E9256}.Debug|ARM.Deploy.0 = Debug|ARM
		{ACEB8BDD-4995-4EE3-9341-697F662E9256}.Debug|iPhone.ActiveCfg = Debug|Any CPU
		{ACEB8BDD-4995-4EE3-9341-697F662E9256}.Debug|iPhone.Build.0 = Debug|Any CPU
		{ACEB8BDD-4995-4EE3-9341-697F662E9256}.Debug|iPhone.Deploy.0 = Debug|Any CPU
		{ACEB8BDD-4995-4EE3-9341-697F662E9256}.Debug|iPhoneSimulator.ActiveCfg = Debug|Any CPU
		{ACEB8BDD-4995-4EE3-9341-697F662E9256}.Debug|iPhoneSimulator.Build.0 = Debug|Any CPU
		{ACEB8BDD-4995-4EE3-9341-697F662E9256}.Debug|iPhoneSimulator.Deploy.0 = Debug|Any CPU
		{ACEB8BDD-4995-4EE3-9341-697F662E9256}.Debug|x64.ActiveCfg = Debug|x64
		{ACEB8BDD-4995-4EE3-9341-697F662E9256}.Debug|x64.Build.0 = Debug|x64
		{ACEB8BDD-4995-4EE3-9341-697F662E9256}.Debug|x64.Deploy.0 = Debug|x64
		{ACEB8BDD-4995-4EE3-9341-697F662E9256}.Debug|x86.ActiveCfg = Debug|x86
		{ACEB8BDD-4995-4EE3-9341-697F662E9256}.Debug|x86.Build.0 = Debug|x86
		{ACEB8BDD-4995-4EE3-9341-697F662E9256}.Debug|x86.Deploy.0 = Debug|x86
		{ACEB8BDD-4995-4EE3-9341-697F662E9256}.Release|Any CPU.ActiveCfg = Release|Any CPU
		{ACEB8BDD-4995-4EE3-9341-697F662E9256}.Release|Any CPU.Build.0 = Release|Any CPU
		{ACEB8BDD-4995-4EE3-9341-697F662E9256}.Release|Any CPU.Deploy.0 = Release|Any CPU
		{ACEB8BDD-4995-4EE3-9341-697F662E9256}.Release|ARM.ActiveCfg = Release|ARM
		{ACEB8BDD-4995-4EE3-9341-697F662E9256}.Release|ARM.Build.0 = Release|ARM
		{ACEB8BDD-4995-4EE3-9341-697F662E9256}.Release|ARM.Deploy.0 = Release|ARM
		{ACEB8BDD-4995-4EE3-9341-697F662E9256}.Release|iPhone.ActiveCfg = Release|Any CPU
		{ACEB8BDD-4995-4EE3-9341-697F662E9256}.Release|iPhone.Build.0 = Release|Any CPU
		{ACEB8BDD-4995-4EE3-9341-697F662E9256}.Release|iPhone.Deploy.0 = Release|Any CPU
		{ACEB8BDD-4995-4EE3-9341-697F662E9256}.Release|iPhoneSimulator.ActiveCfg = Release|Any CPU
		{ACEB8BDD-4995-4EE3-9341-697F662E9256}.Release|iPhoneSimulator.Build.0 = Release|Any CPU
		{ACEB8BDD-4995-4EE3-9341-697F662E9256}.Release|iPhoneSimulator.Deploy.0 = Release|Any CPU
		{ACEB8BDD-4995-4EE3-9341-697F662E9256}.Release|x64.ActiveCfg = Release|x64
		{ACEB8BDD-4995-4EE3-9341-697F662E9256}.Release|x64.Build.0 = Release|x64
		{ACEB8BDD-4995-4EE3-9341-697F662E9256}.Release|x64.Deploy.0 = Release|x64
		{ACEB8BDD-4995-4EE3-9341-697F662E9256}.Release|x86.ActiveCfg = Release|x86
		{ACEB8BDD-4995-4EE3-9341-697F662E9256}.Release|x86.Build.0 = Release|x86
		{ACEB8BDD-4995-4EE3-9341-697F662E9256}.Release|x86.Deploy.0 = Release|x86
	EndGlobalSection
	GlobalSection(SolutionProperties) = preSolution
		HideSolutionNode = FALSE
	EndGlobalSection
EndGlobal
