
Microsoft Visual Studio Solution File, Format Version 12.00
# Visual Studio 14
VisualStudioVersion = 14.0.25420.1
MinimumVisualStudioVersion = 10.0.40219.1
Project("{FAE04EC0-301F-11D3-BF4B-00C04F79EFBC}") = "MHG.Sample.CustomFont", "MHG.Sample.CustomFont\MHG.Sample.CustomFont\MHG.Sample.CustomFont.csproj", "{A3F9ADD2-7E6E-40CB-B0B0-35543DADB5F5}"
EndProject
Project("{FAE04EC0-301F-11D3-BF4B-00C04F79EFBC}") = "MHG.Sample.CustomFont.Droid", "MHG.Sample.CustomFont\MHG.Sample.CustomFont.Droid\MHG.Sample.CustomFont.Droid.csproj", "{381B9996-E982-4226-ADE9-D30E0F1FF7C3}"
EndProject
Project("{FAE04EC0-301F-11D3-BF4B-00C04F79EFBC}") = "MHG.Sample.CustomFont.iOS", "MHG.Sample.CustomFont\MHG.Sample.CustomFont.iOS\MHG.Sample.CustomFont.iOS.csproj", "{88D993D1-A7F6-4D50-9500-3188C5DCB2F4}"
EndProject
Project("{FAE04EC0-301F-11D3-BF4B-00C04F79EFBC}") = "MHG.Sample.CustomFont.WinPhone", "MHG.Sample.CustomFont\MHG.Sample.CustomFont.WinPhone\MHG.Sample.CustomFont.WinPhone.csproj", "{A7597952-D2AF-4C93-9829-6C4AA6CBA588}"
EndProject
Project("{FAE04EC0-301F-11D3-BF4B-00C04F79EFBC}") = "MHG.Sample.CustomFont.UWP", "MHG.Sample.CustomFont\MHG.Sample.CustomFont.UWP\MHG.Sample.CustomFont.UWP.csproj", "{1446372F-3607-42EA-8613-2466EBC05BD9}"
EndProject
Project("{FAE04EC0-301F-11D3-BF4B-00C04F79EFBC}") = "MHG.Sample.CustomFont.Windows", "MHG.Sample.CustomFont\MHG.Sample.CustomFont.Windows\MHG.Sample.CustomFont.Windows.csproj", "{BAA863A5-39CE-41FE-A6EB-586D03D5F033}"
EndProject
Global
	GlobalSection(SolutionConfigurationPlatforms) = preSolution
		Ad-Hoc|Any CPU = Ad-Hoc|Any CPU
		Ad-Hoc|ARM = Ad-Hoc|ARM
		Ad-Hoc|iPhone = Ad-Hoc|iPhone
		Ad-Hoc|iPhoneSimulator = Ad-Hoc|iPhoneSimulator
		Ad-Hoc|x64 = Ad-Hoc|x64
		Ad-Hoc|x86 = Ad-Hoc|x86
		AppStore|Any CPU = AppStore|Any CPU
		AppStore|ARM = AppStore|ARM
		AppStore|iPhone = AppStore|iPhone
		AppStore|iPhoneSimulator = AppStore|iPhoneSimulator
		AppStore|x64 = AppStore|x64
		AppStore|x86 = AppStore|x86
		Debug|Any CPU = Debug|Any CPU
		Debug|ARM = Debug|ARM
		Debug|iPhone = Debug|iPhone
		Debug|iPhoneSimulator = Debug|iPhoneSimulator
		Debug|x64 = Debug|x64
		Debug|x86 = Debug|x86
		Release|Any CPU = Release|Any CPU
		Release|ARM = Release|ARM
		Release|iPhone = Release|iPhone
		Release|iPhoneSimulator = Release|iPhoneSimulator
		Release|x64 = Release|x64
		Release|x86 = Release|x86
	EndGlobalSection
	GlobalSection(ProjectConfigurationPlatforms) = postSolution
		{A3F9ADD2-7E6E-40CB-B0B0-35543DADB5F5}.Ad-Hoc|Any CPU.ActiveCfg = Release|Any CPU
		{A3F9ADD2-7E6E-40CB-B0B0-35543DADB5F5}.Ad-Hoc|Any CPU.Build.0 = Release|Any CPU
		{A3F9ADD2-7E6E-40CB-B0B0-35543DADB5F5}.Ad-Hoc|ARM.ActiveCfg = Release|Any CPU
		{A3F9ADD2-7E6E-40CB-B0B0-35543DADB5F5}.Ad-Hoc|ARM.Build.0 = Release|Any CPU
		{A3F9ADD2-7E6E-40CB-B0B0-35543DADB5F5}.Ad-Hoc|iPhone.ActiveCfg = Release|Any CPU
		{A3F9ADD2-7E6E-40CB-B0B0-35543DADB5F5}.Ad-Hoc|iPhone.Build.0 = Release|Any CPU
		{A3F9ADD2-7E6E-40CB-B0B0-35543DADB5F5}.Ad-Hoc|iPhoneSimulator.ActiveCfg = Release|Any CPU
		{A3F9ADD2-7E6E-40CB-B0B0-35543DADB5F5}.Ad-Hoc|iPhoneSimulator.Build.0 = Release|Any CPU
		{A3F9ADD2-7E6E-40CB-B0B0-35543DADB5F5}.Ad-Hoc|x64.ActiveCfg = Release|Any CPU
		{A3F9ADD2-7E6E-40CB-B0B0-35543DADB5F5}.Ad-Hoc|x64.Build.0 = Release|Any CPU
		{A3F9ADD2-7E6E-40CB-B0B0-35543DADB5F5}.Ad-Hoc|x86.ActiveCfg = Release|Any CPU
		{A3F9ADD2-7E6E-40CB-B0B0-35543DADB5F5}.Ad-Hoc|x86.Build.0 = Release|Any CPU
		{A3F9ADD2-7E6E-40CB-B0B0-35543DADB5F5}.AppStore|Any CPU.ActiveCfg = Release|Any CPU
		{A3F9ADD2-7E6E-40CB-B0B0-35543DADB5F5}.AppStore|Any CPU.Build.0 = Release|Any CPU
		{A3F9ADD2-7E6E-40CB-B0B0-35543DADB5F5}.AppStore|ARM.ActiveCfg = Release|Any CPU
		{A3F9ADD2-7E6E-40CB-B0B0-35543DADB5F5}.AppStore|ARM.Build.0 = Release|Any CPU
		{A3F9ADD2-7E6E-40CB-B0B0-35543DADB5F5}.AppStore|iPhone.ActiveCfg = Release|Any CPU
		{A3F9ADD2-7E6E-40CB-B0B0-35543DADB5F5}.AppStore|iPhone.Build.0 = Release|Any CPU
		{A3F9ADD2-7E6E-40CB-B0B0-35543DADB5F5}.AppStore|iPhoneSimulator.ActiveCfg = Release|Any CPU
		{A3F9ADD2-7E6E-40CB-B0B0-35543DADB5F5}.AppStore|iPhoneSimulator.Build.0 = Release|Any CPU
		{A3F9ADD2-7E6E-40CB-B0B0-35543DADB5F5}.AppStore|x64.ActiveCfg = Release|Any CPU
		{A3F9ADD2-7E6E-40CB-B0B0-35543DADB5F5}.AppStore|x64.Build.0 = Release|Any CPU
		{A3F9ADD2-7E6E-40CB-B0B0-35543DADB5F5}.AppStore|x86.ActiveCfg = Release|Any CPU
		{A3F9ADD2-7E6E-40CB-B0B0-35543DADB5F5}.AppStore|x86.Build.0 = Release|Any CPU
		{A3F9ADD2-7E6E-40CB-B0B0-35543DADB5F5}.Debug|Any CPU.ActiveCfg = Debug|Any CPU
		{A3F9ADD2-7E6E-40CB-B0B0-35543DADB5F5}.Debug|Any CPU.Build.0 = Debug|Any CPU
		{A3F9ADD2-7E6E-40CB-B0B0-35543DADB5F5}.Debug|ARM.ActiveCfg = Debug|Any CPU
		{A3F9ADD2-7E6E-40CB-B0B0-35543DADB5F5}.Debug|ARM.Build.0 = Debug|Any CPU
		{A3F9ADD2-7E6E-40CB-B0B0-35543DADB5F5}.Debug|iPhone.ActiveCfg = Debug|Any CPU
		{A3F9ADD2-7E6E-40CB-B0B0-35543DADB5F5}.Debug|iPhone.Build.0 = Debug|Any CPU
		{A3F9ADD2-7E6E-40CB-B0B0-35543DADB5F5}.Debug|iPhoneSimulator.ActiveCfg = Debug|Any CPU
		{A3F9ADD2-7E6E-40CB-B0B0-35543DADB5F5}.Debug|iPhoneSimulator.Build.0 = Debug|Any CPU
		{A3F9ADD2-7E6E-40CB-B0B0-35543DADB5F5}.Debug|x64.ActiveCfg = Debug|Any CPU
		{A3F9ADD2-7E6E-40CB-B0B0-35543DADB5F5}.Debug|x64.Build.0 = Debug|Any CPU
		{A3F9ADD2-7E6E-40CB-B0B0-35543DADB5F5}.Debug|x86.ActiveCfg = Debug|Any CPU
		{A3F9ADD2-7E6E-40CB-B0B0-35543DADB5F5}.Debug|x86.Build.0 = Debug|Any CPU
		{A3F9ADD2-7E6E-40CB-B0B0-35543DADB5F5}.Release|Any CPU.ActiveCfg = Release|Any CPU
		{A3F9ADD2-7E6E-40CB-B0B0-35543DADB5F5}.Release|Any CPU.Build.0 = Release|Any CPU
		{A3F9ADD2-7E6E-40CB-B0B0-35543DADB5F5}.Release|ARM.ActiveCfg = Release|Any CPU
		{A3F9ADD2-7E6E-40CB-B0B0-35543DADB5F5}.Release|ARM.Build.0 = Release|Any CPU
		{A3F9ADD2-7E6E-40CB-B0B0-35543DADB5F5}.Release|iPhone.ActiveCfg = Release|Any CPU
		{A3F9ADD2-7E6E-40CB-B0B0-35543DADB5F5}.Release|iPhone.Build.0 = Release|Any CPU
		{A3F9ADD2-7E6E-40CB-B0B0-35543DADB5F5}.Release|iPhoneSimulator.ActiveCfg = Release|Any CPU
		{A3F9ADD2-7E6E-40CB-B0B0-35543DADB5F5}.Release|iPhoneSimulator.Build.0 = Release|Any CPU
		{A3F9ADD2-7E6E-40CB-B0B0-35543DADB5F5}.Release|x64.ActiveCfg = Release|Any CPU
		{A3F9ADD2-7E6E-40CB-B0B0-35543DADB5F5}.Release|x64.Build.0 = Release|Any CPU
		{A3F9ADD2-7E6E-40CB-B0B0-35543DADB5F5}.Release|x86.ActiveCfg = Release|Any CPU
		{A3F9ADD2-7E6E-40CB-B0B0-35543DADB5F5}.Release|x86.Build.0 = Release|Any CPU
		{381B9996-E982-4226-ADE9-D30E0F1FF7C3}.Ad-Hoc|Any CPU.ActiveCfg = Release|Any CPU
		{381B9996-E982-4226-ADE9-D30E0F1FF7C3}.Ad-Hoc|Any CPU.Build.0 = Release|Any CPU
		{381B9996-E982-4226-ADE9-D30E0F1FF7C3}.Ad-Hoc|Any CPU.Deploy.0 = Release|Any CPU
		{381B9996-E982-4226-ADE9-D30E0F1FF7C3}.Ad-Hoc|ARM.ActiveCfg = Release|Any CPU
		{381B9996-E982-4226-ADE9-D30E0F1FF7C3}.Ad-Hoc|ARM.Build.0 = Release|Any CPU
		{381B9996-E982-4226-ADE9-D30E0F1FF7C3}.Ad-Hoc|ARM.Deploy.0 = Release|Any CPU
		{381B9996-E982-4226-ADE9-D30E0F1FF7C3}.Ad-Hoc|iPhone.ActiveCfg = Release|Any CPU
		{381B9996-E982-4226-ADE9-D30E0F1FF7C3}.Ad-Hoc|iPhone.Build.0 = Release|Any CPU
		{381B9996-E982-4226-ADE9-D30E0F1FF7C3}.Ad-Hoc|iPhone.Deploy.0 = Release|Any CPU
		{381B9996-E982-4226-ADE9-D30E0F1FF7C3}.Ad-Hoc|iPhoneSimulator.ActiveCfg = Release|Any CPU
		{381B9996-E982-4226-ADE9-D30E0F1FF7C3}.Ad-Hoc|iPhoneSimulator.Build.0 = Release|Any CPU
		{381B9996-E982-4226-ADE9-D30E0F1FF7C3}.Ad-Hoc|iPhoneSimulator.Deploy.0 = Release|Any CPU
		{381B9996-E982-4226-ADE9-D30E0F1FF7C3}.Ad-Hoc|x64.ActiveCfg = Release|Any CPU
		{381B9996-E982-4226-ADE9-D30E0F1FF7C3}.Ad-Hoc|x64.Build.0 = Release|Any CPU
		{381B9996-E982-4226-ADE9-D30E0F1FF7C3}.Ad-Hoc|x64.Deploy.0 = Release|Any CPU
		{381B9996-E982-4226-ADE9-D30E0F1FF7C3}.Ad-Hoc|x86.ActiveCfg = Release|Any CPU
		{381B9996-E982-4226-ADE9-D30E0F1FF7C3}.Ad-Hoc|x86.Build.0 = Release|Any CPU
		{381B9996-E982-4226-ADE9-D30E0F1FF7C3}.Ad-Hoc|x86.Deploy.0 = Release|Any CPU
		{381B9996-E982-4226-ADE9-D30E0F1FF7C3}.AppStore|Any CPU.ActiveCfg = Release|Any CPU
		{381B9996-E982-4226-ADE9-D30E0F1FF7C3}.AppStore|Any CPU.Build.0 = Release|Any CPU
		{381B9996-E982-4226-ADE9-D30E0F1FF7C3}.AppStore|Any CPU.Deploy.0 = Release|Any CPU
		{381B9996-E982-4226-ADE9-D30E0F1FF7C3}.AppStore|ARM.ActiveCfg = Release|Any CPU
		{381B9996-E982-4226-ADE9-D30E0F1FF7C3}.AppStore|ARM.Build.0 = Release|Any CPU
		{381B9996-E982-4226-ADE9-D30E0F1FF7C3}.AppStore|ARM.Deploy.0 = Release|Any CPU
		{381B9996-E982-4226-ADE9-D30E0F1FF7C3}.AppStore|iPhone.ActiveCfg = Release|Any CPU
		{381B9996-E982-4226-ADE9-D30E0F1FF7C3}.AppStore|iPhone.Build.0 = Release|Any CPU
		{381B9996-E982-4226-ADE9-D30E0F1FF7C3}.AppStore|iPhone.Deploy.0 = Release|Any CPU
		{381B9996-E982-4226-ADE9-D30E0F1FF7C3}.AppStore|iPhoneSimulator.ActiveCfg = Release|Any CPU
		{381B9996-E982-4226-ADE9-D30E0F1FF7C3}.AppStore|iPhoneSimulator.Build.0 = Release|Any CPU
		{381B9996-E982-4226-ADE9-D30E0F1FF7C3}.AppStore|iPhoneSimulator.Deploy.0 = Release|Any CPU
		{381B9996-E982-4226-ADE9-D30E0F1FF7C3}.AppStore|x64.ActiveCfg = Release|Any CPU
		{381B9996-E982-4226-ADE9-D30E0F1FF7C3}.AppStore|x64.Build.0 = Release|Any CPU
		{381B9996-E982-4226-ADE9-D30E0F1FF7C3}.AppStore|x64.Deploy.0 = Release|Any CPU
		{381B9996-E982-4226-ADE9-D30E0F1FF7C3}.AppStore|x86.ActiveCfg = Release|Any CPU
		{381B9996-E982-4226-ADE9-D30E0F1FF7C3}.AppStore|x86.Build.0 = Release|Any CPU
		{381B9996-E982-4226-ADE9-D30E0F1FF7C3}.AppStore|x86.Deploy.0 = Release|Any CPU
		{381B9996-E982-4226-ADE9-D30E0F1FF7C3}.Debug|Any CPU.ActiveCfg = Debug|Any CPU
		{381B9996-E982-4226-ADE9-D30E0F1FF7C3}.Debug|Any CPU.Build.0 = Debug|Any CPU
		{381B9996-E982-4226-ADE9-D30E0F1FF7C3}.Debug|Any CPU.Deploy.0 = Debug|Any CPU
		{381B9996-E982-4226-ADE9-D30E0F1FF7C3}.Debug|ARM.ActiveCfg = Debug|Any CPU
		{381B9996-E982-4226-ADE9-D30E0F1FF7C3}.Debug|ARM.Build.0 = Debug|Any CPU
		{381B9996-E982-4226-ADE9-D30E0F1FF7C3}.Debug|ARM.Deploy.0 = Debug|Any CPU
		{381B9996-E982-4226-ADE9-D30E0F1FF7C3}.Debug|iPhone.ActiveCfg = Debug|Any CPU
		{381B9996-E982-4226-ADE9-D30E0F1FF7C3}.Debug|iPhone.Build.0 = Debug|Any CPU
		{381B9996-E982-4226-ADE9-D30E0F1FF7C3}.Debug|iPhone.Deploy.0 = Debug|Any CPU
		{381B9996-E982-4226-ADE9-D30E0F1FF7C3}.Debug|iPhoneSimulator.ActiveCfg = Debug|Any CPU
		{381B9996-E982-4226-ADE9-D30E0F1FF7C3}.Debug|iPhoneSimulator.Build.0 = Debug|Any CPU
		{381B9996-E982-4226-ADE9-D30E0F1FF7C3}.Debug|iPhoneSimulator.Deploy.0 = Debug|Any CPU
		{381B9996-E982-4226-ADE9-D30E0F1FF7C3}.Debug|x64.ActiveCfg = Debug|Any CPU
		{381B9996-E982-4226-ADE9-D30E0F1FF7C3}.Debug|x64.Build.0 = Debug|Any CPU
		{381B9996-E982-4226-ADE9-D30E0F1FF7C3}.Debug|x64.Deploy.0 = Debug|Any CPU
		{381B9996-E982-4226-ADE9-D30E0F1FF7C3}.Debug|x86.ActiveCfg = Debug|Any CPU
		{381B9996-E982-4226-ADE9-D30E0F1FF7C3}.Debug|x86.Build.0 = Debug|Any CPU
		{381B9996-E982-4226-ADE9-D30E0F1FF7C3}.Debug|x86.Deploy.0 = Debug|Any CPU
		{381B9996-E982-4226-ADE9-D30E0F1FF7C3}.Release|Any CPU.ActiveCfg = Release|Any CPU
		{381B9996-E982-4226-ADE9-D30E0F1FF7C3}.Release|Any CPU.Build.0 = Release|Any CPU
		{381B9996-E982-4226-ADE9-D30E0F1FF7C3}.Release|Any CPU.Deploy.0 = Release|Any CPU
		{381B9996-E982-4226-ADE9-D30E0F1FF7C3}.Release|ARM.ActiveCfg = Release|Any CPU
		{381B9996-E982-4226-ADE9-D30E0F1FF7C3}.Release|ARM.Build.0 = Release|Any CPU
		{381B9996-E982-4226-ADE9-D30E0F1FF7C3}.Release|ARM.Deploy.0 = Release|Any CPU
		{381B9996-E982-4226-ADE9-D30E0F1FF7C3}.Release|iPhone.ActiveCfg = Release|Any CPU
		{381B9996-E982-4226-ADE9-D30E0F1FF7C3}.Release|iPhone.Build.0 = Release|Any CPU
		{381B9996-E982-4226-ADE9-D30E0F1FF7C3}.Release|iPhone.Deploy.0 = Release|Any CPU
		{381B9996-E982-4226-ADE9-D30E0F1FF7C3}.Release|iPhoneSimulator.ActiveCfg = Release|Any CPU
		{381B9996-E982-4226-ADE9-D30E0F1FF7C3}.Release|iPhoneSimulator.Build.0 = Release|Any CPU
		{381B9996-E982-4226-ADE9-D30E0F1FF7C3}.Release|iPhoneSimulator.Deploy.0 = Release|Any CPU
		{381B9996-E982-4226-ADE9-D30E0F1FF7C3}.Release|x64.ActiveCfg = Release|Any CPU
		{381B9996-E982-4226-ADE9-D30E0F1FF7C3}.Release|x64.Build.0 = Release|Any CPU
		{381B9996-E982-4226-ADE9-D30E0F1FF7C3}.Release|x64.Deploy.0 = Release|Any CPU
		{381B9996-E982-4226-ADE9-D30E0F1FF7C3}.Release|x86.ActiveCfg = Release|Any CPU
		{381B9996-E982-4226-ADE9-D30E0F1FF7C3}.Release|x86.Build.0 = Release|Any CPU
		{381B9996-E982-4226-ADE9-D30E0F1FF7C3}.Release|x86.Deploy.0 = Release|Any CPU
		{88D993D1-A7F6-4D50-9500-3188C5DCB2F4}.Ad-Hoc|Any CPU.ActiveCfg = Ad-Hoc|iPhone
		{88D993D1-A7F6-4D50-9500-3188C5DCB2F4}.Ad-Hoc|ARM.ActiveCfg = Ad-Hoc|iPhone
		{88D993D1-A7F6-4D50-9500-3188C5DCB2F4}.Ad-Hoc|iPhone.ActiveCfg = Ad-Hoc|iPhone
		{88D993D1-A7F6-4D50-9500-3188C5DCB2F4}.Ad-Hoc|iPhone.Build.0 = Ad-Hoc|iPhone
		{88D993D1-A7F6-4D50-9500-3188C5DCB2F4}.Ad-Hoc|iPhoneSimulator.ActiveCfg = Ad-Hoc|iPhoneSimulator
		{88D993D1-A7F6-4D50-9500-3188C5DCB2F4}.Ad-Hoc|iPhoneSimulator.Build.0 = Ad-Hoc|iPhoneSimulator
		{88D993D1-A7F6-4D50-9500-3188C5DCB2F4}.Ad-Hoc|x64.ActiveCfg = Ad-Hoc|iPhone
		{88D993D1-A7F6-4D50-9500-3188C5DCB2F4}.Ad-Hoc|x86.ActiveCfg = Ad-Hoc|iPhone
		{88D993D1-A7F6-4D50-9500-3188C5DCB2F4}.AppStore|Any CPU.ActiveCfg = AppStore|iPhone
		{88D993D1-A7F6-4D50-9500-3188C5DCB2F4}.AppStore|ARM.ActiveCfg = AppStore|iPhone
		{88D993D1-A7F6-4D50-9500-3188C5DCB2F4}.AppStore|iPhone.ActiveCfg = AppStore|iPhone
		{88D993D1-A7F6-4D50-9500-3188C5DCB2F4}.AppStore|iPhone.Build.0 = AppStore|iPhone
		{88D993D1-A7F6-4D50-9500-3188C5DCB2F4}.AppStore|iPhoneSimulator.ActiveCfg = AppStore|iPhoneSimulator
		{88D993D1-A7F6-4D50-9500-3188C5DCB2F4}.AppStore|iPhoneSimulator.Build.0 = AppStore|iPhoneSimulator
		{88D993D1-A7F6-4D50-9500-3188C5DCB2F4}.AppStore|x64.ActiveCfg = AppStore|iPhone
		{88D993D1-A7F6-4D50-9500-3188C5DCB2F4}.AppStore|x86.ActiveCfg = AppStore|iPhone
		{88D993D1-A7F6-4D50-9500-3188C5DCB2F4}.Debug|Any CPU.ActiveCfg = Debug|iPhone
		{88D993D1-A7F6-4D50-9500-3188C5DCB2F4}.Debug|ARM.ActiveCfg = Debug|iPhone
		{88D993D1-A7F6-4D50-9500-3188C5DCB2F4}.Debug|iPhone.ActiveCfg = Debug|iPhone
		{88D993D1-A7F6-4D50-9500-3188C5DCB2F4}.Debug|iPhone.Build.0 = Debug|iPhone
		{88D993D1-A7F6-4D50-9500-3188C5DCB2F4}.Debug|iPhoneSimulator.ActiveCfg = Debug|iPhoneSimulator
		{88D993D1-A7F6-4D50-9500-3188C5DCB2F4}.Debug|iPhoneSimulator.Build.0 = Debug|iPhoneSimulator
		{88D993D1-A7F6-4D50-9500-3188C5DCB2F4}.Debug|x64.ActiveCfg = Debug|iPhone
		{88D993D1-A7F6-4D50-9500-3188C5DCB2F4}.Debug|x86.ActiveCfg = Debug|iPhone
		{88D993D1-A7F6-4D50-9500-3188C5DCB2F4}.Release|Any CPU.ActiveCfg = Release|iPhone
		{88D993D1-A7F6-4D50-9500-3188C5DCB2F4}.Release|ARM.ActiveCfg = Release|iPhone
		{88D993D1-A7F6-4D50-9500-3188C5DCB2F4}.Release|iPhone.ActiveCfg = Release|iPhone
		{88D993D1-A7F6-4D50-9500-3188C5DCB2F4}.Release|iPhone.Build.0 = Release|iPhone
		{88D993D1-A7F6-4D50-9500-3188C5DCB2F4}.Release|iPhoneSimulator.ActiveCfg = Release|iPhoneSimulator
		{88D993D1-A7F6-4D50-9500-3188C5DCB2F4}.Release|iPhoneSimulator.Build.0 = Release|iPhoneSimulator
		{88D993D1-A7F6-4D50-9500-3188C5DCB2F4}.Release|x64.ActiveCfg = Release|iPhone
		{88D993D1-A7F6-4D50-9500-3188C5DCB2F4}.Release|x86.ActiveCfg = Release|iPhone
		{A7597952-D2AF-4C93-9829-6C4AA6CBA588}.Ad-Hoc|Any CPU.ActiveCfg = Release|Any CPU
		{A7597952-D2AF-4C93-9829-6C4AA6CBA588}.Ad-Hoc|Any CPU.Build.0 = Release|Any CPU
		{A7597952-D2AF-4C93-9829-6C4AA6CBA588}.Ad-Hoc|Any CPU.Deploy.0 = Release|Any CPU
		{A7597952-D2AF-4C93-9829-6C4AA6CBA588}.Ad-Hoc|ARM.ActiveCfg = Release|ARM
		{A7597952-D2AF-4C93-9829-6C4AA6CBA588}.Ad-Hoc|ARM.Build.0 = Release|ARM
		{A7597952-D2AF-4C93-9829-6C4AA6CBA588}.Ad-Hoc|ARM.Deploy.0 = Release|ARM
		{A7597952-D2AF-4C93-9829-6C4AA6CBA588}.Ad-Hoc|iPhone.ActiveCfg = Release|Any CPU
		{A7597952-D2AF-4C93-9829-6C4AA6CBA588}.Ad-Hoc|iPhone.Build.0 = Release|Any CPU
		{A7597952-D2AF-4C93-9829-6C4AA6CBA588}.Ad-Hoc|iPhone.Deploy.0 = Release|Any CPU
		{A7597952-D2AF-4C93-9829-6C4AA6CBA588}.Ad-Hoc|iPhoneSimulator.ActiveCfg = Release|Any CPU
		{A7597952-D2AF-4C93-9829-6C4AA6CBA588}.Ad-Hoc|iPhoneSimulator.Build.0 = Release|Any CPU
		{A7597952-D2AF-4C93-9829-6C4AA6CBA588}.Ad-Hoc|iPhoneSimulator.Deploy.0 = Release|Any CPU
		{A7597952-D2AF-4C93-9829-6C4AA6CBA588}.Ad-Hoc|x64.ActiveCfg = Release|Any CPU
		{A7597952-D2AF-4C93-9829-6C4AA6CBA588}.Ad-Hoc|x64.Build.0 = Release|Any CPU
		{A7597952-D2AF-4C93-9829-6C4AA6CBA588}.Ad-Hoc|x64.Deploy.0 = Release|Any CPU
		{A7597952-D2AF-4C93-9829-6C4AA6CBA588}.Ad-Hoc|x86.ActiveCfg = Release|x86
		{A7597952-D2AF-4C93-9829-6C4AA6CBA588}.Ad-Hoc|x86.Build.0 = Release|x86
		{A7597952-D2AF-4C93-9829-6C4AA6CBA588}.Ad-Hoc|x86.Deploy.0 = Release|x86
		{A7597952-D2AF-4C93-9829-6C4AA6CBA588}.AppStore|Any CPU.ActiveCfg = Release|Any CPU
		{A7597952-D2AF-4C93-9829-6C4AA6CBA588}.AppStore|Any CPU.Build.0 = Release|Any CPU
		{A7597952-D2AF-4C93-9829-6C4AA6CBA588}.AppStore|Any CPU.Deploy.0 = Release|Any CPU
		{A7597952-D2AF-4C93-9829-6C4AA6CBA588}.AppStore|ARM.ActiveCfg = Release|ARM
		{A7597952-D2AF-4C93-9829-6C4AA6CBA588}.AppStore|ARM.Build.0 = Release|ARM
		{A7597952-D2AF-4C93-9829-6C4AA6CBA588}.AppStore|ARM.Deploy.0 = Release|ARM
		{A7597952-D2AF-4C93-9829-6C4AA6CBA588}.AppStore|iPhone.ActiveCfg = Release|Any CPU
		{A7597952-D2AF-4C93-9829-6C4AA6CBA588}.AppStore|iPhone.Build.0 = Release|Any CPU
		{A7597952-D2AF-4C93-9829-6C4AA6CBA588}.AppStore|iPhone.Deploy.0 = Release|Any CPU
		{A7597952-D2AF-4C93-9829-6C4AA6CBA588}.AppStore|iPhoneSimulator.ActiveCfg = Release|Any CPU
		{A7597952-D2AF-4C93-9829-6C4AA6CBA588}.AppStore|iPhoneSimulator.Build.0 = Release|Any CPU
		{A7597952-D2AF-4C93-9829-6C4AA6CBA588}.AppStore|iPhoneSimulator.Deploy.0 = Release|Any CPU
		{A7597952-D2AF-4C93-9829-6C4AA6CBA588}.AppStore|x64.ActiveCfg = Release|Any CPU
		{A7597952-D2AF-4C93-9829-6C4AA6CBA588}.AppStore|x64.Build.0 = Release|Any CPU
		{A7597952-D2AF-4C93-9829-6C4AA6CBA588}.AppStore|x64.Deploy.0 = Release|Any CPU
		{A7597952-D2AF-4C93-9829-6C4AA6CBA588}.AppStore|x86.ActiveCfg = Release|x86
		{A7597952-D2AF-4C93-9829-6C4AA6CBA588}.AppStore|x86.Build.0 = Release|x86
		{A7597952-D2AF-4C93-9829-6C4AA6CBA588}.AppStore|x86.Deploy.0 = Release|x86
		{A7597952-D2AF-4C93-9829-6C4AA6CBA588}.Debug|Any CPU.ActiveCfg = Debug|Any CPU
		{A7597952-D2AF-4C93-9829-6C4AA6CBA588}.Debug|Any CPU.Build.0 = Debug|Any CPU
		{A7597952-D2AF-4C93-9829-6C4AA6CBA588}.Debug|Any CPU.Deploy.0 = Debug|Any CPU
		{A7597952-D2AF-4C93-9829-6C4AA6CBA588}.Debug|ARM.ActiveCfg = Debug|ARM
		{A7597952-D2AF-4C93-9829-6C4AA6CBA588}.Debug|ARM.Build.0 = Debug|ARM
		{A7597952-D2AF-4C93-9829-6C4AA6CBA588}.Debug|ARM.Deploy.0 = Debug|ARM
		{A7597952-D2AF-4C93-9829-6C4AA6CBA588}.Debug|iPhone.ActiveCfg = Debug|Any CPU
		{A7597952-D2AF-4C93-9829-6C4AA6CBA588}.Debug|iPhone.Build.0 = Debug|Any CPU
		{A7597952-D2AF-4C93-9829-6C4AA6CBA588}.Debug|iPhone.Deploy.0 = Debug|Any CPU
		{A7597952-D2AF-4C93-9829-6C4AA6CBA588}.Debug|iPhoneSimulator.ActiveCfg = Debug|Any CPU
		{A7597952-D2AF-4C93-9829-6C4AA6CBA588}.Debug|iPhoneSimulator.Build.0 = Debug|Any CPU
		{A7597952-D2AF-4C93-9829-6C4AA6CBA588}.Debug|iPhoneSimulator.Deploy.0 = Debug|Any CPU
		{A7597952-D2AF-4C93-9829-6C4AA6CBA588}.Debug|x64.ActiveCfg = Debug|Any CPU
		{A7597952-D2AF-4C93-9829-6C4AA6CBA588}.Debug|x64.Build.0 = Debug|Any CPU
		{A7597952-D2AF-4C93-9829-6C4AA6CBA588}.Debug|x64.Deploy.0 = Debug|Any CPU
		{A7597952-D2AF-4C93-9829-6C4AA6CBA588}.Debug|x86.ActiveCfg = Debug|x86
		{A7597952-D2AF-4C93-9829-6C4AA6CBA588}.Debug|x86.Build.0 = Debug|x86
		{A7597952-D2AF-4C93-9829-6C4AA6CBA588}.Debug|x86.Deploy.0 = Debug|x86
		{A7597952-D2AF-4C93-9829-6C4AA6CBA588}.Release|Any CPU.ActiveCfg = Release|Any CPU
		{A7597952-D2AF-4C93-9829-6C4AA6CBA588}.Release|Any CPU.Build.0 = Release|Any CPU
		{A7597952-D2AF-4C93-9829-6C4AA6CBA588}.Release|Any CPU.Deploy.0 = Release|Any CPU
		{A7597952-D2AF-4C93-9829-6C4AA6CBA588}.Release|ARM.ActiveCfg = Release|ARM
		{A7597952-D2AF-4C93-9829-6C4AA6CBA588}.Release|ARM.Build.0 = Release|ARM
		{A7597952-D2AF-4C93-9829-6C4AA6CBA588}.Release|ARM.Deploy.0 = Release|ARM
		{A7597952-D2AF-4C93-9829-6C4AA6CBA588}.Release|iPhone.ActiveCfg = Release|Any CPU
		{A7597952-D2AF-4C93-9829-6C4AA6CBA588}.Release|iPhone.Build.0 = Release|Any CPU
		{A7597952-D2AF-4C93-9829-6C4AA6CBA588}.Release|iPhone.Deploy.0 = Release|Any CPU
		{A7597952-D2AF-4C93-9829-6C4AA6CBA588}.Release|iPhoneSimulator.ActiveCfg = Release|Any CPU
		{A7597952-D2AF-4C93-9829-6C4AA6CBA588}.Release|iPhoneSimulator.Build.0 = Release|Any CPU
		{A7597952-D2AF-4C93-9829-6C4AA6CBA588}.Release|iPhoneSimulator.Deploy.0 = Release|Any CPU
		{A7597952-D2AF-4C93-9829-6C4AA6CBA588}.Release|x64.ActiveCfg = Release|Any CPU
		{A7597952-D2AF-4C93-9829-6C4AA6CBA588}.Release|x64.Build.0 = Release|Any CPU
		{A7597952-D2AF-4C93-9829-6C4AA6CBA588}.Release|x64.Deploy.0 = Release|Any CPU
		{A7597952-D2AF-4C93-9829-6C4AA6CBA588}.Release|x86.ActiveCfg = Release|x86
		{A7597952-D2AF-4C93-9829-6C4AA6CBA588}.Release|x86.Build.0 = Release|x86
		{A7597952-D2AF-4C93-9829-6C4AA6CBA588}.Release|x86.Deploy.0 = Release|x86
		{1446372F-3607-42EA-8613-2466EBC05BD9}.Ad-Hoc|Any CPU.ActiveCfg = Release|x86
		{1446372F-3607-42EA-8613-2466EBC05BD9}.Ad-Hoc|Any CPU.Build.0 = Release|x86
		{1446372F-3607-42EA-8613-2466EBC05BD9}.Ad-Hoc|Any CPU.Deploy.0 = Release|x86
		{1446372F-3607-42EA-8613-2466EBC05BD9}.Ad-Hoc|ARM.ActiveCfg = Release|ARM
		{1446372F-3607-42EA-8613-2466EBC05BD9}.Ad-Hoc|ARM.Build.0 = Release|ARM
		{1446372F-3607-42EA-8613-2466EBC05BD9}.Ad-Hoc|ARM.Deploy.0 = Release|ARM
		{1446372F-3607-42EA-8613-2466EBC05BD9}.Ad-Hoc|iPhone.ActiveCfg = Release|x86
		{1446372F-3607-42EA-8613-2466EBC05BD9}.Ad-Hoc|iPhone.Build.0 = Release|x86
		{1446372F-3607-42EA-8613-2466EBC05BD9}.Ad-Hoc|iPhone.Deploy.0 = Release|x86
		{1446372F-3607-42EA-8613-2466EBC05BD9}.Ad-Hoc|iPhoneSimulator.ActiveCfg = Release|x86
		{1446372F-3607-42EA-8613-2466EBC05BD9}.Ad-Hoc|iPhoneSimulator.Build.0 = Release|x86
		{1446372F-3607-42EA-8613-2466EBC05BD9}.Ad-Hoc|iPhoneSimulator.Deploy.0 = Release|x86
		{1446372F-3607-42EA-8613-2466EBC05BD9}.Ad-Hoc|x64.ActiveCfg = Release|x64
		{1446372F-3607-42EA-8613-2466EBC05BD9}.Ad-Hoc|x64.Build.0 = Release|x64
		{1446372F-3607-42EA-8613-2466EBC05BD9}.Ad-Hoc|x64.Deploy.0 = Release|x64
		{1446372F-3607-42EA-8613-2466EBC05BD9}.Ad-Hoc|x86.ActiveCfg = Release|x86
		{1446372F-3607-42EA-8613-2466EBC05BD9}.Ad-Hoc|x86.Build.0 = Release|x86
		{1446372F-3607-42EA-8613-2466EBC05BD9}.Ad-Hoc|x86.Deploy.0 = Release|x86
		{1446372F-3607-42EA-8613-2466EBC05BD9}.AppStore|Any CPU.ActiveCfg = Release|x86
		{1446372F-3607-42EA-8613-2466EBC05BD9}.AppStore|Any CPU.Build.0 = Release|x86
		{1446372F-3607-42EA-8613-2466EBC05BD9}.AppStore|Any CPU.Deploy.0 = Release|x86
		{1446372F-3607-42EA-8613-2466EBC05BD9}.AppStore|ARM.ActiveCfg = Release|ARM
		{1446372F-3607-42EA-8613-2466EBC05BD9}.AppStore|ARM.Build.0 = Release|ARM
		{1446372F-3607-42EA-8613-2466EBC05BD9}.AppStore|ARM.Deploy.0 = Release|ARM
		{1446372F-3607-42EA-8613-2466EBC05BD9}.AppStore|iPhone.ActiveCfg = Release|x86
		{1446372F-3607-42EA-8613-2466EBC05BD9}.AppStore|iPhone.Build.0 = Release|x86
		{1446372F-3607-42EA-8613-2466EBC05BD9}.AppStore|iPhone.Deploy.0 = Release|x86
		{1446372F-3607-42EA-8613-2466EBC05BD9}.AppStore|iPhoneSimulator.ActiveCfg = Release|x86
		{1446372F-3607-42EA-8613-2466EBC05BD9}.AppStore|iPhoneSimulator.Build.0 = Release|x86
		{1446372F-3607-42EA-8613-2466EBC05BD9}.AppStore|iPhoneSimulator.Deploy.0 = Release|x86
		{1446372F-3607-42EA-8613-2466EBC05BD9}.AppStore|x64.ActiveCfg = Release|x64
		{1446372F-3607-42EA-8613-2466EBC05BD9}.AppStore|x64.Build.0 = Release|x64
		{1446372F-3607-42EA-8613-2466EBC05BD9}.AppStore|x64.Deploy.0 = Release|x64
		{1446372F-3607-42EA-8613-2466EBC05BD9}.AppStore|x86.ActiveCfg = Release|x86
		{1446372F-3607-42EA-8613-2466EBC05BD9}.AppStore|x86.Build.0 = Release|x86
		{1446372F-3607-42EA-8613-2466EBC05BD9}.AppStore|x86.Deploy.0 = Release|x86
		{1446372F-3607-42EA-8613-2466EBC05BD9}.Debug|Any CPU.ActiveCfg = Debug|x86
		{1446372F-3607-42EA-8613-2466EBC05BD9}.Debug|ARM.ActiveCfg = Debug|ARM
		{1446372F-3607-42EA-8613-2466EBC05BD9}.Debug|ARM.Build.0 = Debug|ARM
		{1446372F-3607-42EA-8613-2466EBC05BD9}.Debug|ARM.Deploy.0 = Debug|ARM
		{1446372F-3607-42EA-8613-2466EBC05BD9}.Debug|iPhone.ActiveCfg = Debug|x86
		{1446372F-3607-42EA-8613-2466EBC05BD9}.Debug|iPhoneSimulator.ActiveCfg = Debug|x86
		{1446372F-3607-42EA-8613-2466EBC05BD9}.Debug|x64.ActiveCfg = Debug|x64
		{1446372F-3607-42EA-8613-2466EBC05BD9}.Debug|x64.Build.0 = Debug|x64
		{1446372F-3607-42EA-8613-2466EBC05BD9}.Debug|x64.Deploy.0 = Debug|x64
		{1446372F-3607-42EA-8613-2466EBC05BD9}.Debug|x86.ActiveCfg = Debug|x86
		{1446372F-3607-42EA-8613-2466EBC05BD9}.Debug|x86.Build.0 = Debug|x86
		{1446372F-3607-42EA-8613-2466EBC05BD9}.Debug|x86.Deploy.0 = Debug|x86
		{1446372F-3607-42EA-8613-2466EBC05BD9}.Release|Any CPU.ActiveCfg = Release|x86
		{1446372F-3607-42EA-8613-2466EBC05BD9}.Release|ARM.ActiveCfg = Release|ARM
		{1446372F-3607-42EA-8613-2466EBC05BD9}.Release|ARM.Build.0 = Release|ARM
		{1446372F-3607-42EA-8613-2466EBC05BD9}.Release|ARM.Deploy.0 = Release|ARM
		{1446372F-3607-42EA-8613-2466EBC05BD9}.Release|iPhone.ActiveCfg = Release|x86
		{1446372F-3607-42EA-8613-2466EBC05BD9}.Release|iPhoneSimulator.ActiveCfg = Release|x86
		{1446372F-3607-42EA-8613-2466EBC05BD9}.Release|x64.ActiveCfg = Release|x64
		{1446372F-3607-42EA-8613-2466EBC05BD9}.Release|x64.Build.0 = Release|x64
		{1446372F-3607-42EA-8613-2466EBC05BD9}.Release|x64.Deploy.0 = Release|x64
		{1446372F-3607-42EA-8613-2466EBC05BD9}.Release|x86.ActiveCfg = Release|x86
		{1446372F-3607-42EA-8613-2466EBC05BD9}.Release|x86.Build.0 = Release|x86
		{1446372F-3607-42EA-8613-2466EBC05BD9}.Release|x86.Deploy.0 = Release|x86
		{BAA863A5-39CE-41FE-A6EB-586D03D5F033}.Ad-Hoc|Any CPU.ActiveCfg = Release|Any CPU
		{BAA863A5-39CE-41FE-A6EB-586D03D5F033}.Ad-Hoc|Any CPU.Build.0 = Release|Any CPU
		{BAA863A5-39CE-41FE-A6EB-586D03D5F033}.Ad-Hoc|Any CPU.Deploy.0 = Release|Any CPU
		{BAA863A5-39CE-41FE-A6EB-586D03D5F033}.Ad-Hoc|ARM.ActiveCfg = Release|ARM
		{BAA863A5-39CE-41FE-A6EB-586D03D5F033}.Ad-Hoc|ARM.Build.0 = Release|ARM
		{BAA863A5-39CE-41FE-A6EB-586D03D5F033}.Ad-Hoc|ARM.Deploy.0 = Release|ARM
		{BAA863A5-39CE-41FE-A6EB-586D03D5F033}.Ad-Hoc|iPhone.ActiveCfg = Release|Any CPU
		{BAA863A5-39CE-41FE-A6EB-586D03D5F033}.Ad-Hoc|iPhone.Build.0 = Release|Any CPU
		{BAA863A5-39CE-41FE-A6EB-586D03D5F033}.Ad-Hoc|iPhone.Deploy.0 = Release|Any CPU
		{BAA863A5-39CE-41FE-A6EB-586D03D5F033}.Ad-Hoc|iPhoneSimulator.ActiveCfg = Release|Any CPU
		{BAA863A5-39CE-41FE-A6EB-586D03D5F033}.Ad-Hoc|iPhoneSimulator.Build.0 = Release|Any CPU
		{BAA863A5-39CE-41FE-A6EB-586D03D5F033}.Ad-Hoc|iPhoneSimulator.Deploy.0 = Release|Any CPU
		{BAA863A5-39CE-41FE-A6EB-586D03D5F033}.Ad-Hoc|x64.ActiveCfg = Release|x64
		{BAA863A5-39CE-41FE-A6EB-586D03D5F033}.Ad-Hoc|x64.Build.0 = Release|x64
		{BAA863A5-39CE-41FE-A6EB-586D03D5F033}.Ad-Hoc|x64.Deploy.0 = Release|x64
		{BAA863A5-39CE-41FE-A6EB-586D03D5F033}.Ad-Hoc|x86.ActiveCfg = Release|x86
		{BAA863A5-39CE-41FE-A6EB-586D03D5F033}.Ad-Hoc|x86.Build.0 = Release|x86
		{BAA863A5-39CE-41FE-A6EB-586D03D5F033}.Ad-Hoc|x86.Deploy.0 = Release|x86
		{BAA863A5-39CE-41FE-A6EB-586D03D5F033}.AppStore|Any CPU.ActiveCfg = Release|Any CPU
		{BAA863A5-39CE-41FE-A6EB-586D03D5F033}.AppStore|Any CPU.Build.0 = Release|Any CPU
		{BAA863A5-39CE-41FE-A6EB-586D03D5F033}.AppStore|Any CPU.Deploy.0 = Release|Any CPU
		{BAA863A5-39CE-41FE-A6EB-586D03D5F033}.AppStore|ARM.ActiveCfg = Release|ARM
		{BAA863A5-39CE-41FE-A6EB-586D03D5F033}.AppStore|ARM.Build.0 = Release|ARM
		{BAA863A5-39CE-41FE-A6EB-586D03D5F033}.AppStore|ARM.Deploy.0 = Release|ARM
		{BAA863A5-39CE-41FE-A6EB-586D03D5F033}.AppStore|iPhone.ActiveCfg = Release|Any CPU
		{BAA863A5-39CE-41FE-A6EB-586D03D5F033}.AppStore|iPhone.Build.0 = Release|Any CPU
		{BAA863A5-39CE-41FE-A6EB-586D03D5F033}.AppStore|iPhone.Deploy.0 = Release|Any CPU
		{BAA863A5-39CE-41FE-A6EB-586D03D5F033}.AppStore|iPhoneSimulator.ActiveCfg = Release|Any CPU
		{BAA863A5-39CE-41FE-A6EB-586D03D5F033}.AppStore|iPhoneSimulator.Build.0 = Release|Any CPU
		{BAA863A5-39CE-41FE-A6EB-586D03D5F033}.AppStore|iPhoneSimulator.Deploy.0 = Release|Any CPU
		{BAA863A5-39CE-41FE-A6EB-586D03D5F033}.AppStore|x64.ActiveCfg = Release|x64
		{BAA863A5-39CE-41FE-A6EB-586D03D5F033}.AppStore|x64.Build.0 = Release|x64
		{BAA863A5-39CE-41FE-A6EB-586D03D5F033}.AppStore|x64.Deploy.0 = Release|x64
		{BAA863A5-39CE-41FE-A6EB-586D03D5F033}.AppStore|x86.ActiveCfg = Release|x86
		{BAA863A5-39CE-41FE-A6EB-586D03D5F033}.AppStore|x86.Build.0 = Release|x86
		{BAA863A5-39CE-41FE-A6EB-586D03D5F033}.AppStore|x86.Deploy.0 = Release|x86
		{BAA863A5-39CE-41FE-A6EB-586D03D5F033}.Debug|Any CPU.ActiveCfg = Debug|Any CPU
		{BAA863A5-39CE-41FE-A6EB-586D03D5F033}.Debug|Any CPU.Build.0 = Debug|Any CPU
		{BAA863A5-39CE-41FE-A6EB-586D03D5F033}.Debug|Any CPU.Deploy.0 = Debug|Any CPU
		{BAA863A5-39CE-41FE-A6EB-586D03D5F033}.Debug|ARM.ActiveCfg = Debug|ARM
		{BAA863A5-39CE-41FE-A6EB-586D03D5F033}.Debug|ARM.Build.0 = Debug|ARM
		{BAA863A5-39CE-41FE-A6EB-586D03D5F033}.Debug|ARM.Deploy.0 = Debug|ARM
		{BAA863A5-39CE-41FE-A6EB-586D03D5F033}.Debug|iPhone.ActiveCfg = Debug|Any CPU
		{BAA863A5-39CE-41FE-A6EB-586D03D5F033}.Debug|iPhone.Build.0 = Debug|Any CPU
		{BAA863A5-39CE-41FE-A6EB-586D03D5F033}.Debug|iPhone.Deploy.0 = Debug|Any CPU
		{BAA863A5-39CE-41FE-A6EB-586D03D5F033}.Debug|iPhoneSimulator.ActiveCfg = Debug|Any CPU
		{BAA863A5-39CE-41FE-A6EB-586D03D5F033}.Debug|iPhoneSimulator.Build.0 = Debug|Any CPU
		{BAA863A5-39CE-41FE-A6EB-586D03D5F033}.Debug|iPhoneSimulator.Deploy.0 = Debug|Any CPU
		{BAA863A5-39CE-41FE-A6EB-586D03D5F033}.Debug|x64.ActiveCfg = Debug|x64
		{BAA863A5-39CE-41FE-A6EB-586D03D5F033}.Debug|x64.Build.0 = Debug|x64
		{BAA863A5-39CE-41FE-A6EB-586D03D5F033}.Debug|x64.Deploy.0 = Debug|x64
		{BAA863A5-39CE-41FE-A6EB-586D03D5F033}.Debug|x86.ActiveCfg = Debug|x86
		{BAA863A5-39CE-41FE-A6EB-586D03D5F033}.Debug|x86.Build.0 = Debug|x86
		{BAA863A5-39CE-41FE-A6EB-586D03D5F033}.Debug|x86.Deploy.0 = Debug|x86
		{BAA863A5-39CE-41FE-A6EB-586D03D5F033}.Release|Any CPU.ActiveCfg = Release|Any CPU
		{BAA863A5-39CE-41FE-A6EB-586D03D5F033}.Release|Any CPU.Build.0 = Release|Any CPU
		{BAA863A5-39CE-41FE-A6EB-586D03D5F033}.Release|Any CPU.Deploy.0 = Release|Any CPU
		{BAA863A5-39CE-41FE-A6EB-586D03D5F033}.Release|ARM.ActiveCfg = Release|ARM
		{BAA863A5-39CE-41FE-A6EB-586D03D5F033}.Release|ARM.Build.0 = Release|ARM
		{BAA863A5-39CE-41FE-A6EB-586D03D5F033}.Release|ARM.Deploy.0 = Release|ARM
		{BAA863A5-39CE-41FE-A6EB-586D03D5F033}.Release|iPhone.ActiveCfg = Release|Any CPU
		{BAA863A5-39CE-41FE-A6EB-586D03D5F033}.Release|iPhone.Build.0 = Release|Any CPU
		{BAA863A5-39CE-41FE-A6EB-586D03D5F033}.Release|iPhone.Deploy.0 = Release|Any CPU
		{BAA863A5-39CE-41FE-A6EB-586D03D5F033}.Release|iPhoneSimulator.ActiveCfg = Release|Any CPU
		{BAA863A5-39CE-41FE-A6EB-586D03D5F033}.Release|iPhoneSimulator.Build.0 = Release|Any CPU
		{BAA863A5-39CE-41FE-A6EB-586D03D5F033}.Release|iPhoneSimulator.Deploy.0 = Release|Any CPU
		{BAA863A5-39CE-41FE-A6EB-586D03D5F033}.Release|x64.ActiveCfg = Release|x64
		{BAA863A5-39CE-41FE-A6EB-586D03D5F033}.Release|x64.Build.0 = Release|x64
		{BAA863A5-39CE-41FE-A6EB-586D03D5F033}.Release|x64.Deploy.0 = Release|x64
		{BAA863A5-39CE-41FE-A6EB-586D03D5F033}.Release|x86.ActiveCfg = Release|x86
		{BAA863A5-39CE-41FE-A6EB-586D03D5F033}.Release|x86.Build.0 = Release|x86
		{BAA863A5-39CE-41FE-A6EB-586D03D5F033}.Release|x86.Deploy.0 = Release|x86
	EndGlobalSection
	GlobalSection(SolutionProperties) = preSolution
		HideSolutionNode = FALSE
	EndGlobalSection
EndGlobal
