
Microsoft Visual Studio Solution File, Format Version 12.00
# Visual Studio 14
VisualStudioVersion = 14.0.25420.1
MinimumVisualStudioVersion = 10.0.40219.1
Project("{D954291E-2A0B-460D-934E-DC6B0785DB48}") = "MHG.TRCommerce", "MHG.TRCommerce\MHG.TRCommerce\MHG.TRCommerce.shproj", "{80772292-7E53-41F4-8EEB-DF03CAC849D8}"
EndProject
Project("{FAE04EC0-301F-11D3-BF4B-00C04F79EFBC}") = "MHG.TRCommerce.Droid", "MHG.TRCommerce\MHG.TRCommerce.Droid\MHG.TRCommerce.Droid.csproj", "{112B8A15-EB18-40A3-80FB-81DF79567897}"
EndProject
Project("{FAE04EC0-301F-11D3-BF4B-00C04F79EFBC}") = "MHG.TRCommerce.iOS", "MHG.TRCommerce\MHG.TRCommerce.iOS\MHG.TRCommerce.iOS.csproj", "{E3544A61-FCA4-4DB6-B166-27B394536D81}"
EndProject
Project("{FAE04EC0-301F-11D3-BF4B-00C04F79EFBC}") = "MHG.TRCommerce.WinPhone", "MHG.TRCommerce\MHG.TRCommerce.WinPhone\MHG.TRCommerce.WinPhone.csproj", "{582B7132-82CB-4706-A600-273696762723}"
EndProject
Project("{FAE04EC0-301F-11D3-BF4B-00C04F79EFBC}") = "MHG.TRCommerce.UWP", "MHG.TRCommerce\MHG.TRCommerce.UWP\MHG.TRCommerce.UWP.csproj", "{BF863153-DA03-4E12-BA4A-58D5C337DE2C}"
EndProject
Project("{FAE04EC0-301F-11D3-BF4B-00C04F79EFBC}") = "MHG.TRCommerce.Windows", "MHG.TRCommerce\MHG.TRCommerce.Windows\MHG.TRCommerce.Windows.csproj", "{D3BEBF41-70B7-4563-B3E3-C860FEEC8709}"
EndProject
Global
	GlobalSection(SharedMSBuildProjectFiles) = preSolution
		MHG.TRCommerce\MHG.TRCommerce\MHG.TRCommerce.projitems*{112b8a15-eb18-40a3-80fb-81df79567897}*SharedItemsImports = 4
		MHG.TRCommerce\MHG.TRCommerce\MHG.TRCommerce.projitems*{582b7132-82cb-4706-a600-273696762723}*SharedItemsImports = 4
		MHG.TRCommerce\MHG.TRCommerce\MHG.TRCommerce.projitems*{80772292-7e53-41f4-8eeb-df03cac849d8}*SharedItemsImports = 13
		MHG.TRCommerce\MHG.TRCommerce\MHG.TRCommerce.projitems*{bf863153-da03-4e12-ba4a-58d5c337de2c}*SharedItemsImports = 4
		MHG.TRCommerce\MHG.TRCommerce\MHG.TRCommerce.projitems*{d3bebf41-70b7-4563-b3e3-c860feec8709}*SharedItemsImports = 4
		MHG.TRCommerce\MHG.TRCommerce\MHG.TRCommerce.projitems*{e3544a61-fca4-4db6-b166-27b394536d81}*SharedItemsImports = 4
	EndGlobalSection
	GlobalSection(SolutionConfigurationPlatforms) = preSolution
		Ad-Hoc|Any CPU = Ad-Hoc|Any CPU
		Ad-Hoc|ARM = Ad-Hoc|ARM
		Ad-Hoc|iPhone = Ad-Hoc|iPhone
		Ad-Hoc|iPhoneSimulator = Ad-Hoc|iPhoneSimulator
		Ad-Hoc|x64 = Ad-Hoc|x64
		Ad-Hoc|x86 = Ad-Hoc|x86
		AppStore|Any CPU = AppStore|Any CPU
		AppStore|ARM = AppStore|ARM
		AppStore|iPhone = AppStore|iPhone
		AppStore|iPhoneSimulator = AppStore|iPhoneSimulator
		AppStore|x64 = AppStore|x64
		AppStore|x86 = AppStore|x86
		Debug|Any CPU = Debug|Any CPU
		Debug|ARM = Debug|ARM
		Debug|iPhone = Debug|iPhone
		Debug|iPhoneSimulator = Debug|iPhoneSimulator
		Debug|x64 = Debug|x64
		Debug|x86 = Debug|x86
		Release|Any CPU = Release|Any CPU
		Release|ARM = Release|ARM
		Release|iPhone = Release|iPhone
		Release|iPhoneSimulator = Release|iPhoneSimulator
		Release|x64 = Release|x64
		Release|x86 = Release|x86
	EndGlobalSection
	GlobalSection(ProjectConfigurationPlatforms) = postSolution
		{112B8A15-EB18-40A3-80FB-81DF79567897}.Ad-Hoc|Any CPU.ActiveCfg = Release|Any CPU
		{112B8A15-EB18-40A3-80FB-81DF79567897}.Ad-Hoc|Any CPU.Build.0 = Release|Any CPU
		{112B8A15-EB18-40A3-80FB-81DF79567897}.Ad-Hoc|Any CPU.Deploy.0 = Release|Any CPU
		{112B8A15-EB18-40A3-80FB-81DF79567897}.Ad-Hoc|ARM.ActiveCfg = Release|Any CPU
		{112B8A15-EB18-40A3-80FB-81DF79567897}.Ad-Hoc|ARM.Build.0 = Release|Any CPU
		{112B8A15-EB18-40A3-80FB-81DF79567897}.Ad-Hoc|ARM.Deploy.0 = Release|Any CPU
		{112B8A15-EB18-40A3-80FB-81DF79567897}.Ad-Hoc|iPhone.ActiveCfg = Release|Any CPU
		{112B8A15-EB18-40A3-80FB-81DF79567897}.Ad-Hoc|iPhone.Build.0 = Release|Any CPU
		{112B8A15-EB18-40A3-80FB-81DF79567897}.Ad-Hoc|iPhone.Deploy.0 = Release|Any CPU
		{112B8A15-EB18-40A3-80FB-81DF79567897}.Ad-Hoc|iPhoneSimulator.ActiveCfg = Release|Any CPU
		{112B8A15-EB18-40A3-80FB-81DF79567897}.Ad-Hoc|iPhoneSimulator.Build.0 = Release|Any CPU
		{112B8A15-EB18-40A3-80FB-81DF79567897}.Ad-Hoc|iPhoneSimulator.Deploy.0 = Release|Any CPU
		{112B8A15-EB18-40A3-80FB-81DF79567897}.Ad-Hoc|x64.ActiveCfg = Release|Any CPU
		{112B8A15-EB18-40A3-80FB-81DF79567897}.Ad-Hoc|x64.Build.0 = Release|Any CPU
		{112B8A15-EB18-40A3-80FB-81DF79567897}.Ad-Hoc|x64.Deploy.0 = Release|Any CPU
		{112B8A15-EB18-40A3-80FB-81DF79567897}.Ad-Hoc|x86.ActiveCfg = Release|Any CPU
		{112B8A15-EB18-40A3-80FB-81DF79567897}.Ad-Hoc|x86.Build.0 = Release|Any CPU
		{112B8A15-EB18-40A3-80FB-81DF79567897}.Ad-Hoc|x86.Deploy.0 = Release|Any CPU
		{112B8A15-EB18-40A3-80FB-81DF79567897}.AppStore|Any CPU.ActiveCfg = Release|Any CPU
		{112B8A15-EB18-40A3-80FB-81DF79567897}.AppStore|Any CPU.Build.0 = Release|Any CPU
		{112B8A15-EB18-40A3-80FB-81DF79567897}.AppStore|Any CPU.Deploy.0 = Release|Any CPU
		{112B8A15-EB18-40A3-80FB-81DF79567897}.AppStore|ARM.ActiveCfg = Release|Any CPU
		{112B8A15-EB18-40A3-80FB-81DF79567897}.AppStore|ARM.Build.0 = Release|Any CPU
		{112B8A15-EB18-40A3-80FB-81DF79567897}.AppStore|ARM.Deploy.0 = Release|Any CPU
		{112B8A15-EB18-40A3-80FB-81DF79567897}.AppStore|iPhone.ActiveCfg = Release|Any CPU
		{112B8A15-EB18-40A3-80FB-81DF79567897}.AppStore|iPhone.Build.0 = Release|Any CPU
		{112B8A15-EB18-40A3-80FB-81DF79567897}.AppStore|iPhone.Deploy.0 = Release|Any CPU
		{112B8A15-EB18-40A3-80FB-81DF79567897}.AppStore|iPhoneSimulator.ActiveCfg = Release|Any CPU
		{112B8A15-EB18-40A3-80FB-81DF79567897}.AppStore|iPhoneSimulator.Build.0 = Release|Any CPU
		{112B8A15-EB18-40A3-80FB-81DF79567897}.AppStore|iPhoneSimulator.Deploy.0 = Release|Any CPU
		{112B8A15-EB18-40A3-80FB-81DF79567897}.AppStore|x64.ActiveCfg = Release|Any CPU
		{112B8A15-EB18-40A3-80FB-81DF79567897}.AppStore|x64.Build.0 = Release|Any CPU
		{112B8A15-EB18-40A3-80FB-81DF79567897}.AppStore|x64.Deploy.0 = Release|Any CPU
		{112B8A15-EB18-40A3-80FB-81DF79567897}.AppStore|x86.ActiveCfg = Release|Any CPU
		{112B8A15-EB18-40A3-80FB-81DF79567897}.AppStore|x86.Build.0 = Release|Any CPU
		{112B8A15-EB18-40A3-80FB-81DF79567897}.AppStore|x86.Deploy.0 = Release|Any CPU
		{112B8A15-EB18-40A3-80FB-81DF79567897}.Debug|Any CPU.ActiveCfg = Debug|Any CPU
		{112B8A15-EB18-40A3-80FB-81DF79567897}.Debug|Any CPU.Build.0 = Debug|Any CPU
		{112B8A15-EB18-40A3-80FB-81DF79567897}.Debug|Any CPU.Deploy.0 = Debug|Any CPU
		{112B8A15-EB18-40A3-80FB-81DF79567897}.Debug|ARM.ActiveCfg = Debug|Any CPU
		{112B8A15-EB18-40A3-80FB-81DF79567897}.Debug|ARM.Build.0 = Debug|Any CPU
		{112B8A15-EB18-40A3-80FB-81DF79567897}.Debug|ARM.Deploy.0 = Debug|Any CPU
		{112B8A15-EB18-40A3-80FB-81DF79567897}.Debug|iPhone.ActiveCfg = Debug|Any CPU
		{112B8A15-EB18-40A3-80FB-81DF79567897}.Debug|iPhone.Build.0 = Debug|Any CPU
		{112B8A15-EB18-40A3-80FB-81DF79567897}.Debug|iPhone.Deploy.0 = Debug|Any CPU
		{112B8A15-EB18-40A3-80FB-81DF79567897}.Debug|iPhoneSimulator.ActiveCfg = Debug|Any CPU
		{112B8A15-EB18-40A3-80FB-81DF79567897}.Debug|iPhoneSimulator.Build.0 = Debug|Any CPU
		{112B8A15-EB18-40A3-80FB-81DF79567897}.Debug|iPhoneSimulator.Deploy.0 = Debug|Any CPU
		{112B8A15-EB18-40A3-80FB-81DF79567897}.Debug|x64.ActiveCfg = Debug|Any CPU
		{112B8A15-EB18-40A3-80FB-81DF79567897}.Debug|x64.Build.0 = Debug|Any CPU
		{112B8A15-EB18-40A3-80FB-81DF79567897}.Debug|x64.Deploy.0 = Debug|Any CPU
		{112B8A15-EB18-40A3-80FB-81DF79567897}.Debug|x86.ActiveCfg = Debug|Any CPU
		{112B8A15-EB18-40A3-80FB-81DF79567897}.Debug|x86.Build.0 = Debug|Any CPU
		{112B8A15-EB18-40A3-80FB-81DF79567897}.Debug|x86.Deploy.0 = Debug|Any CPU
		{112B8A15-EB18-40A3-80FB-81DF79567897}.Release|Any CPU.ActiveCfg = Release|Any CPU
		{112B8A15-EB18-40A3-80FB-81DF79567897}.Release|Any CPU.Build.0 = Release|Any CPU
		{112B8A15-EB18-40A3-80FB-81DF79567897}.Release|Any CPU.Deploy.0 = Release|Any CPU
		{112B8A15-EB18-40A3-80FB-81DF79567897}.Release|ARM.ActiveCfg = Release|Any CPU
		{112B8A15-EB18-40A3-80FB-81DF79567897}.Release|ARM.Build.0 = Release|Any CPU
		{112B8A15-EB18-40A3-80FB-81DF79567897}.Release|ARM.Deploy.0 = Release|Any CPU
		{112B8A15-EB18-40A3-80FB-81DF79567897}.Release|iPhone.ActiveCfg = Release|Any CPU
		{112B8A15-EB18-40A3-80FB-81DF79567897}.Release|iPhone.Build.0 = Release|Any CPU
		{112B8A15-EB18-40A3-80FB-81DF79567897}.Release|iPhone.Deploy.0 = Release|Any CPU
		{112B8A15-EB18-40A3-80FB-81DF79567897}.Release|iPhoneSimulator.ActiveCfg = Release|Any CPU
		{112B8A15-EB18-40A3-80FB-81DF79567897}.Release|iPhoneSimulator.Build.0 = Release|Any CPU
		{112B8A15-EB18-40A3-80FB-81DF79567897}.Release|iPhoneSimulator.Deploy.0 = Release|Any CPU
		{112B8A15-EB18-40A3-80FB-81DF79567897}.Release|x64.ActiveCfg = Release|Any CPU
		{112B8A15-EB18-40A3-80FB-81DF79567897}.Release|x64.Build.0 = Release|Any CPU
		{112B8A15-EB18-40A3-80FB-81DF79567897}.Release|x64.Deploy.0 = Release|Any CPU
		{112B8A15-EB18-40A3-80FB-81DF79567897}.Release|x86.ActiveCfg = Release|Any CPU
		{112B8A15-EB18-40A3-80FB-81DF79567897}.Release|x86.Build.0 = Release|Any CPU
		{112B8A15-EB18-40A3-80FB-81DF79567897}.Release|x86.Deploy.0 = Release|Any CPU
		{E3544A61-FCA4-4DB6-B166-27B394536D81}.Ad-Hoc|Any CPU.ActiveCfg = Ad-Hoc|iPhone
		{E3544A61-FCA4-4DB6-B166-27B394536D81}.Ad-Hoc|ARM.ActiveCfg = Ad-Hoc|iPhone
		{E3544A61-FCA4-4DB6-B166-27B394536D81}.Ad-Hoc|iPhone.ActiveCfg = Ad-Hoc|iPhone
		{E3544A61-FCA4-4DB6-B166-27B394536D81}.Ad-Hoc|iPhone.Build.0 = Ad-Hoc|iPhone
		{E3544A61-FCA4-4DB6-B166-27B394536D81}.Ad-Hoc|iPhoneSimulator.ActiveCfg = Ad-Hoc|iPhoneSimulator
		{E3544A61-FCA4-4DB6-B166-27B394536D81}.Ad-Hoc|iPhoneSimulator.Build.0 = Ad-Hoc|iPhoneSimulator
		{E3544A61-FCA4-4DB6-B166-27B394536D81}.Ad-Hoc|x64.ActiveCfg = Ad-Hoc|iPhone
		{E3544A61-FCA4-4DB6-B166-27B394536D81}.Ad-Hoc|x86.ActiveCfg = Ad-Hoc|iPhone
		{E3544A61-FCA4-4DB6-B166-27B394536D81}.AppStore|Any CPU.ActiveCfg = AppStore|iPhone
		{E3544A61-FCA4-4DB6-B166-27B394536D81}.AppStore|ARM.ActiveCfg = AppStore|iPhone
		{E3544A61-FCA4-4DB6-B166-27B394536D81}.AppStore|iPhone.ActiveCfg = AppStore|iPhone
		{E3544A61-FCA4-4DB6-B166-27B394536D81}.AppStore|iPhone.Build.0 = AppStore|iPhone
		{E3544A61-FCA4-4DB6-B166-27B394536D81}.AppStore|iPhoneSimulator.ActiveCfg = AppStore|iPhoneSimulator
		{E3544A61-FCA4-4DB6-B166-27B394536D81}.AppStore|iPhoneSimulator.Build.0 = AppStore|iPhoneSimulator
		{E3544A61-FCA4-4DB6-B166-27B394536D81}.AppStore|x64.ActiveCfg = AppStore|iPhone
		{E3544A61-FCA4-4DB6-B166-27B394536D81}.AppStore|x86.ActiveCfg = AppStore|iPhone
		{E3544A61-FCA4-4DB6-B166-27B394536D81}.Debug|Any CPU.ActiveCfg = Debug|iPhone
		{E3544A61-FCA4-4DB6-B166-27B394536D81}.Debug|ARM.ActiveCfg = Debug|iPhone
		{E3544A61-FCA4-4DB6-B166-27B394536D81}.Debug|iPhone.ActiveCfg = Debug|iPhone
		{E3544A61-FCA4-4DB6-B166-27B394536D81}.Debug|iPhone.Build.0 = Debug|iPhone
		{E3544A61-FCA4-4DB6-B166-27B394536D81}.Debug|iPhoneSimulator.ActiveCfg = Debug|iPhoneSimulator
		{E3544A61-FCA4-4DB6-B166-27B394536D81}.Debug|iPhoneSimulator.Build.0 = Debug|iPhoneSimulator
		{E3544A61-FCA4-4DB6-B166-27B394536D81}.Debug|x64.ActiveCfg = Debug|iPhone
		{E3544A61-FCA4-4DB6-B166-27B394536D81}.Debug|x86.ActiveCfg = Debug|iPhone
		{E3544A61-FCA4-4DB6-B166-27B394536D81}.Release|Any CPU.ActiveCfg = Release|iPhone
		{E3544A61-FCA4-4DB6-B166-27B394536D81}.Release|ARM.ActiveCfg = Release|iPhone
		{E3544A61-FCA4-4DB6-B166-27B394536D81}.Release|iPhone.ActiveCfg = Release|iPhone
		{E3544A61-FCA4-4DB6-B166-27B394536D81}.Release|iPhone.Build.0 = Release|iPhone
		{E3544A61-FCA4-4DB6-B166-27B394536D81}.Release|iPhoneSimulator.ActiveCfg = Release|iPhoneSimulator
		{E3544A61-FCA4-4DB6-B166-27B394536D81}.Release|iPhoneSimulator.Build.0 = Release|iPhoneSimulator
		{E3544A61-FCA4-4DB6-B166-27B394536D81}.Release|x64.ActiveCfg = Release|iPhone
		{E3544A61-FCA4-4DB6-B166-27B394536D81}.Release|x86.ActiveCfg = Release|iPhone
		{582B7132-82CB-4706-A600-273696762723}.Ad-Hoc|Any CPU.ActiveCfg = Release|Any CPU
		{582B7132-82CB-4706-A600-273696762723}.Ad-Hoc|Any CPU.Build.0 = Release|Any CPU
		{582B7132-82CB-4706-A600-273696762723}.Ad-Hoc|Any CPU.Deploy.0 = Release|Any CPU
		{582B7132-82CB-4706-A600-273696762723}.Ad-Hoc|ARM.ActiveCfg = Release|ARM
		{582B7132-82CB-4706-A600-273696762723}.Ad-Hoc|ARM.Build.0 = Release|ARM
		{582B7132-82CB-4706-A600-273696762723}.Ad-Hoc|ARM.Deploy.0 = Release|ARM
		{582B7132-82CB-4706-A600-273696762723}.Ad-Hoc|iPhone.ActiveCfg = Release|Any CPU
		{582B7132-82CB-4706-A600-273696762723}.Ad-Hoc|iPhone.Build.0 = Release|Any CPU
		{582B7132-82CB-4706-A600-273696762723}.Ad-Hoc|iPhone.Deploy.0 = Release|Any CPU
		{582B7132-82CB-4706-A600-273696762723}.Ad-Hoc|iPhoneSimulator.ActiveCfg = Release|Any CPU
		{582B7132-82CB-4706-A600-273696762723}.Ad-Hoc|iPhoneSimulator.Build.0 = Release|Any CPU
		{582B7132-82CB-4706-A600-273696762723}.Ad-Hoc|iPhoneSimulator.Deploy.0 = Release|Any CPU
		{582B7132-82CB-4706-A600-273696762723}.Ad-Hoc|x64.ActiveCfg = Release|Any CPU
		{582B7132-82CB-4706-A600-273696762723}.Ad-Hoc|x64.Build.0 = Release|Any CPU
		{582B7132-82CB-4706-A600-273696762723}.Ad-Hoc|x64.Deploy.0 = Release|Any CPU
		{582B7132-82CB-4706-A600-273696762723}.Ad-Hoc|x86.ActiveCfg = Release|x86
		{582B7132-82CB-4706-A600-273696762723}.Ad-Hoc|x86.Build.0 = Release|x86
		{582B7132-82CB-4706-A600-273696762723}.Ad-Hoc|x86.Deploy.0 = Release|x86
		{582B7132-82CB-4706-A600-273696762723}.AppStore|Any CPU.ActiveCfg = Release|Any CPU
		{582B7132-82CB-4706-A600-273696762723}.AppStore|Any CPU.Build.0 = Release|Any CPU
		{582B7132-82CB-4706-A600-273696762723}.AppStore|Any CPU.Deploy.0 = Release|Any CPU
		{582B7132-82CB-4706-A600-273696762723}.AppStore|ARM.ActiveCfg = Release|ARM
		{582B7132-82CB-4706-A600-273696762723}.AppStore|ARM.Build.0 = Release|ARM
		{582B7132-82CB-4706-A600-273696762723}.AppStore|ARM.Deploy.0 = Release|ARM
		{582B7132-82CB-4706-A600-273696762723}.AppStore|iPhone.ActiveCfg = Release|Any CPU
		{582B7132-82CB-4706-A600-273696762723}.AppStore|iPhone.Build.0 = Release|Any CPU
		{582B7132-82CB-4706-A600-273696762723}.AppStore|iPhone.Deploy.0 = Release|Any CPU
		{582B7132-82CB-4706-A600-273696762723}.AppStore|iPhoneSimulator.ActiveCfg = Release|Any CPU
		{582B7132-82CB-4706-A600-273696762723}.AppStore|iPhoneSimulator.Build.0 = Release|Any CPU
		{582B7132-82CB-4706-A600-273696762723}.AppStore|iPhoneSimulator.Deploy.0 = Release|Any CPU
		{582B7132-82CB-4706-A600-273696762723}.AppStore|x64.ActiveCfg = Release|Any CPU
		{582B7132-82CB-4706-A600-273696762723}.AppStore|x64.Build.0 = Release|Any CPU
		{582B7132-82CB-4706-A600-273696762723}.AppStore|x64.Deploy.0 = Release|Any CPU
		{582B7132-82CB-4706-A600-273696762723}.AppStore|x86.ActiveCfg = Release|x86
		{582B7132-82CB-4706-A600-273696762723}.AppStore|x86.Build.0 = Release|x86
		{582B7132-82CB-4706-A600-273696762723}.AppStore|x86.Deploy.0 = Release|x86
		{582B7132-82CB-4706-A600-273696762723}.Debug|Any CPU.ActiveCfg = Debug|Any CPU
		{582B7132-82CB-4706-A600-273696762723}.Debug|Any CPU.Build.0 = Debug|Any CPU
		{582B7132-82CB-4706-A600-273696762723}.Debug|Any CPU.Deploy.0 = Debug|Any CPU
		{582B7132-82CB-4706-A600-273696762723}.Debug|ARM.ActiveCfg = Debug|ARM
		{582B7132-82CB-4706-A600-273696762723}.Debug|ARM.Build.0 = Debug|ARM
		{582B7132-82CB-4706-A600-273696762723}.Debug|ARM.Deploy.0 = Debug|ARM
		{582B7132-82CB-4706-A600-273696762723}.Debug|iPhone.ActiveCfg = Debug|Any CPU
		{582B7132-82CB-4706-A600-273696762723}.Debug|iPhone.Build.0 = Debug|Any CPU
		{582B7132-82CB-4706-A600-273696762723}.Debug|iPhone.Deploy.0 = Debug|Any CPU
		{582B7132-82CB-4706-A600-273696762723}.Debug|iPhoneSimulator.ActiveCfg = Debug|Any CPU
		{582B7132-82CB-4706-A600-273696762723}.Debug|iPhoneSimulator.Build.0 = Debug|Any CPU
		{582B7132-82CB-4706-A600-273696762723}.Debug|iPhoneSimulator.Deploy.0 = Debug|Any CPU
		{582B7132-82CB-4706-A600-273696762723}.Debug|x64.ActiveCfg = Debug|Any CPU
		{582B7132-82CB-4706-A600-273696762723}.Debug|x64.Build.0 = Debug|Any CPU
		{582B7132-82CB-4706-A600-273696762723}.Debug|x64.Deploy.0 = Debug|Any CPU
		{582B7132-82CB-4706-A600-273696762723}.Debug|x86.ActiveCfg = Debug|x86
		{582B7132-82CB-4706-A600-273696762723}.Debug|x86.Build.0 = Debug|x86
		{582B7132-82CB-4706-A600-273696762723}.Debug|x86.Deploy.0 = Debug|x86
		{582B7132-82CB-4706-A600-273696762723}.Release|Any CPU.ActiveCfg = Release|Any CPU
		{582B7132-82CB-4706-A600-273696762723}.Release|Any CPU.Build.0 = Release|Any CPU
		{582B7132-82CB-4706-A600-273696762723}.Release|Any CPU.Deploy.0 = Release|Any CPU
		{582B7132-82CB-4706-A600-273696762723}.Release|ARM.ActiveCfg = Release|ARM
		{582B7132-82CB-4706-A600-273696762723}.Release|ARM.Build.0 = Release|ARM
		{582B7132-82CB-4706-A600-273696762723}.Release|ARM.Deploy.0 = Release|ARM
		{582B7132-82CB-4706-A600-273696762723}.Release|iPhone.ActiveCfg = Release|Any CPU
		{582B7132-82CB-4706-A600-273696762723}.Release|iPhone.Build.0 = Release|Any CPU
		{582B7132-82CB-4706-A600-273696762723}.Release|iPhone.Deploy.0 = Release|Any CPU
		{582B7132-82CB-4706-A600-273696762723}.Release|iPhoneSimulator.ActiveCfg = Release|Any CPU
		{582B7132-82CB-4706-A600-273696762723}.Release|iPhoneSimulator.Build.0 = Release|Any CPU
		{582B7132-82CB-4706-A600-273696762723}.Release|iPhoneSimulator.Deploy.0 = Release|Any CPU
		{582B7132-82CB-4706-A600-273696762723}.Release|x64.ActiveCfg = Release|Any CPU
		{582B7132-82CB-4706-A600-273696762723}.Release|x64.Build.0 = Release|Any CPU
		{582B7132-82CB-4706-A600-273696762723}.Release|x64.Deploy.0 = Release|Any CPU
		{582B7132-82CB-4706-A600-273696762723}.Release|x86.ActiveCfg = Release|x86
		{582B7132-82CB-4706-A600-273696762723}.Release|x86.Build.0 = Release|x86
		{582B7132-82CB-4706-A600-273696762723}.Release|x86.Deploy.0 = Release|x86
		{BF863153-DA03-4E12-BA4A-58D5C337DE2C}.Ad-Hoc|Any CPU.ActiveCfg = Release|x86
		{BF863153-DA03-4E12-BA4A-58D5C337DE2C}.Ad-Hoc|Any CPU.Build.0 = Release|x86
		{BF863153-DA03-4E12-BA4A-58D5C337DE2C}.Ad-Hoc|Any CPU.Deploy.0 = Release|x86
		{BF863153-DA03-4E12-BA4A-58D5C337DE2C}.Ad-Hoc|ARM.ActiveCfg = Release|ARM
		{BF863153-DA03-4E12-BA4A-58D5C337DE2C}.Ad-Hoc|ARM.Build.0 = Release|ARM
		{BF863153-DA03-4E12-BA4A-58D5C337DE2C}.Ad-Hoc|ARM.Deploy.0 = Release|ARM
		{BF863153-DA03-4E12-BA4A-58D5C337DE2C}.Ad-Hoc|iPhone.ActiveCfg = Release|x86
		{BF863153-DA03-4E12-BA4A-58D5C337DE2C}.Ad-Hoc|iPhone.Build.0 = Release|x86
		{BF863153-DA03-4E12-BA4A-58D5C337DE2C}.Ad-Hoc|iPhone.Deploy.0 = Release|x86
		{BF863153-DA03-4E12-BA4A-58D5C337DE2C}.Ad-Hoc|iPhoneSimulator.ActiveCfg = Release|x86
		{BF863153-DA03-4E12-BA4A-58D5C337DE2C}.Ad-Hoc|iPhoneSimulator.Build.0 = Release|x86
		{BF863153-DA03-4E12-BA4A-58D5C337DE2C}.Ad-Hoc|iPhoneSimulator.Deploy.0 = Release|x86
		{BF863153-DA03-4E12-BA4A-58D5C337DE2C}.Ad-Hoc|x64.ActiveCfg = Release|x64
		{BF863153-DA03-4E12-BA4A-58D5C337DE2C}.Ad-Hoc|x64.Build.0 = Release|x64
		{BF863153-DA03-4E12-BA4A-58D5C337DE2C}.Ad-Hoc|x64.Deploy.0 = Release|x64
		{BF863153-DA03-4E12-BA4A-58D5C337DE2C}.Ad-Hoc|x86.ActiveCfg = Release|x86
		{BF863153-DA03-4E12-BA4A-58D5C337DE2C}.Ad-Hoc|x86.Build.0 = Release|x86
		{BF863153-DA03-4E12-BA4A-58D5C337DE2C}.Ad-Hoc|x86.Deploy.0 = Release|x86
		{BF863153-DA03-4E12-BA4A-58D5C337DE2C}.AppStore|Any CPU.ActiveCfg = Release|x86
		{BF863153-DA03-4E12-BA4A-58D5C337DE2C}.AppStore|Any CPU.Build.0 = Release|x86
		{BF863153-DA03-4E12-BA4A-58D5C337DE2C}.AppStore|Any CPU.Deploy.0 = Release|x86
		{BF863153-DA03-4E12-BA4A-58D5C337DE2C}.AppStore|ARM.ActiveCfg = Release|ARM
		{BF863153-DA03-4E12-BA4A-58D5C337DE2C}.AppStore|ARM.Build.0 = Release|ARM
		{BF863153-DA03-4E12-BA4A-58D5C337DE2C}.AppStore|ARM.Deploy.0 = Release|ARM
		{BF863153-DA03-4E12-BA4A-58D5C337DE2C}.AppStore|iPhone.ActiveCfg = Release|x86
		{BF863153-DA03-4E12-BA4A-58D5C337DE2C}.AppStore|iPhone.Build.0 = Release|x86
		{BF863153-DA03-4E12-BA4A-58D5C337DE2C}.AppStore|iPhone.Deploy.0 = Release|x86
		{BF863153-DA03-4E12-BA4A-58D5C337DE2C}.AppStore|iPhoneSimulator.ActiveCfg = Release|x86
		{BF863153-DA03-4E12-BA4A-58D5C337DE2C}.AppStore|iPhoneSimulator.Build.0 = Release|x86
		{BF863153-DA03-4E12-BA4A-58D5C337DE2C}.AppStore|iPhoneSimulator.Deploy.0 = Release|x86
		{BF863153-DA03-4E12-BA4A-58D5C337DE2C}.AppStore|x64.ActiveCfg = Release|x64
		{BF863153-DA03-4E12-BA4A-58D5C337DE2C}.AppStore|x64.Build.0 = Release|x64
		{BF863153-DA03-4E12-BA4A-58D5C337DE2C}.AppStore|x64.Deploy.0 = Release|x64
		{BF863153-DA03-4E12-BA4A-58D5C337DE2C}.AppStore|x86.ActiveCfg = Release|x86
		{BF863153-DA03-4E12-BA4A-58D5C337DE2C}.AppStore|x86.Build.0 = Release|x86
		{BF863153-DA03-4E12-BA4A-58D5C337DE2C}.AppStore|x86.Deploy.0 = Release|x86
		{BF863153-DA03-4E12-BA4A-58D5C337DE2C}.Debug|Any CPU.ActiveCfg = Debug|x86
		{BF863153-DA03-4E12-BA4A-58D5C337DE2C}.Debug|ARM.ActiveCfg = Debug|ARM
		{BF863153-DA03-4E12-BA4A-58D5C337DE2C}.Debug|ARM.Build.0 = Debug|ARM
		{BF863153-DA03-4E12-BA4A-58D5C337DE2C}.Debug|ARM.Deploy.0 = Debug|ARM
		{BF863153-DA03-4E12-BA4A-58D5C337DE2C}.Debug|iPhone.ActiveCfg = Debug|x86
		{BF863153-DA03-4E12-BA4A-58D5C337DE2C}.Debug|iPhoneSimulator.ActiveCfg = Debug|x86
		{BF863153-DA03-4E12-BA4A-58D5C337DE2C}.Debug|x64.ActiveCfg = Debug|x64
		{BF863153-DA03-4E12-BA4A-58D5C337DE2C}.Debug|x64.Build.0 = Debug|x64
		{BF863153-DA03-4E12-BA4A-58D5C337DE2C}.Debug|x64.Deploy.0 = Debug|x64
		{BF863153-DA03-4E12-BA4A-58D5C337DE2C}.Debug|x86.ActiveCfg = Debug|x86
		{BF863153-DA03-4E12-BA4A-58D5C337DE2C}.Debug|x86.Build.0 = Debug|x86
		{BF863153-DA03-4E12-BA4A-58D5C337DE2C}.Debug|x86.Deploy.0 = Debug|x86
		{BF863153-DA03-4E12-BA4A-58D5C337DE2C}.Release|Any CPU.ActiveCfg = Release|x86
		{BF863153-DA03-4E12-BA4A-58D5C337DE2C}.Release|ARM.ActiveCfg = Release|ARM
		{BF863153-DA03-4E12-BA4A-58D5C337DE2C}.Release|ARM.Build.0 = Release|ARM
		{BF863153-DA03-4E12-BA4A-58D5C337DE2C}.Release|ARM.Deploy.0 = Release|ARM
		{BF863153-DA03-4E12-BA4A-58D5C337DE2C}.Release|iPhone.ActiveCfg = Release|x86
		{BF863153-DA03-4E12-BA4A-58D5C337DE2C}.Release|iPhoneSimulator.ActiveCfg = Release|x86
		{BF863153-DA03-4E12-BA4A-58D5C337DE2C}.Release|x64.ActiveCfg = Release|x64
		{BF863153-DA03-4E12-BA4A-58D5C337DE2C}.Release|x64.Build.0 = Release|x64
		{BF863153-DA03-4E12-BA4A-58D5C337DE2C}.Release|x64.Deploy.0 = Release|x64
		{BF863153-DA03-4E12-BA4A-58D5C337DE2C}.Release|x86.ActiveCfg = Release|x86
		{BF863153-DA03-4E12-BA4A-58D5C337DE2C}.Release|x86.Build.0 = Release|x86
		{BF863153-DA03-4E12-BA4A-58D5C337DE2C}.Release|x86.Deploy.0 = Release|x86
		{D3BEBF41-70B7-4563-B3E3-C860FEEC8709}.Ad-Hoc|Any CPU.ActiveCfg = Release|Any CPU
		{D3BEBF41-70B7-4563-B3E3-C860FEEC8709}.Ad-Hoc|Any CPU.Build.0 = Release|Any CPU
		{D3BEBF41-70B7-4563-B3E3-C860FEEC8709}.Ad-Hoc|Any CPU.Deploy.0 = Release|Any CPU
		{D3BEBF41-70B7-4563-B3E3-C860FEEC8709}.Ad-Hoc|ARM.ActiveCfg = Release|ARM
		{D3BEBF41-70B7-4563-B3E3-C860FEEC8709}.Ad-Hoc|ARM.Build.0 = Release|ARM
		{D3BEBF41-70B7-4563-B3E3-C860FEEC8709}.Ad-Hoc|ARM.Deploy.0 = Release|ARM
		{D3BEBF41-70B7-4563-B3E3-C860FEEC8709}.Ad-Hoc|iPhone.ActiveCfg = Release|Any CPU
		{D3BEBF41-70B7-4563-B3E3-C860FEEC8709}.Ad-Hoc|iPhone.Build.0 = Release|Any CPU
		{D3BEBF41-70B7-4563-B3E3-C860FEEC8709}.Ad-Hoc|iPhone.Deploy.0 = Release|Any CPU
		{D3BEBF41-70B7-4563-B3E3-C860FEEC8709}.Ad-Hoc|iPhoneSimulator.ActiveCfg = Release|Any CPU
		{D3BEBF41-70B7-4563-B3E3-C860FEEC8709}.Ad-Hoc|iPhoneSimulator.Build.0 = Release|Any CPU
		{D3BEBF41-70B7-4563-B3E3-C860FEEC8709}.Ad-Hoc|iPhoneSimulator.Deploy.0 = Release|Any CPU
		{D3BEBF41-70B7-4563-B3E3-C860FEEC8709}.Ad-Hoc|x64.ActiveCfg = Release|x64
		{D3BEBF41-70B7-4563-B3E3-C860FEEC8709}.Ad-Hoc|x64.Build.0 = Release|x64
		{D3BEBF41-70B7-4563-B3E3-C860FEEC8709}.Ad-Hoc|x64.Deploy.0 = Release|x64
		{D3BEBF41-70B7-4563-B3E3-C860FEEC8709}.Ad-Hoc|x86.ActiveCfg = Release|x86
		{D3BEBF41-70B7-4563-B3E3-C860FEEC8709}.Ad-Hoc|x86.Build.0 = Release|x86
		{D3BEBF41-70B7-4563-B3E3-C860FEEC8709}.Ad-Hoc|x86.Deploy.0 = Release|x86
		{D3BEBF41-70B7-4563-B3E3-C860FEEC8709}.AppStore|Any CPU.ActiveCfg = Release|Any CPU
		{D3BEBF41-70B7-4563-B3E3-C860FEEC8709}.AppStore|Any CPU.Build.0 = Release|Any CPU
		{D3BEBF41-70B7-4563-B3E3-C860FEEC8709}.AppStore|Any CPU.Deploy.0 = Release|Any CPU
		{D3BEBF41-70B7-4563-B3E3-C860FEEC8709}.AppStore|ARM.ActiveCfg = Release|ARM
		{D3BEBF41-70B7-4563-B3E3-C860FEEC8709}.AppStore|ARM.Build.0 = Release|ARM
		{D3BEBF41-70B7-4563-B3E3-C860FEEC8709}.AppStore|ARM.Deploy.0 = Release|ARM
		{D3BEBF41-70B7-4563-B3E3-C860FEEC8709}.AppStore|iPhone.ActiveCfg = Release|Any CPU
		{D3BEBF41-70B7-4563-B3E3-C860FEEC8709}.AppStore|iPhone.Build.0 = Release|Any CPU
		{D3BEBF41-70B7-4563-B3E3-C860FEEC8709}.AppStore|iPhone.Deploy.0 = Release|Any CPU
		{D3BEBF41-70B7-4563-B3E3-C860FEEC8709}.AppStore|iPhoneSimulator.ActiveCfg = Release|Any CPU
		{D3BEBF41-70B7-4563-B3E3-C860FEEC8709}.AppStore|iPhoneSimulator.Build.0 = Release|Any CPU
		{D3BEBF41-70B7-4563-B3E3-C860FEEC8709}.AppStore|iPhoneSimulator.Deploy.0 = Release|Any CPU
		{D3BEBF41-70B7-4563-B3E3-C860FEEC8709}.AppStore|x64.ActiveCfg = Release|x64
		{D3BEBF41-70B7-4563-B3E3-C860FEEC8709}.AppStore|x64.Build.0 = Release|x64
		{D3BEBF41-70B7-4563-B3E3-C860FEEC8709}.AppStore|x64.Deploy.0 = Release|x64
		{D3BEBF41-70B7-4563-B3E3-C860FEEC8709}.AppStore|x86.ActiveCfg = Release|x86
		{D3BEBF41-70B7-4563-B3E3-C860FEEC8709}.AppStore|x86.Build.0 = Release|x86
		{D3BEBF41-70B7-4563-B3E3-C860FEEC8709}.AppStore|x86.Deploy.0 = Release|x86
		{D3BEBF41-70B7-4563-B3E3-C860FEEC8709}.Debug|Any CPU.ActiveCfg = Debug|Any CPU
		{D3BEBF41-70B7-4563-B3E3-C860FEEC8709}.Debug|Any CPU.Build.0 = Debug|Any CPU
		{D3BEBF41-70B7-4563-B3E3-C860FEEC8709}.Debug|Any CPU.Deploy.0 = Debug|Any CPU
		{D3BEBF41-70B7-4563-B3E3-C860FEEC8709}.Debug|ARM.ActiveCfg = Debug|ARM
		{D3BEBF41-70B7-4563-B3E3-C860FEEC8709}.Debug|ARM.Build.0 = Debug|ARM
		{D3BEBF41-70B7-4563-B3E3-C860FEEC8709}.Debug|ARM.Deploy.0 = Debug|ARM
		{D3BEBF41-70B7-4563-B3E3-C860FEEC8709}.Debug|iPhone.ActiveCfg = Debug|Any CPU
		{D3BEBF41-70B7-4563-B3E3-C860FEEC8709}.Debug|iPhone.Build.0 = Debug|Any CPU
		{D3BEBF41-70B7-4563-B3E3-C860FEEC8709}.Debug|iPhone.Deploy.0 = Debug|Any CPU
		{D3BEBF41-70B7-4563-B3E3-C860FEEC8709}.Debug|iPhoneSimulator.ActiveCfg = Debug|Any CPU
		{D3BEBF41-70B7-4563-B3E3-C860FEEC8709}.Debug|iPhoneSimulator.Build.0 = Debug|Any CPU
		{D3BEBF41-70B7-4563-B3E3-C860FEEC8709}.Debug|iPhoneSimulator.Deploy.0 = Debug|Any CPU
		{D3BEBF41-70B7-4563-B3E3-C860FEEC8709}.Debug|x64.ActiveCfg = Debug|x64
		{D3BEBF41-70B7-4563-B3E3-C860FEEC8709}.Debug|x64.Build.0 = Debug|x64
		{D3BEBF41-70B7-4563-B3E3-C860FEEC8709}.Debug|x64.Deploy.0 = Debug|x64
		{D3BEBF41-70B7-4563-B3E3-C860FEEC8709}.Debug|x86.ActiveCfg = Debug|x86
		{D3BEBF41-70B7-4563-B3E3-C860FEEC8709}.Debug|x86.Build.0 = Debug|x86
		{D3BEBF41-70B7-4563-B3E3-C860FEEC8709}.Debug|x86.Deploy.0 = Debug|x86
		{D3BEBF41-70B7-4563-B3E3-C860FEEC8709}.Release|Any CPU.ActiveCfg = Release|Any CPU
		{D3BEBF41-70B7-4563-B3E3-C860FEEC8709}.Release|Any CPU.Build.0 = Release|Any CPU
		{D3BEBF41-70B7-4563-B3E3-C860FEEC8709}.Release|Any CPU.Deploy.0 = Release|Any CPU
		{D3BEBF41-70B7-4563-B3E3-C860FEEC8709}.Release|ARM.ActiveCfg = Release|ARM
		{D3BEBF41-70B7-4563-B3E3-C860FEEC8709}.Release|ARM.Build.0 = Release|ARM
		{D3BEBF41-70B7-4563-B3E3-C860FEEC8709}.Release|ARM.Deploy.0 = Release|ARM
		{D3BEBF41-70B7-4563-B3E3-C860FEEC8709}.Release|iPhone.ActiveCfg = Release|Any CPU
		{D3BEBF41-70B7-4563-B3E3-C860FEEC8709}.Release|iPhone.Build.0 = Release|Any CPU
		{D3BEBF41-70B7-4563-B3E3-C860FEEC8709}.Release|iPhone.Deploy.0 = Release|Any CPU
		{D3BEBF41-70B7-4563-B3E3-C860FEEC8709}.Release|iPhoneSimulator.ActiveCfg = Release|Any CPU
		{D3BEBF41-70B7-4563-B3E3-C860FEEC8709}.Release|iPhoneSimulator.Build.0 = Release|Any CPU
		{D3BEBF41-70B7-4563-B3E3-C860FEEC8709}.Release|iPhoneSimulator.Deploy.0 = Release|Any CPU
		{D3BEBF41-70B7-4563-B3E3-C860FEEC8709}.Release|x64.ActiveCfg = Release|x64
		{D3BEBF41-70B7-4563-B3E3-C860FEEC8709}.Release|x64.Build.0 = Release|x64
		{D3BEBF41-70B7-4563-B3E3-C860FEEC8709}.Release|x64.Deploy.0 = Release|x64
		{D3BEBF41-70B7-4563-B3E3-C860FEEC8709}.Release|x86.ActiveCfg = Release|x86
		{D3BEBF41-70B7-4563-B3E3-C860FEEC8709}.Release|x86.Build.0 = Release|x86
		{D3BEBF41-70B7-4563-B3E3-C860FEEC8709}.Release|x86.Deploy.0 = Release|x86
	EndGlobalSection
	GlobalSection(SolutionProperties) = preSolution
		HideSolutionNode = FALSE
	EndGlobalSection
EndGlobal
