
Microsoft Visual Studio Solution File, Format Version 12.00
# Visual Studio 14
VisualStudioVersion = 14.0.25420.1
MinimumVisualStudioVersion = 10.0.40219.1
Project("{FAE04EC0-301F-11D3-BF4B-00C04F79EFBC}") = "MHG.Sample.GestureRecognizer", "MHG.Sample.GestureRecognizer\MHG.Sample.GestureRecognizer\MHG.Sample.GestureRecognizer.csproj", "{C563B459-201F-4DEA-B1A4-D0F3E1B537E6}"
EndProject
Project("{FAE04EC0-301F-11D3-BF4B-00C04F79EFBC}") = "MHG.Sample.GestureRecognizer.Droid", "MHG.Sample.GestureRecognizer\MHG.Sample.GestureRecognizer.Droid\MHG.Sample.GestureRecognizer.Droid.csproj", "{3BED1C6B-3022-4AF1-8152-4728C9786979}"
EndProject
Project("{FAE04EC0-301F-11D3-BF4B-00C04F79EFBC}") = "MHG.Sample.GestureRecognizer.iOS", "MHG.Sample.GestureRecognizer\MHG.Sample.GestureRecognizer.iOS\MHG.Sample.GestureRecognizer.iOS.csproj", "{202CF8C6-23B1-484C-A055-B46325814C2F}"
EndProject
Project("{FAE04EC0-301F-11D3-BF4B-00C04F79EFBC}") = "MHG.Sample.GestureRecognizer.WinPhone", "MHG.Sample.GestureRecognizer\MHG.Sample.GestureRecognizer.WinPhone\MHG.Sample.GestureRecognizer.WinPhone.csproj", "{AA938C26-FF42-42C6-8041-16576A2C60C8}"
EndProject
Project("{FAE04EC0-301F-11D3-BF4B-00C04F79EFBC}") = "MHG.Sample.GestureRecognizer.UWP", "MHG.Sample.GestureRecognizer\MHG.Sample.GestureRecognizer.UWP\MHG.Sample.GestureRecognizer.UWP.csproj", "{F973151D-1951-4709-8C60-33E37A0D288E}"
EndProject
Project("{FAE04EC0-301F-11D3-BF4B-00C04F79EFBC}") = "MHG.Sample.GestureRecognizer.Windows", "MHG.Sample.GestureRecognizer\MHG.Sample.GestureRecognizer.Windows\MHG.Sample.GestureRecognizer.Windows.csproj", "{756BFC22-0C93-414C-8B13-7EEEF7FDBC18}"
EndProject
Global
	GlobalSection(SolutionConfigurationPlatforms) = preSolution
		Ad-Hoc|Any CPU = Ad-Hoc|Any CPU
		Ad-Hoc|ARM = Ad-Hoc|ARM
		Ad-Hoc|iPhone = Ad-Hoc|iPhone
		Ad-Hoc|iPhoneSimulator = Ad-Hoc|iPhoneSimulator
		Ad-Hoc|x64 = Ad-Hoc|x64
		Ad-Hoc|x86 = Ad-Hoc|x86
		AppStore|Any CPU = AppStore|Any CPU
		AppStore|ARM = AppStore|ARM
		AppStore|iPhone = AppStore|iPhone
		AppStore|iPhoneSimulator = AppStore|iPhoneSimulator
		AppStore|x64 = AppStore|x64
		AppStore|x86 = AppStore|x86
		Debug|Any CPU = Debug|Any CPU
		Debug|ARM = Debug|ARM
		Debug|iPhone = Debug|iPhone
		Debug|iPhoneSimulator = Debug|iPhoneSimulator
		Debug|x64 = Debug|x64
		Debug|x86 = Debug|x86
		Release|Any CPU = Release|Any CPU
		Release|ARM = Release|ARM
		Release|iPhone = Release|iPhone
		Release|iPhoneSimulator = Release|iPhoneSimulator
		Release|x64 = Release|x64
		Release|x86 = Release|x86
	EndGlobalSection
	GlobalSection(ProjectConfigurationPlatforms) = postSolution
		{C563B459-201F-4DEA-B1A4-D0F3E1B537E6}.Ad-Hoc|Any CPU.ActiveCfg = Release|Any CPU
		{C563B459-201F-4DEA-B1A4-D0F3E1B537E6}.Ad-Hoc|Any CPU.Build.0 = Release|Any CPU
		{C563B459-201F-4DEA-B1A4-D0F3E1B537E6}.Ad-Hoc|ARM.ActiveCfg = Release|Any CPU
		{C563B459-201F-4DEA-B1A4-D0F3E1B537E6}.Ad-Hoc|ARM.Build.0 = Release|Any CPU
		{C563B459-201F-4DEA-B1A4-D0F3E1B537E6}.Ad-Hoc|iPhone.ActiveCfg = Release|Any CPU
		{C563B459-201F-4DEA-B1A4-D0F3E1B537E6}.Ad-Hoc|iPhone.Build.0 = Release|Any CPU
		{C563B459-201F-4DEA-B1A4-D0F3E1B537E6}.Ad-Hoc|iPhoneSimulator.ActiveCfg = Release|Any CPU
		{C563B459-201F-4DEA-B1A4-D0F3E1B537E6}.Ad-Hoc|iPhoneSimulator.Build.0 = Release|Any CPU
		{C563B459-201F-4DEA-B1A4-D0F3E1B537E6}.Ad-Hoc|x64.ActiveCfg = Release|Any CPU
		{C563B459-201F-4DEA-B1A4-D0F3E1B537E6}.Ad-Hoc|x64.Build.0 = Release|Any CPU
		{C563B459-201F-4DEA-B1A4-D0F3E1B537E6}.Ad-Hoc|x86.ActiveCfg = Release|Any CPU
		{C563B459-201F-4DEA-B1A4-D0F3E1B537E6}.Ad-Hoc|x86.Build.0 = Release|Any CPU
		{C563B459-201F-4DEA-B1A4-D0F3E1B537E6}.AppStore|Any CPU.ActiveCfg = Release|Any CPU
		{C563B459-201F-4DEA-B1A4-D0F3E1B537E6}.AppStore|Any CPU.Build.0 = Release|Any CPU
		{C563B459-201F-4DEA-B1A4-D0F3E1B537E6}.AppStore|ARM.ActiveCfg = Release|Any CPU
		{C563B459-201F-4DEA-B1A4-D0F3E1B537E6}.AppStore|ARM.Build.0 = Release|Any CPU
		{C563B459-201F-4DEA-B1A4-D0F3E1B537E6}.AppStore|iPhone.ActiveCfg = Release|Any CPU
		{C563B459-201F-4DEA-B1A4-D0F3E1B537E6}.AppStore|iPhone.Build.0 = Release|Any CPU
		{C563B459-201F-4DEA-B1A4-D0F3E1B537E6}.AppStore|iPhoneSimulator.ActiveCfg = Release|Any CPU
		{C563B459-201F-4DEA-B1A4-D0F3E1B537E6}.AppStore|iPhoneSimulator.Build.0 = Release|Any CPU
		{C563B459-201F-4DEA-B1A4-D0F3E1B537E6}.AppStore|x64.ActiveCfg = Release|Any CPU
		{C563B459-201F-4DEA-B1A4-D0F3E1B537E6}.AppStore|x64.Build.0 = Release|Any CPU
		{C563B459-201F-4DEA-B1A4-D0F3E1B537E6}.AppStore|x86.ActiveCfg = Release|Any CPU
		{C563B459-201F-4DEA-B1A4-D0F3E1B537E6}.AppStore|x86.Build.0 = Release|Any CPU
		{C563B459-201F-4DEA-B1A4-D0F3E1B537E6}.Debug|Any CPU.ActiveCfg = Debug|Any CPU
		{C563B459-201F-4DEA-B1A4-D0F3E1B537E6}.Debug|Any CPU.Build.0 = Debug|Any CPU
		{C563B459-201F-4DEA-B1A4-D0F3E1B537E6}.Debug|ARM.ActiveCfg = Debug|Any CPU
		{C563B459-201F-4DEA-B1A4-D0F3E1B537E6}.Debug|ARM.Build.0 = Debug|Any CPU
		{C563B459-201F-4DEA-B1A4-D0F3E1B537E6}.Debug|iPhone.ActiveCfg = Debug|Any CPU
		{C563B459-201F-4DEA-B1A4-D0F3E1B537E6}.Debug|iPhone.Build.0 = Debug|Any CPU
		{C563B459-201F-4DEA-B1A4-D0F3E1B537E6}.Debug|iPhoneSimulator.ActiveCfg = Debug|Any CPU
		{C563B459-201F-4DEA-B1A4-D0F3E1B537E6}.Debug|iPhoneSimulator.Build.0 = Debug|Any CPU
		{C563B459-201F-4DEA-B1A4-D0F3E1B537E6}.Debug|x64.ActiveCfg = Debug|Any CPU
		{C563B459-201F-4DEA-B1A4-D0F3E1B537E6}.Debug|x64.Build.0 = Debug|Any CPU
		{C563B459-201F-4DEA-B1A4-D0F3E1B537E6}.Debug|x86.ActiveCfg = Debug|Any CPU
		{C563B459-201F-4DEA-B1A4-D0F3E1B537E6}.Debug|x86.Build.0 = Debug|Any CPU
		{C563B459-201F-4DEA-B1A4-D0F3E1B537E6}.Release|Any CPU.ActiveCfg = Release|Any CPU
		{C563B459-201F-4DEA-B1A4-D0F3E1B537E6}.Release|Any CPU.Build.0 = Release|Any CPU
		{C563B459-201F-4DEA-B1A4-D0F3E1B537E6}.Release|ARM.ActiveCfg = Release|Any CPU
		{C563B459-201F-4DEA-B1A4-D0F3E1B537E6}.Release|ARM.Build.0 = Release|Any CPU
		{C563B459-201F-4DEA-B1A4-D0F3E1B537E6}.Release|iPhone.ActiveCfg = Release|Any CPU
		{C563B459-201F-4DEA-B1A4-D0F3E1B537E6}.Release|iPhone.Build.0 = Release|Any CPU
		{C563B459-201F-4DEA-B1A4-D0F3E1B537E6}.Release|iPhoneSimulator.ActiveCfg = Release|Any CPU
		{C563B459-201F-4DEA-B1A4-D0F3E1B537E6}.Release|iPhoneSimulator.Build.0 = Release|Any CPU
		{C563B459-201F-4DEA-B1A4-D0F3E1B537E6}.Release|x64.ActiveCfg = Release|Any CPU
		{C563B459-201F-4DEA-B1A4-D0F3E1B537E6}.Release|x64.Build.0 = Release|Any CPU
		{C563B459-201F-4DEA-B1A4-D0F3E1B537E6}.Release|x86.ActiveCfg = Release|Any CPU
		{C563B459-201F-4DEA-B1A4-D0F3E1B537E6}.Release|x86.Build.0 = Release|Any CPU
		{3BED1C6B-3022-4AF1-8152-4728C9786979}.Ad-Hoc|Any CPU.ActiveCfg = Release|Any CPU
		{3BED1C6B-3022-4AF1-8152-4728C9786979}.Ad-Hoc|Any CPU.Build.0 = Release|Any CPU
		{3BED1C6B-3022-4AF1-8152-4728C9786979}.Ad-Hoc|Any CPU.Deploy.0 = Release|Any CPU
		{3BED1C6B-3022-4AF1-8152-4728C9786979}.Ad-Hoc|ARM.ActiveCfg = Release|Any CPU
		{3BED1C6B-3022-4AF1-8152-4728C9786979}.Ad-Hoc|ARM.Build.0 = Release|Any CPU
		{3BED1C6B-3022-4AF1-8152-4728C9786979}.Ad-Hoc|ARM.Deploy.0 = Release|Any CPU
		{3BED1C6B-3022-4AF1-8152-4728C9786979}.Ad-Hoc|iPhone.ActiveCfg = Release|Any CPU
		{3BED1C6B-3022-4AF1-8152-4728C9786979}.Ad-Hoc|iPhone.Build.0 = Release|Any CPU
		{3BED1C6B-3022-4AF1-8152-4728C9786979}.Ad-Hoc|iPhone.Deploy.0 = Release|Any CPU
		{3BED1C6B-3022-4AF1-8152-4728C9786979}.Ad-Hoc|iPhoneSimulator.ActiveCfg = Release|Any CPU
		{3BED1C6B-3022-4AF1-8152-4728C9786979}.Ad-Hoc|iPhoneSimulator.Build.0 = Release|Any CPU
		{3BED1C6B-3022-4AF1-8152-4728C9786979}.Ad-Hoc|iPhoneSimulator.Deploy.0 = Release|Any CPU
		{3BED1C6B-3022-4AF1-8152-4728C9786979}.Ad-Hoc|x64.ActiveCfg = Release|Any CPU
		{3BED1C6B-3022-4AF1-8152-4728C9786979}.Ad-Hoc|x64.Build.0 = Release|Any CPU
		{3BED1C6B-3022-4AF1-8152-4728C9786979}.Ad-Hoc|x64.Deploy.0 = Release|Any CPU
		{3BED1C6B-3022-4AF1-8152-4728C9786979}.Ad-Hoc|x86.ActiveCfg = Release|Any CPU
		{3BED1C6B-3022-4AF1-8152-4728C9786979}.Ad-Hoc|x86.Build.0 = Release|Any CPU
		{3BED1C6B-3022-4AF1-8152-4728C9786979}.Ad-Hoc|x86.Deploy.0 = Release|Any CPU
		{3BED1C6B-3022-4AF1-8152-4728C9786979}.AppStore|Any CPU.ActiveCfg = Release|Any CPU
		{3BED1C6B-3022-4AF1-8152-4728C9786979}.AppStore|Any CPU.Build.0 = Release|Any CPU
		{3BED1C6B-3022-4AF1-8152-4728C9786979}.AppStore|Any CPU.Deploy.0 = Release|Any CPU
		{3BED1C6B-3022-4AF1-8152-4728C9786979}.AppStore|ARM.ActiveCfg = Release|Any CPU
		{3BED1C6B-3022-4AF1-8152-4728C9786979}.AppStore|ARM.Build.0 = Release|Any CPU
		{3BED1C6B-3022-4AF1-8152-4728C9786979}.AppStore|ARM.Deploy.0 = Release|Any CPU
		{3BED1C6B-3022-4AF1-8152-4728C9786979}.AppStore|iPhone.ActiveCfg = Release|Any CPU
		{3BED1C6B-3022-4AF1-8152-4728C9786979}.AppStore|iPhone.Build.0 = Release|Any CPU
		{3BED1C6B-3022-4AF1-8152-4728C9786979}.AppStore|iPhone.Deploy.0 = Release|Any CPU
		{3BED1C6B-3022-4AF1-8152-4728C9786979}.AppStore|iPhoneSimulator.ActiveCfg = Release|Any CPU
		{3BED1C6B-3022-4AF1-8152-4728C9786979}.AppStore|iPhoneSimulator.Build.0 = Release|Any CPU
		{3BED1C6B-3022-4AF1-8152-4728C9786979}.AppStore|iPhoneSimulator.Deploy.0 = Release|Any CPU
		{3BED1C6B-3022-4AF1-8152-4728C9786979}.AppStore|x64.ActiveCfg = Release|Any CPU
		{3BED1C6B-3022-4AF1-8152-4728C9786979}.AppStore|x64.Build.0 = Release|Any CPU
		{3BED1C6B-3022-4AF1-8152-4728C9786979}.AppStore|x64.Deploy.0 = Release|Any CPU
		{3BED1C6B-3022-4AF1-8152-4728C9786979}.AppStore|x86.ActiveCfg = Release|Any CPU
		{3BED1C6B-3022-4AF1-8152-4728C9786979}.AppStore|x86.Build.0 = Release|Any CPU
		{3BED1C6B-3022-4AF1-8152-4728C9786979}.AppStore|x86.Deploy.0 = Release|Any CPU
		{3BED1C6B-3022-4AF1-8152-4728C9786979}.Debug|Any CPU.ActiveCfg = Debug|Any CPU
		{3BED1C6B-3022-4AF1-8152-4728C9786979}.Debug|Any CPU.Build.0 = Debug|Any CPU
		{3BED1C6B-3022-4AF1-8152-4728C9786979}.Debug|Any CPU.Deploy.0 = Debug|Any CPU
		{3BED1C6B-3022-4AF1-8152-4728C9786979}.Debug|ARM.ActiveCfg = Debug|Any CPU
		{3BED1C6B-3022-4AF1-8152-4728C9786979}.Debug|ARM.Build.0 = Debug|Any CPU
		{3BED1C6B-3022-4AF1-8152-4728C9786979}.Debug|ARM.Deploy.0 = Debug|Any CPU
		{3BED1C6B-3022-4AF1-8152-4728C9786979}.Debug|iPhone.ActiveCfg = Debug|Any CPU
		{3BED1C6B-3022-4AF1-8152-4728C9786979}.Debug|iPhone.Build.0 = Debug|Any CPU
		{3BED1C6B-3022-4AF1-8152-4728C9786979}.Debug|iPhone.Deploy.0 = Debug|Any CPU
		{3BED1C6B-3022-4AF1-8152-4728C9786979}.Debug|iPhoneSimulator.ActiveCfg = Debug|Any CPU
		{3BED1C6B-3022-4AF1-8152-4728C9786979}.Debug|iPhoneSimulator.Build.0 = Debug|Any CPU
		{3BED1C6B-3022-4AF1-8152-4728C9786979}.Debug|iPhoneSimulator.Deploy.0 = Debug|Any CPU
		{3BED1C6B-3022-4AF1-8152-4728C9786979}.Debug|x64.ActiveCfg = Debug|Any CPU
		{3BED1C6B-3022-4AF1-8152-4728C9786979}.Debug|x64.Build.0 = Debug|Any CPU
		{3BED1C6B-3022-4AF1-8152-4728C9786979}.Debug|x64.Deploy.0 = Debug|Any CPU
		{3BED1C6B-3022-4AF1-8152-4728C9786979}.Debug|x86.ActiveCfg = Debug|Any CPU
		{3BED1C6B-3022-4AF1-8152-4728C9786979}.Debug|x86.Build.0 = Debug|Any CPU
		{3BED1C6B-3022-4AF1-8152-4728C9786979}.Debug|x86.Deploy.0 = Debug|Any CPU
		{3BED1C6B-3022-4AF1-8152-4728C9786979}.Release|Any CPU.ActiveCfg = Release|Any CPU
		{3BED1C6B-3022-4AF1-8152-4728C9786979}.Release|Any CPU.Build.0 = Release|Any CPU
		{3BED1C6B-3022-4AF1-8152-4728C9786979}.Release|Any CPU.Deploy.0 = Release|Any CPU
		{3BED1C6B-3022-4AF1-8152-4728C9786979}.Release|ARM.ActiveCfg = Release|Any CPU
		{3BED1C6B-3022-4AF1-8152-4728C9786979}.Release|ARM.Build.0 = Release|Any CPU
		{3BED1C6B-3022-4AF1-8152-4728C9786979}.Release|ARM.Deploy.0 = Release|Any CPU
		{3BED1C6B-3022-4AF1-8152-4728C9786979}.Release|iPhone.ActiveCfg = Release|Any CPU
		{3BED1C6B-3022-4AF1-8152-4728C9786979}.Release|iPhone.Build.0 = Release|Any CPU
		{3BED1C6B-3022-4AF1-8152-4728C9786979}.Release|iPhone.Deploy.0 = Release|Any CPU
		{3BED1C6B-3022-4AF1-8152-4728C9786979}.Release|iPhoneSimulator.ActiveCfg = Release|Any CPU
		{3BED1C6B-3022-4AF1-8152-4728C9786979}.Release|iPhoneSimulator.Build.0 = Release|Any CPU
		{3BED1C6B-3022-4AF1-8152-4728C9786979}.Release|iPhoneSimulator.Deploy.0 = Release|Any CPU
		{3BED1C6B-3022-4AF1-8152-4728C9786979}.Release|x64.ActiveCfg = Release|Any CPU
		{3BED1C6B-3022-4AF1-8152-4728C9786979}.Release|x64.Build.0 = Release|Any CPU
		{3BED1C6B-3022-4AF1-8152-4728C9786979}.Release|x64.Deploy.0 = Release|Any CPU
		{3BED1C6B-3022-4AF1-8152-4728C9786979}.Release|x86.ActiveCfg = Release|Any CPU
		{3BED1C6B-3022-4AF1-8152-4728C9786979}.Release|x86.Build.0 = Release|Any CPU
		{3BED1C6B-3022-4AF1-8152-4728C9786979}.Release|x86.Deploy.0 = Release|Any CPU
		{202CF8C6-23B1-484C-A055-B46325814C2F}.Ad-Hoc|Any CPU.ActiveCfg = Ad-Hoc|iPhone
		{202CF8C6-23B1-484C-A055-B46325814C2F}.Ad-Hoc|ARM.ActiveCfg = Ad-Hoc|iPhone
		{202CF8C6-23B1-484C-A055-B46325814C2F}.Ad-Hoc|iPhone.ActiveCfg = Ad-Hoc|iPhone
		{202CF8C6-23B1-484C-A055-B46325814C2F}.Ad-Hoc|iPhone.Build.0 = Ad-Hoc|iPhone
		{202CF8C6-23B1-484C-A055-B46325814C2F}.Ad-Hoc|iPhoneSimulator.ActiveCfg = Ad-Hoc|iPhoneSimulator
		{202CF8C6-23B1-484C-A055-B46325814C2F}.Ad-Hoc|iPhoneSimulator.Build.0 = Ad-Hoc|iPhoneSimulator
		{202CF8C6-23B1-484C-A055-B46325814C2F}.Ad-Hoc|x64.ActiveCfg = Ad-Hoc|iPhone
		{202CF8C6-23B1-484C-A055-B46325814C2F}.Ad-Hoc|x86.ActiveCfg = Ad-Hoc|iPhone
		{202CF8C6-23B1-484C-A055-B46325814C2F}.AppStore|Any CPU.ActiveCfg = AppStore|iPhone
		{202CF8C6-23B1-484C-A055-B46325814C2F}.AppStore|ARM.ActiveCfg = AppStore|iPhone
		{202CF8C6-23B1-484C-A055-B46325814C2F}.AppStore|iPhone.ActiveCfg = AppStore|iPhone
		{202CF8C6-23B1-484C-A055-B46325814C2F}.AppStore|iPhone.Build.0 = AppStore|iPhone
		{202CF8C6-23B1-484C-A055-B46325814C2F}.AppStore|iPhoneSimulator.ActiveCfg = AppStore|iPhoneSimulator
		{202CF8C6-23B1-484C-A055-B46325814C2F}.AppStore|iPhoneSimulator.Build.0 = AppStore|iPhoneSimulator
		{202CF8C6-23B1-484C-A055-B46325814C2F}.AppStore|x64.ActiveCfg = AppStore|iPhone
		{202CF8C6-23B1-484C-A055-B46325814C2F}.AppStore|x86.ActiveCfg = AppStore|iPhone
		{202CF8C6-23B1-484C-A055-B46325814C2F}.Debug|Any CPU.ActiveCfg = Debug|iPhone
		{202CF8C6-23B1-484C-A055-B46325814C2F}.Debug|ARM.ActiveCfg = Debug|iPhone
		{202CF8C6-23B1-484C-A055-B46325814C2F}.Debug|iPhone.ActiveCfg = Debug|iPhone
		{202CF8C6-23B1-484C-A055-B46325814C2F}.Debug|iPhone.Build.0 = Debug|iPhone
		{202CF8C6-23B1-484C-A055-B46325814C2F}.Debug|iPhoneSimulator.ActiveCfg = Debug|iPhoneSimulator
		{202CF8C6-23B1-484C-A055-B46325814C2F}.Debug|iPhoneSimulator.Build.0 = Debug|iPhoneSimulator
		{202CF8C6-23B1-484C-A055-B46325814C2F}.Debug|x64.ActiveCfg = Debug|iPhone
		{202CF8C6-23B1-484C-A055-B46325814C2F}.Debug|x86.ActiveCfg = Debug|iPhone
		{202CF8C6-23B1-484C-A055-B46325814C2F}.Release|Any CPU.ActiveCfg = Release|iPhone
		{202CF8C6-23B1-484C-A055-B46325814C2F}.Release|ARM.ActiveCfg = Release|iPhone
		{202CF8C6-23B1-484C-A055-B46325814C2F}.Release|iPhone.ActiveCfg = Release|iPhone
		{202CF8C6-23B1-484C-A055-B46325814C2F}.Release|iPhone.Build.0 = Release|iPhone
		{202CF8C6-23B1-484C-A055-B46325814C2F}.Release|iPhoneSimulator.ActiveCfg = Release|iPhoneSimulator
		{202CF8C6-23B1-484C-A055-B46325814C2F}.Release|iPhoneSimulator.Build.0 = Release|iPhoneSimulator
		{202CF8C6-23B1-484C-A055-B46325814C2F}.Release|x64.ActiveCfg = Release|iPhone
		{202CF8C6-23B1-484C-A055-B46325814C2F}.Release|x86.ActiveCfg = Release|iPhone
		{AA938C26-FF42-42C6-8041-16576A2C60C8}.Ad-Hoc|Any CPU.ActiveCfg = Release|Any CPU
		{AA938C26-FF42-42C6-8041-16576A2C60C8}.Ad-Hoc|Any CPU.Build.0 = Release|Any CPU
		{AA938C26-FF42-42C6-8041-16576A2C60C8}.Ad-Hoc|Any CPU.Deploy.0 = Release|Any CPU
		{AA938C26-FF42-42C6-8041-16576A2C60C8}.Ad-Hoc|ARM.ActiveCfg = Release|ARM
		{AA938C26-FF42-42C6-8041-16576A2C60C8}.Ad-Hoc|ARM.Build.0 = Release|ARM
		{AA938C26-FF42-42C6-8041-16576A2C60C8}.Ad-Hoc|ARM.Deploy.0 = Release|ARM
		{AA938C26-FF42-42C6-8041-16576A2C60C8}.Ad-Hoc|iPhone.ActiveCfg = Release|Any CPU
		{AA938C26-FF42-42C6-8041-16576A2C60C8}.Ad-Hoc|iPhone.Build.0 = Release|Any CPU
		{AA938C26-FF42-42C6-8041-16576A2C60C8}.Ad-Hoc|iPhone.Deploy.0 = Release|Any CPU
		{AA938C26-FF42-42C6-8041-16576A2C60C8}.Ad-Hoc|iPhoneSimulator.ActiveCfg = Release|Any CPU
		{AA938C26-FF42-42C6-8041-16576A2C60C8}.Ad-Hoc|iPhoneSimulator.Build.0 = Release|Any CPU
		{AA938C26-FF42-42C6-8041-16576A2C60C8}.Ad-Hoc|iPhoneSimulator.Deploy.0 = Release|Any CPU
		{AA938C26-FF42-42C6-8041-16576A2C60C8}.Ad-Hoc|x64.ActiveCfg = Release|Any CPU
		{AA938C26-FF42-42C6-8041-16576A2C60C8}.Ad-Hoc|x64.Build.0 = Release|Any CPU
		{AA938C26-FF42-42C6-8041-16576A2C60C8}.Ad-Hoc|x64.Deploy.0 = Release|Any CPU
		{AA938C26-FF42-42C6-8041-16576A2C60C8}.Ad-Hoc|x86.ActiveCfg = Release|x86
		{AA938C26-FF42-42C6-8041-16576A2C60C8}.Ad-Hoc|x86.Build.0 = Release|x86
		{AA938C26-FF42-42C6-8041-16576A2C60C8}.Ad-Hoc|x86.Deploy.0 = Release|x86
		{AA938C26-FF42-42C6-8041-16576A2C60C8}.AppStore|Any CPU.ActiveCfg = Release|Any CPU
		{AA938C26-FF42-42C6-8041-16576A2C60C8}.AppStore|Any CPU.Build.0 = Release|Any CPU
		{AA938C26-FF42-42C6-8041-16576A2C60C8}.AppStore|Any CPU.Deploy.0 = Release|Any CPU
		{AA938C26-FF42-42C6-8041-16576A2C60C8}.AppStore|ARM.ActiveCfg = Release|ARM
		{AA938C26-FF42-42C6-8041-16576A2C60C8}.AppStore|ARM.Build.0 = Release|ARM
		{AA938C26-FF42-42C6-8041-16576A2C60C8}.AppStore|ARM.Deploy.0 = Release|ARM
		{AA938C26-FF42-42C6-8041-16576A2C60C8}.AppStore|iPhone.ActiveCfg = Release|Any CPU
		{AA938C26-FF42-42C6-8041-16576A2C60C8}.AppStore|iPhone.Build.0 = Release|Any CPU
		{AA938C26-FF42-42C6-8041-16576A2C60C8}.AppStore|iPhone.Deploy.0 = Release|Any CPU
		{AA938C26-FF42-42C6-8041-16576A2C60C8}.AppStore|iPhoneSimulator.ActiveCfg = Release|Any CPU
		{AA938C26-FF42-42C6-8041-16576A2C60C8}.AppStore|iPhoneSimulator.Build.0 = Release|Any CPU
		{AA938C26-FF42-42C6-8041-16576A2C60C8}.AppStore|iPhoneSimulator.Deploy.0 = Release|Any CPU
		{AA938C26-FF42-42C6-8041-16576A2C60C8}.AppStore|x64.ActiveCfg = Release|Any CPU
		{AA938C26-FF42-42C6-8041-16576A2C60C8}.AppStore|x64.Build.0 = Release|Any CPU
		{AA938C26-FF42-42C6-8041-16576A2C60C8}.AppStore|x64.Deploy.0 = Release|Any CPU
		{AA938C26-FF42-42C6-8041-16576A2C60C8}.AppStore|x86.ActiveCfg = Release|x86
		{AA938C26-FF42-42C6-8041-16576A2C60C8}.AppStore|x86.Build.0 = Release|x86
		{AA938C26-FF42-42C6-8041-16576A2C60C8}.AppStore|x86.Deploy.0 = Release|x86
		{AA938C26-FF42-42C6-8041-16576A2C60C8}.Debug|Any CPU.ActiveCfg = Debug|Any CPU
		{AA938C26-FF42-42C6-8041-16576A2C60C8}.Debug|Any CPU.Build.0 = Debug|Any CPU
		{AA938C26-FF42-42C6-8041-16576A2C60C8}.Debug|Any CPU.Deploy.0 = Debug|Any CPU
		{AA938C26-FF42-42C6-8041-16576A2C60C8}.Debug|ARM.ActiveCfg = Debug|ARM
		{AA938C26-FF42-42C6-8041-16576A2C60C8}.Debug|ARM.Build.0 = Debug|ARM
		{AA938C26-FF42-42C6-8041-16576A2C60C8}.Debug|ARM.Deploy.0 = Debug|ARM
		{AA938C26-FF42-42C6-8041-16576A2C60C8}.Debug|iPhone.ActiveCfg = Debug|Any CPU
		{AA938C26-FF42-42C6-8041-16576A2C60C8}.Debug|iPhone.Build.0 = Debug|Any CPU
		{AA938C26-FF42-42C6-8041-16576A2C60C8}.Debug|iPhone.Deploy.0 = Debug|Any CPU
		{AA938C26-FF42-42C6-8041-16576A2C60C8}.Debug|iPhoneSimulator.ActiveCfg = Debug|Any CPU
		{AA938C26-FF42-42C6-8041-16576A2C60C8}.Debug|iPhoneSimulator.Build.0 = Debug|Any CPU
		{AA938C26-FF42-42C6-8041-16576A2C60C8}.Debug|iPhoneSimulator.Deploy.0 = Debug|Any CPU
		{AA938C26-FF42-42C6-8041-16576A2C60C8}.Debug|x64.ActiveCfg = Debug|Any CPU
		{AA938C26-FF42-42C6-8041-16576A2C60C8}.Debug|x64.Build.0 = Debug|Any CPU
		{AA938C26-FF42-42C6-8041-16576A2C60C8}.Debug|x64.Deploy.0 = Debug|Any CPU
		{AA938C26-FF42-42C6-8041-16576A2C60C8}.Debug|x86.ActiveCfg = Debug|x86
		{AA938C26-FF42-42C6-8041-16576A2C60C8}.Debug|x86.Build.0 = Debug|x86
		{AA938C26-FF42-42C6-8041-16576A2C60C8}.Debug|x86.Deploy.0 = Debug|x86
		{AA938C26-FF42-42C6-8041-16576A2C60C8}.Release|Any CPU.ActiveCfg = Release|Any CPU
		{AA938C26-FF42-42C6-8041-16576A2C60C8}.Release|Any CPU.Build.0 = Release|Any CPU
		{AA938C26-FF42-42C6-8041-16576A2C60C8}.Release|Any CPU.Deploy.0 = Release|Any CPU
		{AA938C26-FF42-42C6-8041-16576A2C60C8}.Release|ARM.ActiveCfg = Release|ARM
		{AA938C26-FF42-42C6-8041-16576A2C60C8}.Release|ARM.Build.0 = Release|ARM
		{AA938C26-FF42-42C6-8041-16576A2C60C8}.Release|ARM.Deploy.0 = Release|ARM
		{AA938C26-FF42-42C6-8041-16576A2C60C8}.Release|iPhone.ActiveCfg = Release|Any CPU
		{AA938C26-FF42-42C6-8041-16576A2C60C8}.Release|iPhone.Build.0 = Release|Any CPU
		{AA938C26-FF42-42C6-8041-16576A2C60C8}.Release|iPhone.Deploy.0 = Release|Any CPU
		{AA938C26-FF42-42C6-8041-16576A2C60C8}.Release|iPhoneSimulator.ActiveCfg = Release|Any CPU
		{AA938C26-FF42-42C6-8041-16576A2C60C8}.Release|iPhoneSimulator.Build.0 = Release|Any CPU
		{AA938C26-FF42-42C6-8041-16576A2C60C8}.Release|iPhoneSimulator.Deploy.0 = Release|Any CPU
		{AA938C26-FF42-42C6-8041-16576A2C60C8}.Release|x64.ActiveCfg = Release|Any CPU
		{AA938C26-FF42-42C6-8041-16576A2C60C8}.Release|x64.Build.0 = Release|Any CPU
		{AA938C26-FF42-42C6-8041-16576A2C60C8}.Release|x64.Deploy.0 = Release|Any CPU
		{AA938C26-FF42-42C6-8041-16576A2C60C8}.Release|x86.ActiveCfg = Release|x86
		{AA938C26-FF42-42C6-8041-16576A2C60C8}.Release|x86.Build.0 = Release|x86
		{AA938C26-FF42-42C6-8041-16576A2C60C8}.Release|x86.Deploy.0 = Release|x86
		{F973151D-1951-4709-8C60-33E37A0D288E}.Ad-Hoc|Any CPU.ActiveCfg = Release|x86
		{F973151D-1951-4709-8C60-33E37A0D288E}.Ad-Hoc|Any CPU.Build.0 = Release|x86
		{F973151D-1951-4709-8C60-33E37A0D288E}.Ad-Hoc|Any CPU.Deploy.0 = Release|x86
		{F973151D-1951-4709-8C60-33E37A0D288E}.Ad-Hoc|ARM.ActiveCfg = Release|ARM
		{F973151D-1951-4709-8C60-33E37A0D288E}.Ad-Hoc|ARM.Build.0 = Release|ARM
		{F973151D-1951-4709-8C60-33E37A0D288E}.Ad-Hoc|ARM.Deploy.0 = Release|ARM
		{F973151D-1951-4709-8C60-33E37A0D288E}.Ad-Hoc|iPhone.ActiveCfg = Release|x86
		{F973151D-1951-4709-8C60-33E37A0D288E}.Ad-Hoc|iPhone.Build.0 = Release|x86
		{F973151D-1951-4709-8C60-33E37A0D288E}.Ad-Hoc|iPhone.Deploy.0 = Release|x86
		{F973151D-1951-4709-8C60-33E37A0D288E}.Ad-Hoc|iPhoneSimulator.ActiveCfg = Release|x86
		{F973151D-1951-4709-8C60-33E37A0D288E}.Ad-Hoc|iPhoneSimulator.Build.0 = Release|x86
		{F973151D-1951-4709-8C60-33E37A0D288E}.Ad-Hoc|iPhoneSimulator.Deploy.0 = Release|x86
		{F973151D-1951-4709-8C60-33E37A0D288E}.Ad-Hoc|x64.ActiveCfg = Release|x64
		{F973151D-1951-4709-8C60-33E37A0D288E}.Ad-Hoc|x64.Build.0 = Release|x64
		{F973151D-1951-4709-8C60-33E37A0D288E}.Ad-Hoc|x64.Deploy.0 = Release|x64
		{F973151D-1951-4709-8C60-33E37A0D288E}.Ad-Hoc|x86.ActiveCfg = Release|x86
		{F973151D-1951-4709-8C60-33E37A0D288E}.Ad-Hoc|x86.Build.0 = Release|x86
		{F973151D-1951-4709-8C60-33E37A0D288E}.Ad-Hoc|x86.Deploy.0 = Release|x86
		{F973151D-1951-4709-8C60-33E37A0D288E}.AppStore|Any CPU.ActiveCfg = Release|x86
		{F973151D-1951-4709-8C60-33E37A0D288E}.AppStore|Any CPU.Build.0 = Release|x86
		{F973151D-1951-4709-8C60-33E37A0D288E}.AppStore|Any CPU.Deploy.0 = Release|x86
		{F973151D-1951-4709-8C60-33E37A0D288E}.AppStore|ARM.ActiveCfg = Release|ARM
		{F973151D-1951-4709-8C60-33E37A0D288E}.AppStore|ARM.Build.0 = Release|ARM
		{F973151D-1951-4709-8C60-33E37A0D288E}.AppStore|ARM.Deploy.0 = Release|ARM
		{F973151D-1951-4709-8C60-33E37A0D288E}.AppStore|iPhone.ActiveCfg = Release|x86
		{F973151D-1951-4709-8C60-33E37A0D288E}.AppStore|iPhone.Build.0 = Release|x86
		{F973151D-1951-4709-8C60-33E37A0D288E}.AppStore|iPhone.Deploy.0 = Release|x86
		{F973151D-1951-4709-8C60-33E37A0D288E}.AppStore|iPhoneSimulator.ActiveCfg = Release|x86
		{F973151D-1951-4709-8C60-33E37A0D288E}.AppStore|iPhoneSimulator.Build.0 = Release|x86
		{F973151D-1951-4709-8C60-33E37A0D288E}.AppStore|iPhoneSimulator.Deploy.0 = Release|x86
		{F973151D-1951-4709-8C60-33E37A0D288E}.AppStore|x64.ActiveCfg = Release|x64
		{F973151D-1951-4709-8C60-33E37A0D288E}.AppStore|x64.Build.0 = Release|x64
		{F973151D-1951-4709-8C60-33E37A0D288E}.AppStore|x64.Deploy.0 = Release|x64
		{F973151D-1951-4709-8C60-33E37A0D288E}.AppStore|x86.ActiveCfg = Release|x86
		{F973151D-1951-4709-8C60-33E37A0D288E}.AppStore|x86.Build.0 = Release|x86
		{F973151D-1951-4709-8C60-33E37A0D288E}.AppStore|x86.Deploy.0 = Release|x86
		{F973151D-1951-4709-8C60-33E37A0D288E}.Debug|Any CPU.ActiveCfg = Debug|x86
		{F973151D-1951-4709-8C60-33E37A0D288E}.Debug|ARM.ActiveCfg = Debug|ARM
		{F973151D-1951-4709-8C60-33E37A0D288E}.Debug|ARM.Build.0 = Debug|ARM
		{F973151D-1951-4709-8C60-33E37A0D288E}.Debug|ARM.Deploy.0 = Debug|ARM
		{F973151D-1951-4709-8C60-33E37A0D288E}.Debug|iPhone.ActiveCfg = Debug|x86
		{F973151D-1951-4709-8C60-33E37A0D288E}.Debug|iPhoneSimulator.ActiveCfg = Debug|x86
		{F973151D-1951-4709-8C60-33E37A0D288E}.Debug|x64.ActiveCfg = Debug|x64
		{F973151D-1951-4709-8C60-33E37A0D288E}.Debug|x64.Build.0 = Debug|x64
		{F973151D-1951-4709-8C60-33E37A0D288E}.Debug|x64.Deploy.0 = Debug|x64
		{F973151D-1951-4709-8C60-33E37A0D288E}.Debug|x86.ActiveCfg = Debug|x86
		{F973151D-1951-4709-8C60-33E37A0D288E}.Debug|x86.Build.0 = Debug|x86
		{F973151D-1951-4709-8C60-33E37A0D288E}.Debug|x86.Deploy.0 = Debug|x86
		{F973151D-1951-4709-8C60-33E37A0D288E}.Release|Any CPU.ActiveCfg = Release|x86
		{F973151D-1951-4709-8C60-33E37A0D288E}.Release|ARM.ActiveCfg = Release|ARM
		{F973151D-1951-4709-8C60-33E37A0D288E}.Release|ARM.Build.0 = Release|ARM
		{F973151D-1951-4709-8C60-33E37A0D288E}.Release|ARM.Deploy.0 = Release|ARM
		{F973151D-1951-4709-8C60-33E37A0D288E}.Release|iPhone.ActiveCfg = Release|x86
		{F973151D-1951-4709-8C60-33E37A0D288E}.Release|iPhoneSimulator.ActiveCfg = Release|x86
		{F973151D-1951-4709-8C60-33E37A0D288E}.Release|x64.ActiveCfg = Release|x64
		{F973151D-1951-4709-8C60-33E37A0D288E}.Release|x64.Build.0 = Release|x64
		{F973151D-1951-4709-8C60-33E37A0D288E}.Release|x64.Deploy.0 = Release|x64
		{F973151D-1951-4709-8C60-33E37A0D288E}.Release|x86.ActiveCfg = Release|x86
		{F973151D-1951-4709-8C60-33E37A0D288E}.Release|x86.Build.0 = Release|x86
		{F973151D-1951-4709-8C60-33E37A0D288E}.Release|x86.Deploy.0 = Release|x86
		{756BFC22-0C93-414C-8B13-7EEEF7FDBC18}.Ad-Hoc|Any CPU.ActiveCfg = Release|Any CPU
		{756BFC22-0C93-414C-8B13-7EEEF7FDBC18}.Ad-Hoc|Any CPU.Build.0 = Release|Any CPU
		{756BFC22-0C93-414C-8B13-7EEEF7FDBC18}.Ad-Hoc|Any CPU.Deploy.0 = Release|Any CPU
		{756BFC22-0C93-414C-8B13-7EEEF7FDBC18}.Ad-Hoc|ARM.ActiveCfg = Release|ARM
		{756BFC22-0C93-414C-8B13-7EEEF7FDBC18}.Ad-Hoc|ARM.Build.0 = Release|ARM
		{756BFC22-0C93-414C-8B13-7EEEF7FDBC18}.Ad-Hoc|ARM.Deploy.0 = Release|ARM
		{756BFC22-0C93-414C-8B13-7EEEF7FDBC18}.Ad-Hoc|iPhone.ActiveCfg = Release|Any CPU
		{756BFC22-0C93-414C-8B13-7EEEF7FDBC18}.Ad-Hoc|iPhone.Build.0 = Release|Any CPU
		{756BFC22-0C93-414C-8B13-7EEEF7FDBC18}.Ad-Hoc|iPhone.Deploy.0 = Release|Any CPU
		{756BFC22-0C93-414C-8B13-7EEEF7FDBC18}.Ad-Hoc|iPhoneSimulator.ActiveCfg = Release|Any CPU
		{756BFC22-0C93-414C-8B13-7EEEF7FDBC18}.Ad-Hoc|iPhoneSimulator.Build.0 = Release|Any CPU
		{756BFC22-0C93-414C-8B13-7EEEF7FDBC18}.Ad-Hoc|iPhoneSimulator.Deploy.0 = Release|Any CPU
		{756BFC22-0C93-414C-8B13-7EEEF7FDBC18}.Ad-Hoc|x64.ActiveCfg = Release|x64
		{756BFC22-0C93-414C-8B13-7EEEF7FDBC18}.Ad-Hoc|x64.Build.0 = Release|x64
		{756BFC22-0C93-414C-8B13-7EEEF7FDBC18}.Ad-Hoc|x64.Deploy.0 = Release|x64
		{756BFC22-0C93-414C-8B13-7EEEF7FDBC18}.Ad-Hoc|x86.ActiveCfg = Release|x86
		{756BFC22-0C93-414C-8B13-7EEEF7FDBC18}.Ad-Hoc|x86.Build.0 = Release|x86
		{756BFC22-0C93-414C-8B13-7EEEF7FDBC18}.Ad-Hoc|x86.Deploy.0 = Release|x86
		{756BFC22-0C93-414C-8B13-7EEEF7FDBC18}.AppStore|Any CPU.ActiveCfg = Release|Any CPU
		{756BFC22-0C93-414C-8B13-7EEEF7FDBC18}.AppStore|Any CPU.Build.0 = Release|Any CPU
		{756BFC22-0C93-414C-8B13-7EEEF7FDBC18}.AppStore|Any CPU.Deploy.0 = Release|Any CPU
		{756BFC22-0C93-414C-8B13-7EEEF7FDBC18}.AppStore|ARM.ActiveCfg = Release|ARM
		{756BFC22-0C93-414C-8B13-7EEEF7FDBC18}.AppStore|ARM.Build.0 = Release|ARM
		{756BFC22-0C93-414C-8B13-7EEEF7FDBC18}.AppStore|ARM.Deploy.0 = Release|ARM
		{756BFC22-0C93-414C-8B13-7EEEF7FDBC18}.AppStore|iPhone.ActiveCfg = Release|Any CPU
		{756BFC22-0C93-414C-8B13-7EEEF7FDBC18}.AppStore|iPhone.Build.0 = Release|Any CPU
		{756BFC22-0C93-414C-8B13-7EEEF7FDBC18}.AppStore|iPhone.Deploy.0 = Release|Any CPU
		{756BFC22-0C93-414C-8B13-7EEEF7FDBC18}.AppStore|iPhoneSimulator.ActiveCfg = Release|Any CPU
		{756BFC22-0C93-414C-8B13-7EEEF7FDBC18}.AppStore|iPhoneSimulator.Build.0 = Release|Any CPU
		{756BFC22-0C93-414C-8B13-7EEEF7FDBC18}.AppStore|iPhoneSimulator.Deploy.0 = Release|Any CPU
		{756BFC22-0C93-414C-8B13-7EEEF7FDBC18}.AppStore|x64.ActiveCfg = Release|x64
		{756BFC22-0C93-414C-8B13-7EEEF7FDBC18}.AppStore|x64.Build.0 = Release|x64
		{756BFC22-0C93-414C-8B13-7EEEF7FDBC18}.AppStore|x64.Deploy.0 = Release|x64
		{756BFC22-0C93-414C-8B13-7EEEF7FDBC18}.AppStore|x86.ActiveCfg = Release|x86
		{756BFC22-0C93-414C-8B13-7EEEF7FDBC18}.AppStore|x86.Build.0 = Release|x86
		{756BFC22-0C93-414C-8B13-7EEEF7FDBC18}.AppStore|x86.Deploy.0 = Release|x86
		{756BFC22-0C93-414C-8B13-7EEEF7FDBC18}.Debug|Any CPU.ActiveCfg = Debug|Any CPU
		{756BFC22-0C93-414C-8B13-7EEEF7FDBC18}.Debug|Any CPU.Build.0 = Debug|Any CPU
		{756BFC22-0C93-414C-8B13-7EEEF7FDBC18}.Debug|Any CPU.Deploy.0 = Debug|Any CPU
		{756BFC22-0C93-414C-8B13-7EEEF7FDBC18}.Debug|ARM.ActiveCfg = Debug|ARM
		{756BFC22-0C93-414C-8B13-7EEEF7FDBC18}.Debug|ARM.Build.0 = Debug|ARM
		{756BFC22-0C93-414C-8B13-7EEEF7FDBC18}.Debug|ARM.Deploy.0 = Debug|ARM
		{756BFC22-0C93-414C-8B13-7EEEF7FDBC18}.Debug|iPhone.ActiveCfg = Debug|Any CPU
		{756BFC22-0C93-414C-8B13-7EEEF7FDBC18}.Debug|iPhone.Build.0 = Debug|Any CPU
		{756BFC22-0C93-414C-8B13-7EEEF7FDBC18}.Debug|iPhone.Deploy.0 = Debug|Any CPU
		{756BFC22-0C93-414C-8B13-7EEEF7FDBC18}.Debug|iPhoneSimulator.ActiveCfg = Debug|Any CPU
		{756BFC22-0C93-414C-8B13-7EEEF7FDBC18}.Debug|iPhoneSimulator.Build.0 = Debug|Any CPU
		{756BFC22-0C93-414C-8B13-7EEEF7FDBC18}.Debug|iPhoneSimulator.Deploy.0 = Debug|Any CPU
		{756BFC22-0C93-414C-8B13-7EEEF7FDBC18}.Debug|x64.ActiveCfg = Debug|x64
		{756BFC22-0C93-414C-8B13-7EEEF7FDBC18}.Debug|x64.Build.0 = Debug|x64
		{756BFC22-0C93-414C-8B13-7EEEF7FDBC18}.Debug|x64.Deploy.0 = Debug|x64
		{756BFC22-0C93-414C-8B13-7EEEF7FDBC18}.Debug|x86.ActiveCfg = Debug|x86
		{756BFC22-0C93-414C-8B13-7EEEF7FDBC18}.Debug|x86.Build.0 = Debug|x86
		{756BFC22-0C93-414C-8B13-7EEEF7FDBC18}.Debug|x86.Deploy.0 = Debug|x86
		{756BFC22-0C93-414C-8B13-7EEEF7FDBC18}.Release|Any CPU.ActiveCfg = Release|Any CPU
		{756BFC22-0C93-414C-8B13-7EEEF7FDBC18}.Release|Any CPU.Build.0 = Release|Any CPU
		{756BFC22-0C93-414C-8B13-7EEEF7FDBC18}.Release|Any CPU.Deploy.0 = Release|Any CPU
		{756BFC22-0C93-414C-8B13-7EEEF7FDBC18}.Release|ARM.ActiveCfg = Release|ARM
		{756BFC22-0C93-414C-8B13-7EEEF7FDBC18}.Release|ARM.Build.0 = Release|ARM
		{756BFC22-0C93-414C-8B13-7EEEF7FDBC18}.Release|ARM.Deploy.0 = Release|ARM
		{756BFC22-0C93-414C-8B13-7EEEF7FDBC18}.Release|iPhone.ActiveCfg = Release|Any CPU
		{756BFC22-0C93-414C-8B13-7EEEF7FDBC18}.Release|iPhone.Build.0 = Release|Any CPU
		{756BFC22-0C93-414C-8B13-7EEEF7FDBC18}.Release|iPhone.Deploy.0 = Release|Any CPU
		{756BFC22-0C93-414C-8B13-7EEEF7FDBC18}.Release|iPhoneSimulator.ActiveCfg = Release|Any CPU
		{756BFC22-0C93-414C-8B13-7EEEF7FDBC18}.Release|iPhoneSimulator.Build.0 = Release|Any CPU
		{756BFC22-0C93-414C-8B13-7EEEF7FDBC18}.Release|iPhoneSimulator.Deploy.0 = Release|Any CPU
		{756BFC22-0C93-414C-8B13-7EEEF7FDBC18}.Release|x64.ActiveCfg = Release|x64
		{756BFC22-0C93-414C-8B13-7EEEF7FDBC18}.Release|x64.Build.0 = Release|x64
		{756BFC22-0C93-414C-8B13-7EEEF7FDBC18}.Release|x64.Deploy.0 = Release|x64
		{756BFC22-0C93-414C-8B13-7EEEF7FDBC18}.Release|x86.ActiveCfg = Release|x86
		{756BFC22-0C93-414C-8B13-7EEEF7FDBC18}.Release|x86.Build.0 = Release|x86
		{756BFC22-0C93-414C-8B13-7EEEF7FDBC18}.Release|x86.Deploy.0 = Release|x86
	EndGlobalSection
	GlobalSection(SolutionProperties) = preSolution
		HideSolutionNode = FALSE
	EndGlobalSection
EndGlobal
