
Microsoft Visual Studio Solution File, Format Version 12.00
# Visual Studio 14
VisualStudioVersion = 14.0.25420.1
MinimumVisualStudioVersion = 10.0.40219.1
Project("{FAE04EC0-301F-11D3-BF4B-00C04F79EFBC}") = "MHG.Sample.UsePlugins", "MHG.Sample.UsePlugins\MHG.Sample.UsePlugins\MHG.Sample.UsePlugins.csproj", "{83346C04-8A09-4B45-96CC-A4C0FAE3994E}"
EndProject
Project("{FAE04EC0-301F-11D3-BF4B-00C04F79EFBC}") = "MHG.Sample.UsePlugins.Droid", "MHG.Sample.UsePlugins\MHG.Sample.UsePlugins.Droid\MHG.Sample.UsePlugins.Droid.csproj", "{050D1CA1-5279-4EB3-B5BD-B92CDF4ABD90}"
EndProject
Project("{FAE04EC0-301F-11D3-BF4B-00C04F79EFBC}") = "MHG.Sample.UsePlugins.iOS", "MHG.Sample.UsePlugins\MHG.Sample.UsePlugins.iOS\MHG.Sample.UsePlugins.iOS.csproj", "{6A48C796-EB9B-4306-9A29-270520B5C944}"
EndProject
Project("{FAE04EC0-301F-11D3-BF4B-00C04F79EFBC}") = "MHG.Sample.UsePlugins.WinPhone", "MHG.Sample.UsePlugins\MHG.Sample.UsePlugins.WinPhone\MHG.Sample.UsePlugins.WinPhone.csproj", "{F3DC159A-EC1E-4F8C-A742-E185D9ABEC1A}"
EndProject
Project("{FAE04EC0-301F-11D3-BF4B-00C04F79EFBC}") = "MHG.Sample.UsePlugins.UWP", "MHG.Sample.UsePlugins\MHG.Sample.UsePlugins.UWP\MHG.Sample.UsePlugins.UWP.csproj", "{E135C191-B776-4FB6-A1DF-A4041403FFAD}"
EndProject
Project("{FAE04EC0-301F-11D3-BF4B-00C04F79EFBC}") = "MHG.Sample.UsePlugins.Windows", "MHG.Sample.UsePlugins\MHG.Sample.UsePlugins.Windows\MHG.Sample.UsePlugins.Windows.csproj", "{F053BD02-0B08-4B26-880C-F0296810F1A5}"
EndProject
Global
	GlobalSection(SolutionConfigurationPlatforms) = preSolution
		Ad-Hoc|Any CPU = Ad-Hoc|Any CPU
		Ad-Hoc|ARM = Ad-Hoc|ARM
		Ad-Hoc|iPhone = Ad-Hoc|iPhone
		Ad-Hoc|iPhoneSimulator = Ad-Hoc|iPhoneSimulator
		Ad-Hoc|x64 = Ad-Hoc|x64
		Ad-Hoc|x86 = Ad-Hoc|x86
		AppStore|Any CPU = AppStore|Any CPU
		AppStore|ARM = AppStore|ARM
		AppStore|iPhone = AppStore|iPhone
		AppStore|iPhoneSimulator = AppStore|iPhoneSimulator
		AppStore|x64 = AppStore|x64
		AppStore|x86 = AppStore|x86
		Debug|Any CPU = Debug|Any CPU
		Debug|ARM = Debug|ARM
		Debug|iPhone = Debug|iPhone
		Debug|iPhoneSimulator = Debug|iPhoneSimulator
		Debug|x64 = Debug|x64
		Debug|x86 = Debug|x86
		Release|Any CPU = Release|Any CPU
		Release|ARM = Release|ARM
		Release|iPhone = Release|iPhone
		Release|iPhoneSimulator = Release|iPhoneSimulator
		Release|x64 = Release|x64
		Release|x86 = Release|x86
	EndGlobalSection
	GlobalSection(ProjectConfigurationPlatforms) = postSolution
		{83346C04-8A09-4B45-96CC-A4C0FAE3994E}.Ad-Hoc|Any CPU.ActiveCfg = Release|Any CPU
		{83346C04-8A09-4B45-96CC-A4C0FAE3994E}.Ad-Hoc|Any CPU.Build.0 = Release|Any CPU
		{83346C04-8A09-4B45-96CC-A4C0FAE3994E}.Ad-Hoc|ARM.ActiveCfg = Release|Any CPU
		{83346C04-8A09-4B45-96CC-A4C0FAE3994E}.Ad-Hoc|ARM.Build.0 = Release|Any CPU
		{83346C04-8A09-4B45-96CC-A4C0FAE3994E}.Ad-Hoc|iPhone.ActiveCfg = Release|Any CPU
		{83346C04-8A09-4B45-96CC-A4C0FAE3994E}.Ad-Hoc|iPhone.Build.0 = Release|Any CPU
		{83346C04-8A09-4B45-96CC-A4C0FAE3994E}.Ad-Hoc|iPhoneSimulator.ActiveCfg = Release|Any CPU
		{83346C04-8A09-4B45-96CC-A4C0FAE3994E}.Ad-Hoc|iPhoneSimulator.Build.0 = Release|Any CPU
		{83346C04-8A09-4B45-96CC-A4C0FAE3994E}.Ad-Hoc|x64.ActiveCfg = Release|Any CPU
		{83346C04-8A09-4B45-96CC-A4C0FAE3994E}.Ad-Hoc|x64.Build.0 = Release|Any CPU
		{83346C04-8A09-4B45-96CC-A4C0FAE3994E}.Ad-Hoc|x86.ActiveCfg = Release|Any CPU
		{83346C04-8A09-4B45-96CC-A4C0FAE3994E}.Ad-Hoc|x86.Build.0 = Release|Any CPU
		{83346C04-8A09-4B45-96CC-A4C0FAE3994E}.AppStore|Any CPU.ActiveCfg = Release|Any CPU
		{83346C04-8A09-4B45-96CC-A4C0FAE3994E}.AppStore|Any CPU.Build.0 = Release|Any CPU
		{83346C04-8A09-4B45-96CC-A4C0FAE3994E}.AppStore|ARM.ActiveCfg = Release|Any CPU
		{83346C04-8A09-4B45-96CC-A4C0FAE3994E}.AppStore|ARM.Build.0 = Release|Any CPU
		{83346C04-8A09-4B45-96CC-A4C0FAE3994E}.AppStore|iPhone.ActiveCfg = Release|Any CPU
		{83346C04-8A09-4B45-96CC-A4C0FAE3994E}.AppStore|iPhone.Build.0 = Release|Any CPU
		{83346C04-8A09-4B45-96CC-A4C0FAE3994E}.AppStore|iPhoneSimulator.ActiveCfg = Release|Any CPU
		{83346C04-8A09-4B45-96CC-A4C0FAE3994E}.AppStore|iPhoneSimulator.Build.0 = Release|Any CPU
		{83346C04-8A09-4B45-96CC-A4C0FAE3994E}.AppStore|x64.ActiveCfg = Release|Any CPU
		{83346C04-8A09-4B45-96CC-A4C0FAE3994E}.AppStore|x64.Build.0 = Release|Any CPU
		{83346C04-8A09-4B45-96CC-A4C0FAE3994E}.AppStore|x86.ActiveCfg = Release|Any CPU
		{83346C04-8A09-4B45-96CC-A4C0FAE3994E}.AppStore|x86.Build.0 = Release|Any CPU
		{83346C04-8A09-4B45-96CC-A4C0FAE3994E}.Debug|Any CPU.ActiveCfg = Debug|Any CPU
		{83346C04-8A09-4B45-96CC-A4C0FAE3994E}.Debug|Any CPU.Build.0 = Debug|Any CPU
		{83346C04-8A09-4B45-96CC-A4C0FAE3994E}.Debug|ARM.ActiveCfg = Debug|Any CPU
		{83346C04-8A09-4B45-96CC-A4C0FAE3994E}.Debug|ARM.Build.0 = Debug|Any CPU
		{83346C04-8A09-4B45-96CC-A4C0FAE3994E}.Debug|iPhone.ActiveCfg = Debug|Any CPU
		{83346C04-8A09-4B45-96CC-A4C0FAE3994E}.Debug|iPhone.Build.0 = Debug|Any CPU
		{83346C04-8A09-4B45-96CC-A4C0FAE3994E}.Debug|iPhoneSimulator.ActiveCfg = Debug|Any CPU
		{83346C04-8A09-4B45-96CC-A4C0FAE3994E}.Debug|iPhoneSimulator.Build.0 = Debug|Any CPU
		{83346C04-8A09-4B45-96CC-A4C0FAE3994E}.Debug|x64.ActiveCfg = Debug|Any CPU
		{83346C04-8A09-4B45-96CC-A4C0FAE3994E}.Debug|x64.Build.0 = Debug|Any CPU
		{83346C04-8A09-4B45-96CC-A4C0FAE3994E}.Debug|x86.ActiveCfg = Debug|Any CPU
		{83346C04-8A09-4B45-96CC-A4C0FAE3994E}.Debug|x86.Build.0 = Debug|Any CPU
		{83346C04-8A09-4B45-96CC-A4C0FAE3994E}.Release|Any CPU.ActiveCfg = Release|Any CPU
		{83346C04-8A09-4B45-96CC-A4C0FAE3994E}.Release|Any CPU.Build.0 = Release|Any CPU
		{83346C04-8A09-4B45-96CC-A4C0FAE3994E}.Release|ARM.ActiveCfg = Release|Any CPU
		{83346C04-8A09-4B45-96CC-A4C0FAE3994E}.Release|ARM.Build.0 = Release|Any CPU
		{83346C04-8A09-4B45-96CC-A4C0FAE3994E}.Release|iPhone.ActiveCfg = Release|Any CPU
		{83346C04-8A09-4B45-96CC-A4C0FAE3994E}.Release|iPhone.Build.0 = Release|Any CPU
		{83346C04-8A09-4B45-96CC-A4C0FAE3994E}.Release|iPhoneSimulator.ActiveCfg = Release|Any CPU
		{83346C04-8A09-4B45-96CC-A4C0FAE3994E}.Release|iPhoneSimulator.Build.0 = Release|Any CPU
		{83346C04-8A09-4B45-96CC-A4C0FAE3994E}.Release|x64.ActiveCfg = Release|Any CPU
		{83346C04-8A09-4B45-96CC-A4C0FAE3994E}.Release|x64.Build.0 = Release|Any CPU
		{83346C04-8A09-4B45-96CC-A4C0FAE3994E}.Release|x86.ActiveCfg = Release|Any CPU
		{83346C04-8A09-4B45-96CC-A4C0FAE3994E}.Release|x86.Build.0 = Release|Any CPU
		{050D1CA1-5279-4EB3-B5BD-B92CDF4ABD90}.Ad-Hoc|Any CPU.ActiveCfg = Release|Any CPU
		{050D1CA1-5279-4EB3-B5BD-B92CDF4ABD90}.Ad-Hoc|Any CPU.Build.0 = Release|Any CPU
		{050D1CA1-5279-4EB3-B5BD-B92CDF4ABD90}.Ad-Hoc|Any CPU.Deploy.0 = Release|Any CPU
		{050D1CA1-5279-4EB3-B5BD-B92CDF4ABD90}.Ad-Hoc|ARM.ActiveCfg = Release|Any CPU
		{050D1CA1-5279-4EB3-B5BD-B92CDF4ABD90}.Ad-Hoc|ARM.Build.0 = Release|Any CPU
		{050D1CA1-5279-4EB3-B5BD-B92CDF4ABD90}.Ad-Hoc|ARM.Deploy.0 = Release|Any CPU
		{050D1CA1-5279-4EB3-B5BD-B92CDF4ABD90}.Ad-Hoc|iPhone.ActiveCfg = Release|Any CPU
		{050D1CA1-5279-4EB3-B5BD-B92CDF4ABD90}.Ad-Hoc|iPhone.Build.0 = Release|Any CPU
		{050D1CA1-5279-4EB3-B5BD-B92CDF4ABD90}.Ad-Hoc|iPhone.Deploy.0 = Release|Any CPU
		{050D1CA1-5279-4EB3-B5BD-B92CDF4ABD90}.Ad-Hoc|iPhoneSimulator.ActiveCfg = Release|Any CPU
		{050D1CA1-5279-4EB3-B5BD-B92CDF4ABD90}.Ad-Hoc|iPhoneSimulator.Build.0 = Release|Any CPU
		{050D1CA1-5279-4EB3-B5BD-B92CDF4ABD90}.Ad-Hoc|iPhoneSimulator.Deploy.0 = Release|Any CPU
		{050D1CA1-5279-4EB3-B5BD-B92CDF4ABD90}.Ad-Hoc|x64.ActiveCfg = Release|Any CPU
		{050D1CA1-5279-4EB3-B5BD-B92CDF4ABD90}.Ad-Hoc|x64.Build.0 = Release|Any CPU
		{050D1CA1-5279-4EB3-B5BD-B92CDF4ABD90}.Ad-Hoc|x64.Deploy.0 = Release|Any CPU
		{050D1CA1-5279-4EB3-B5BD-B92CDF4ABD90}.Ad-Hoc|x86.ActiveCfg = Release|Any CPU
		{050D1CA1-5279-4EB3-B5BD-B92CDF4ABD90}.Ad-Hoc|x86.Build.0 = Release|Any CPU
		{050D1CA1-5279-4EB3-B5BD-B92CDF4ABD90}.Ad-Hoc|x86.Deploy.0 = Release|Any CPU
		{050D1CA1-5279-4EB3-B5BD-B92CDF4ABD90}.AppStore|Any CPU.ActiveCfg = Release|Any CPU
		{050D1CA1-5279-4EB3-B5BD-B92CDF4ABD90}.AppStore|Any CPU.Build.0 = Release|Any CPU
		{050D1CA1-5279-4EB3-B5BD-B92CDF4ABD90}.AppStore|Any CPU.Deploy.0 = Release|Any CPU
		{050D1CA1-5279-4EB3-B5BD-B92CDF4ABD90}.AppStore|ARM.ActiveCfg = Release|Any CPU
		{050D1CA1-5279-4EB3-B5BD-B92CDF4ABD90}.AppStore|ARM.Build.0 = Release|Any CPU
		{050D1CA1-5279-4EB3-B5BD-B92CDF4ABD90}.AppStore|ARM.Deploy.0 = Release|Any CPU
		{050D1CA1-5279-4EB3-B5BD-B92CDF4ABD90}.AppStore|iPhone.ActiveCfg = Release|Any CPU
		{050D1CA1-5279-4EB3-B5BD-B92CDF4ABD90}.AppStore|iPhone.Build.0 = Release|Any CPU
		{050D1CA1-5279-4EB3-B5BD-B92CDF4ABD90}.AppStore|iPhone.Deploy.0 = Release|Any CPU
		{050D1CA1-5279-4EB3-B5BD-B92CDF4ABD90}.AppStore|iPhoneSimulator.ActiveCfg = Release|Any CPU
		{050D1CA1-5279-4EB3-B5BD-B92CDF4ABD90}.AppStore|iPhoneSimulator.Build.0 = Release|Any CPU
		{050D1CA1-5279-4EB3-B5BD-B92CDF4ABD90}.AppStore|iPhoneSimulator.Deploy.0 = Release|Any CPU
		{050D1CA1-5279-4EB3-B5BD-B92CDF4ABD90}.AppStore|x64.ActiveCfg = Release|Any CPU
		{050D1CA1-5279-4EB3-B5BD-B92CDF4ABD90}.AppStore|x64.Build.0 = Release|Any CPU
		{050D1CA1-5279-4EB3-B5BD-B92CDF4ABD90}.AppStore|x64.Deploy.0 = Release|Any CPU
		{050D1CA1-5279-4EB3-B5BD-B92CDF4ABD90}.AppStore|x86.ActiveCfg = Release|Any CPU
		{050D1CA1-5279-4EB3-B5BD-B92CDF4ABD90}.AppStore|x86.Build.0 = Release|Any CPU
		{050D1CA1-5279-4EB3-B5BD-B92CDF4ABD90}.AppStore|x86.Deploy.0 = Release|Any CPU
		{050D1CA1-5279-4EB3-B5BD-B92CDF4ABD90}.Debug|Any CPU.ActiveCfg = Debug|Any CPU
		{050D1CA1-5279-4EB3-B5BD-B92CDF4ABD90}.Debug|Any CPU.Build.0 = Debug|Any CPU
		{050D1CA1-5279-4EB3-B5BD-B92CDF4ABD90}.Debug|Any CPU.Deploy.0 = Debug|Any CPU
		{050D1CA1-5279-4EB3-B5BD-B92CDF4ABD90}.Debug|ARM.ActiveCfg = Debug|Any CPU
		{050D1CA1-5279-4EB3-B5BD-B92CDF4ABD90}.Debug|ARM.Build.0 = Debug|Any CPU
		{050D1CA1-5279-4EB3-B5BD-B92CDF4ABD90}.Debug|ARM.Deploy.0 = Debug|Any CPU
		{050D1CA1-5279-4EB3-B5BD-B92CDF4ABD90}.Debug|iPhone.ActiveCfg = Debug|Any CPU
		{050D1CA1-5279-4EB3-B5BD-B92CDF4ABD90}.Debug|iPhone.Build.0 = Debug|Any CPU
		{050D1CA1-5279-4EB3-B5BD-B92CDF4ABD90}.Debug|iPhone.Deploy.0 = Debug|Any CPU
		{050D1CA1-5279-4EB3-B5BD-B92CDF4ABD90}.Debug|iPhoneSimulator.ActiveCfg = Debug|Any CPU
		{050D1CA1-5279-4EB3-B5BD-B92CDF4ABD90}.Debug|iPhoneSimulator.Build.0 = Debug|Any CPU
		{050D1CA1-5279-4EB3-B5BD-B92CDF4ABD90}.Debug|iPhoneSimulator.Deploy.0 = Debug|Any CPU
		{050D1CA1-5279-4EB3-B5BD-B92CDF4ABD90}.Debug|x64.ActiveCfg = Debug|Any CPU
		{050D1CA1-5279-4EB3-B5BD-B92CDF4ABD90}.Debug|x64.Build.0 = Debug|Any CPU
		{050D1CA1-5279-4EB3-B5BD-B92CDF4ABD90}.Debug|x64.Deploy.0 = Debug|Any CPU
		{050D1CA1-5279-4EB3-B5BD-B92CDF4ABD90}.Debug|x86.ActiveCfg = Debug|Any CPU
		{050D1CA1-5279-4EB3-B5BD-B92CDF4ABD90}.Debug|x86.Build.0 = Debug|Any CPU
		{050D1CA1-5279-4EB3-B5BD-B92CDF4ABD90}.Debug|x86.Deploy.0 = Debug|Any CPU
		{050D1CA1-5279-4EB3-B5BD-B92CDF4ABD90}.Release|Any CPU.ActiveCfg = Release|Any CPU
		{050D1CA1-5279-4EB3-B5BD-B92CDF4ABD90}.Release|Any CPU.Build.0 = Release|Any CPU
		{050D1CA1-5279-4EB3-B5BD-B92CDF4ABD90}.Release|Any CPU.Deploy.0 = Release|Any CPU
		{050D1CA1-5279-4EB3-B5BD-B92CDF4ABD90}.Release|ARM.ActiveCfg = Release|Any CPU
		{050D1CA1-5279-4EB3-B5BD-B92CDF4ABD90}.Release|ARM.Build.0 = Release|Any CPU
		{050D1CA1-5279-4EB3-B5BD-B92CDF4ABD90}.Release|ARM.Deploy.0 = Release|Any CPU
		{050D1CA1-5279-4EB3-B5BD-B92CDF4ABD90}.Release|iPhone.ActiveCfg = Release|Any CPU
		{050D1CA1-5279-4EB3-B5BD-B92CDF4ABD90}.Release|iPhone.Build.0 = Release|Any CPU
		{050D1CA1-5279-4EB3-B5BD-B92CDF4ABD90}.Release|iPhone.Deploy.0 = Release|Any CPU
		{050D1CA1-5279-4EB3-B5BD-B92CDF4ABD90}.Release|iPhoneSimulator.ActiveCfg = Release|Any CPU
		{050D1CA1-5279-4EB3-B5BD-B92CDF4ABD90}.Release|iPhoneSimulator.Build.0 = Release|Any CPU
		{050D1CA1-5279-4EB3-B5BD-B92CDF4ABD90}.Release|iPhoneSimulator.Deploy.0 = Release|Any CPU
		{050D1CA1-5279-4EB3-B5BD-B92CDF4ABD90}.Release|x64.ActiveCfg = Release|Any CPU
		{050D1CA1-5279-4EB3-B5BD-B92CDF4ABD90}.Release|x64.Build.0 = Release|Any CPU
		{050D1CA1-5279-4EB3-B5BD-B92CDF4ABD90}.Release|x64.Deploy.0 = Release|Any CPU
		{050D1CA1-5279-4EB3-B5BD-B92CDF4ABD90}.Release|x86.ActiveCfg = Release|Any CPU
		{050D1CA1-5279-4EB3-B5BD-B92CDF4ABD90}.Release|x86.Build.0 = Release|Any CPU
		{050D1CA1-5279-4EB3-B5BD-B92CDF4ABD90}.Release|x86.Deploy.0 = Release|Any CPU
		{6A48C796-EB9B-4306-9A29-270520B5C944}.Ad-Hoc|Any CPU.ActiveCfg = Ad-Hoc|iPhone
		{6A48C796-EB9B-4306-9A29-270520B5C944}.Ad-Hoc|ARM.ActiveCfg = Ad-Hoc|iPhone
		{6A48C796-EB9B-4306-9A29-270520B5C944}.Ad-Hoc|iPhone.ActiveCfg = Ad-Hoc|iPhone
		{6A48C796-EB9B-4306-9A29-270520B5C944}.Ad-Hoc|iPhone.Build.0 = Ad-Hoc|iPhone
		{6A48C796-EB9B-4306-9A29-270520B5C944}.Ad-Hoc|iPhoneSimulator.ActiveCfg = Ad-Hoc|iPhoneSimulator
		{6A48C796-EB9B-4306-9A29-270520B5C944}.Ad-Hoc|iPhoneSimulator.Build.0 = Ad-Hoc|iPhoneSimulator
		{6A48C796-EB9B-4306-9A29-270520B5C944}.Ad-Hoc|x64.ActiveCfg = Ad-Hoc|iPhone
		{6A48C796-EB9B-4306-9A29-270520B5C944}.Ad-Hoc|x86.ActiveCfg = Ad-Hoc|iPhone
		{6A48C796-EB9B-4306-9A29-270520B5C944}.AppStore|Any CPU.ActiveCfg = AppStore|iPhone
		{6A48C796-EB9B-4306-9A29-270520B5C944}.AppStore|ARM.ActiveCfg = AppStore|iPhone
		{6A48C796-EB9B-4306-9A29-270520B5C944}.AppStore|iPhone.ActiveCfg = AppStore|iPhone
		{6A48C796-EB9B-4306-9A29-270520B5C944}.AppStore|iPhone.Build.0 = AppStore|iPhone
		{6A48C796-EB9B-4306-9A29-270520B5C944}.AppStore|iPhoneSimulator.ActiveCfg = AppStore|iPhoneSimulator
		{6A48C796-EB9B-4306-9A29-270520B5C944}.AppStore|iPhoneSimulator.Build.0 = AppStore|iPhoneSimulator
		{6A48C796-EB9B-4306-9A29-270520B5C944}.AppStore|x64.ActiveCfg = AppStore|iPhone
		{6A48C796-EB9B-4306-9A29-270520B5C944}.AppStore|x86.ActiveCfg = AppStore|iPhone
		{6A48C796-EB9B-4306-9A29-270520B5C944}.Debug|Any CPU.ActiveCfg = Debug|iPhone
		{6A48C796-EB9B-4306-9A29-270520B5C944}.Debug|ARM.ActiveCfg = Debug|iPhone
		{6A48C796-EB9B-4306-9A29-270520B5C944}.Debug|iPhone.ActiveCfg = Debug|iPhone
		{6A48C796-EB9B-4306-9A29-270520B5C944}.Debug|iPhone.Build.0 = Debug|iPhone
		{6A48C796-EB9B-4306-9A29-270520B5C944}.Debug|iPhoneSimulator.ActiveCfg = Debug|iPhoneSimulator
		{6A48C796-EB9B-4306-9A29-270520B5C944}.Debug|iPhoneSimulator.Build.0 = Debug|iPhoneSimulator
		{6A48C796-EB9B-4306-9A29-270520B5C944}.Debug|x64.ActiveCfg = Debug|iPhone
		{6A48C796-EB9B-4306-9A29-270520B5C944}.Debug|x86.ActiveCfg = Debug|iPhone
		{6A48C796-EB9B-4306-9A29-270520B5C944}.Release|Any CPU.ActiveCfg = Release|iPhone
		{6A48C796-EB9B-4306-9A29-270520B5C944}.Release|ARM.ActiveCfg = Release|iPhone
		{6A48C796-EB9B-4306-9A29-270520B5C944}.Release|iPhone.ActiveCfg = Release|iPhone
		{6A48C796-EB9B-4306-9A29-270520B5C944}.Release|iPhone.Build.0 = Release|iPhone
		{6A48C796-EB9B-4306-9A29-270520B5C944}.Release|iPhoneSimulator.ActiveCfg = Release|iPhoneSimulator
		{6A48C796-EB9B-4306-9A29-270520B5C944}.Release|iPhoneSimulator.Build.0 = Release|iPhoneSimulator
		{6A48C796-EB9B-4306-9A29-270520B5C944}.Release|x64.ActiveCfg = Release|iPhone
		{6A48C796-EB9B-4306-9A29-270520B5C944}.Release|x86.ActiveCfg = Release|iPhone
		{F3DC159A-EC1E-4F8C-A742-E185D9ABEC1A}.Ad-Hoc|Any CPU.ActiveCfg = Release|Any CPU
		{F3DC159A-EC1E-4F8C-A742-E185D9ABEC1A}.Ad-Hoc|Any CPU.Build.0 = Release|Any CPU
		{F3DC159A-EC1E-4F8C-A742-E185D9ABEC1A}.Ad-Hoc|Any CPU.Deploy.0 = Release|Any CPU
		{F3DC159A-EC1E-4F8C-A742-E185D9ABEC1A}.Ad-Hoc|ARM.ActiveCfg = Release|ARM
		{F3DC159A-EC1E-4F8C-A742-E185D9ABEC1A}.Ad-Hoc|ARM.Build.0 = Release|ARM
		{F3DC159A-EC1E-4F8C-A742-E185D9ABEC1A}.Ad-Hoc|ARM.Deploy.0 = Release|ARM
		{F3DC159A-EC1E-4F8C-A742-E185D9ABEC1A}.Ad-Hoc|iPhone.ActiveCfg = Release|Any CPU
		{F3DC159A-EC1E-4F8C-A742-E185D9ABEC1A}.Ad-Hoc|iPhone.Build.0 = Release|Any CPU
		{F3DC159A-EC1E-4F8C-A742-E185D9ABEC1A}.Ad-Hoc|iPhone.Deploy.0 = Release|Any CPU
		{F3DC159A-EC1E-4F8C-A742-E185D9ABEC1A}.Ad-Hoc|iPhoneSimulator.ActiveCfg = Release|Any CPU
		{F3DC159A-EC1E-4F8C-A742-E185D9ABEC1A}.Ad-Hoc|iPhoneSimulator.Build.0 = Release|Any CPU
		{F3DC159A-EC1E-4F8C-A742-E185D9ABEC1A}.Ad-Hoc|iPhoneSimulator.Deploy.0 = Release|Any CPU
		{F3DC159A-EC1E-4F8C-A742-E185D9ABEC1A}.Ad-Hoc|x64.ActiveCfg = Release|Any CPU
		{F3DC159A-EC1E-4F8C-A742-E185D9ABEC1A}.Ad-Hoc|x64.Build.0 = Release|Any CPU
		{F3DC159A-EC1E-4F8C-A742-E185D9ABEC1A}.Ad-Hoc|x64.Deploy.0 = Release|Any CPU
		{F3DC159A-EC1E-4F8C-A742-E185D9ABEC1A}.Ad-Hoc|x86.ActiveCfg = Release|x86
		{F3DC159A-EC1E-4F8C-A742-E185D9ABEC1A}.Ad-Hoc|x86.Build.0 = Release|x86
		{F3DC159A-EC1E-4F8C-A742-E185D9ABEC1A}.Ad-Hoc|x86.Deploy.0 = Release|x86
		{F3DC159A-EC1E-4F8C-A742-E185D9ABEC1A}.AppStore|Any CPU.ActiveCfg = Release|Any CPU
		{F3DC159A-EC1E-4F8C-A742-E185D9ABEC1A}.AppStore|Any CPU.Build.0 = Release|Any CPU
		{F3DC159A-EC1E-4F8C-A742-E185D9ABEC1A}.AppStore|Any CPU.Deploy.0 = Release|Any CPU
		{F3DC159A-EC1E-4F8C-A742-E185D9ABEC1A}.AppStore|ARM.ActiveCfg = Release|ARM
		{F3DC159A-EC1E-4F8C-A742-E185D9ABEC1A}.AppStore|ARM.Build.0 = Release|ARM
		{F3DC159A-EC1E-4F8C-A742-E185D9ABEC1A}.AppStore|ARM.Deploy.0 = Release|ARM
		{F3DC159A-EC1E-4F8C-A742-E185D9ABEC1A}.AppStore|iPhone.ActiveCfg = Release|Any CPU
		{F3DC159A-EC1E-4F8C-A742-E185D9ABEC1A}.AppStore|iPhone.Build.0 = Release|Any CPU
		{F3DC159A-EC1E-4F8C-A742-E185D9ABEC1A}.AppStore|iPhone.Deploy.0 = Release|Any CPU
		{F3DC159A-EC1E-4F8C-A742-E185D9ABEC1A}.AppStore|iPhoneSimulator.ActiveCfg = Release|Any CPU
		{F3DC159A-EC1E-4F8C-A742-E185D9ABEC1A}.AppStore|iPhoneSimulator.Build.0 = Release|Any CPU
		{F3DC159A-EC1E-4F8C-A742-E185D9ABEC1A}.AppStore|iPhoneSimulator.Deploy.0 = Release|Any CPU
		{F3DC159A-EC1E-4F8C-A742-E185D9ABEC1A}.AppStore|x64.ActiveCfg = Release|Any CPU
		{F3DC159A-EC1E-4F8C-A742-E185D9ABEC1A}.AppStore|x64.Build.0 = Release|Any CPU
		{F3DC159A-EC1E-4F8C-A742-E185D9ABEC1A}.AppStore|x64.Deploy.0 = Release|Any CPU
		{F3DC159A-EC1E-4F8C-A742-E185D9ABEC1A}.AppStore|x86.ActiveCfg = Release|x86
		{F3DC159A-EC1E-4F8C-A742-E185D9ABEC1A}.AppStore|x86.Build.0 = Release|x86
		{F3DC159A-EC1E-4F8C-A742-E185D9ABEC1A}.AppStore|x86.Deploy.0 = Release|x86
		{F3DC159A-EC1E-4F8C-A742-E185D9ABEC1A}.Debug|Any CPU.ActiveCfg = Debug|x86
		{F3DC159A-EC1E-4F8C-A742-E185D9ABEC1A}.Debug|Any CPU.Build.0 = Debug|x86
		{F3DC159A-EC1E-4F8C-A742-E185D9ABEC1A}.Debug|Any CPU.Deploy.0 = Debug|x86
		{F3DC159A-EC1E-4F8C-A742-E185D9ABEC1A}.Debug|ARM.ActiveCfg = Debug|ARM
		{F3DC159A-EC1E-4F8C-A742-E185D9ABEC1A}.Debug|ARM.Build.0 = Debug|ARM
		{F3DC159A-EC1E-4F8C-A742-E185D9ABEC1A}.Debug|ARM.Deploy.0 = Debug|ARM
		{F3DC159A-EC1E-4F8C-A742-E185D9ABEC1A}.Debug|iPhone.ActiveCfg = Debug|Any CPU
		{F3DC159A-EC1E-4F8C-A742-E185D9ABEC1A}.Debug|iPhone.Build.0 = Debug|Any CPU
		{F3DC159A-EC1E-4F8C-A742-E185D9ABEC1A}.Debug|iPhone.Deploy.0 = Debug|Any CPU
		{F3DC159A-EC1E-4F8C-A742-E185D9ABEC1A}.Debug|iPhoneSimulator.ActiveCfg = Debug|Any CPU
		{F3DC159A-EC1E-4F8C-A742-E185D9ABEC1A}.Debug|iPhoneSimulator.Build.0 = Debug|Any CPU
		{F3DC159A-EC1E-4F8C-A742-E185D9ABEC1A}.Debug|iPhoneSimulator.Deploy.0 = Debug|Any CPU
		{F3DC159A-EC1E-4F8C-A742-E185D9ABEC1A}.Debug|x64.ActiveCfg = Debug|Any CPU
		{F3DC159A-EC1E-4F8C-A742-E185D9ABEC1A}.Debug|x64.Build.0 = Debug|Any CPU
		{F3DC159A-EC1E-4F8C-A742-E185D9ABEC1A}.Debug|x64.Deploy.0 = Debug|Any CPU
		{F3DC159A-EC1E-4F8C-A742-E185D9ABEC1A}.Debug|x86.ActiveCfg = Debug|x86
		{F3DC159A-EC1E-4F8C-A742-E185D9ABEC1A}.Debug|x86.Build.0 = Debug|x86
		{F3DC159A-EC1E-4F8C-A742-E185D9ABEC1A}.Debug|x86.Deploy.0 = Debug|x86
		{F3DC159A-EC1E-4F8C-A742-E185D9ABEC1A}.Release|Any CPU.ActiveCfg = Release|Any CPU
		{F3DC159A-EC1E-4F8C-A742-E185D9ABEC1A}.Release|Any CPU.Build.0 = Release|Any CPU
		{F3DC159A-EC1E-4F8C-A742-E185D9ABEC1A}.Release|Any CPU.Deploy.0 = Release|Any CPU
		{F3DC159A-EC1E-4F8C-A742-E185D9ABEC1A}.Release|ARM.ActiveCfg = Release|ARM
		{F3DC159A-EC1E-4F8C-A742-E185D9ABEC1A}.Release|ARM.Build.0 = Release|ARM
		{F3DC159A-EC1E-4F8C-A742-E185D9ABEC1A}.Release|ARM.Deploy.0 = Release|ARM
		{F3DC159A-EC1E-4F8C-A742-E185D9ABEC1A}.Release|iPhone.ActiveCfg = Release|Any CPU
		{F3DC159A-EC1E-4F8C-A742-E185D9ABEC1A}.Release|iPhone.Build.0 = Release|Any CPU
		{F3DC159A-EC1E-4F8C-A742-E185D9ABEC1A}.Release|iPhone.Deploy.0 = Release|Any CPU
		{F3DC159A-EC1E-4F8C-A742-E185D9ABEC1A}.Release|iPhoneSimulator.ActiveCfg = Release|Any CPU
		{F3DC159A-EC1E-4F8C-A742-E185D9ABEC1A}.Release|iPhoneSimulator.Build.0 = Release|Any CPU
		{F3DC159A-EC1E-4F8C-A742-E185D9ABEC1A}.Release|iPhoneSimulator.Deploy.0 = Release|Any CPU
		{F3DC159A-EC1E-4F8C-A742-E185D9ABEC1A}.Release|x64.ActiveCfg = Release|Any CPU
		{F3DC159A-EC1E-4F8C-A742-E185D9ABEC1A}.Release|x64.Build.0 = Release|Any CPU
		{F3DC159A-EC1E-4F8C-A742-E185D9ABEC1A}.Release|x64.Deploy.0 = Release|Any CPU
		{F3DC159A-EC1E-4F8C-A742-E185D9ABEC1A}.Release|x86.ActiveCfg = Release|x86
		{F3DC159A-EC1E-4F8C-A742-E185D9ABEC1A}.Release|x86.Build.0 = Release|x86
		{F3DC159A-EC1E-4F8C-A742-E185D9ABEC1A}.Release|x86.Deploy.0 = Release|x86
		{E135C191-B776-4FB6-A1DF-A4041403FFAD}.Ad-Hoc|Any CPU.ActiveCfg = Release|x86
		{E135C191-B776-4FB6-A1DF-A4041403FFAD}.Ad-Hoc|Any CPU.Build.0 = Release|x86
		{E135C191-B776-4FB6-A1DF-A4041403FFAD}.Ad-Hoc|Any CPU.Deploy.0 = Release|x86
		{E135C191-B776-4FB6-A1DF-A4041403FFAD}.Ad-Hoc|ARM.ActiveCfg = Release|ARM
		{E135C191-B776-4FB6-A1DF-A4041403FFAD}.Ad-Hoc|ARM.Build.0 = Release|ARM
		{E135C191-B776-4FB6-A1DF-A4041403FFAD}.Ad-Hoc|ARM.Deploy.0 = Release|ARM
		{E135C191-B776-4FB6-A1DF-A4041403FFAD}.Ad-Hoc|iPhone.ActiveCfg = Release|x86
		{E135C191-B776-4FB6-A1DF-A4041403FFAD}.Ad-Hoc|iPhone.Build.0 = Release|x86
		{E135C191-B776-4FB6-A1DF-A4041403FFAD}.Ad-Hoc|iPhone.Deploy.0 = Release|x86
		{E135C191-B776-4FB6-A1DF-A4041403FFAD}.Ad-Hoc|iPhoneSimulator.ActiveCfg = Release|x86
		{E135C191-B776-4FB6-A1DF-A4041403FFAD}.Ad-Hoc|iPhoneSimulator.Build.0 = Release|x86
		{E135C191-B776-4FB6-A1DF-A4041403FFAD}.Ad-Hoc|iPhoneSimulator.Deploy.0 = Release|x86
		{E135C191-B776-4FB6-A1DF-A4041403FFAD}.Ad-Hoc|x64.ActiveCfg = Release|x64
		{E135C191-B776-4FB6-A1DF-A4041403FFAD}.Ad-Hoc|x64.Build.0 = Release|x64
		{E135C191-B776-4FB6-A1DF-A4041403FFAD}.Ad-Hoc|x64.Deploy.0 = Release|x64
		{E135C191-B776-4FB6-A1DF-A4041403FFAD}.Ad-Hoc|x86.ActiveCfg = Release|x86
		{E135C191-B776-4FB6-A1DF-A4041403FFAD}.Ad-Hoc|x86.Build.0 = Release|x86
		{E135C191-B776-4FB6-A1DF-A4041403FFAD}.Ad-Hoc|x86.Deploy.0 = Release|x86
		{E135C191-B776-4FB6-A1DF-A4041403FFAD}.AppStore|Any CPU.ActiveCfg = Release|x86
		{E135C191-B776-4FB6-A1DF-A4041403FFAD}.AppStore|Any CPU.Build.0 = Release|x86
		{E135C191-B776-4FB6-A1DF-A4041403FFAD}.AppStore|Any CPU.Deploy.0 = Release|x86
		{E135C191-B776-4FB6-A1DF-A4041403FFAD}.AppStore|ARM.ActiveCfg = Release|ARM
		{E135C191-B776-4FB6-A1DF-A4041403FFAD}.AppStore|ARM.Build.0 = Release|ARM
		{E135C191-B776-4FB6-A1DF-A4041403FFAD}.AppStore|ARM.Deploy.0 = Release|ARM
		{E135C191-B776-4FB6-A1DF-A4041403FFAD}.AppStore|iPhone.ActiveCfg = Release|x86
		{E135C191-B776-4FB6-A1DF-A4041403FFAD}.AppStore|iPhone.Build.0 = Release|x86
		{E135C191-B776-4FB6-A1DF-A4041403FFAD}.AppStore|iPhone.Deploy.0 = Release|x86
		{E135C191-B776-4FB6-A1DF-A4041403FFAD}.AppStore|iPhoneSimulator.ActiveCfg = Release|x86
		{E135C191-B776-4FB6-A1DF-A4041403FFAD}.AppStore|iPhoneSimulator.Build.0 = Release|x86
		{E135C191-B776-4FB6-A1DF-A4041403FFAD}.AppStore|iPhoneSimulator.Deploy.0 = Release|x86
		{E135C191-B776-4FB6-A1DF-A4041403FFAD}.AppStore|x64.ActiveCfg = Release|x64
		{E135C191-B776-4FB6-A1DF-A4041403FFAD}.AppStore|x64.Build.0 = Release|x64
		{E135C191-B776-4FB6-A1DF-A4041403FFAD}.AppStore|x64.Deploy.0 = Release|x64
		{E135C191-B776-4FB6-A1DF-A4041403FFAD}.AppStore|x86.ActiveCfg = Release|x86
		{E135C191-B776-4FB6-A1DF-A4041403FFAD}.AppStore|x86.Build.0 = Release|x86
		{E135C191-B776-4FB6-A1DF-A4041403FFAD}.AppStore|x86.Deploy.0 = Release|x86
		{E135C191-B776-4FB6-A1DF-A4041403FFAD}.Debug|Any CPU.ActiveCfg = Debug|x86
		{E135C191-B776-4FB6-A1DF-A4041403FFAD}.Debug|ARM.ActiveCfg = Debug|ARM
		{E135C191-B776-4FB6-A1DF-A4041403FFAD}.Debug|ARM.Build.0 = Debug|ARM
		{E135C191-B776-4FB6-A1DF-A4041403FFAD}.Debug|ARM.Deploy.0 = Debug|ARM
		{E135C191-B776-4FB6-A1DF-A4041403FFAD}.Debug|iPhone.ActiveCfg = Debug|x86
		{E135C191-B776-4FB6-A1DF-A4041403FFAD}.Debug|iPhoneSimulator.ActiveCfg = Debug|x86
		{E135C191-B776-4FB6-A1DF-A4041403FFAD}.Debug|x64.ActiveCfg = Debug|x64
		{E135C191-B776-4FB6-A1DF-A4041403FFAD}.Debug|x64.Build.0 = Debug|x64
		{E135C191-B776-4FB6-A1DF-A4041403FFAD}.Debug|x64.Deploy.0 = Debug|x64
		{E135C191-B776-4FB6-A1DF-A4041403FFAD}.Debug|x86.ActiveCfg = Debug|x86
		{E135C191-B776-4FB6-A1DF-A4041403FFAD}.Debug|x86.Build.0 = Debug|x86
		{E135C191-B776-4FB6-A1DF-A4041403FFAD}.Debug|x86.Deploy.0 = Debug|x86
		{E135C191-B776-4FB6-A1DF-A4041403FFAD}.Release|Any CPU.ActiveCfg = Release|x86
		{E135C191-B776-4FB6-A1DF-A4041403FFAD}.Release|ARM.ActiveCfg = Release|ARM
		{E135C191-B776-4FB6-A1DF-A4041403FFAD}.Release|ARM.Build.0 = Release|ARM
		{E135C191-B776-4FB6-A1DF-A4041403FFAD}.Release|ARM.Deploy.0 = Release|ARM
		{E135C191-B776-4FB6-A1DF-A4041403FFAD}.Release|iPhone.ActiveCfg = Release|x86
		{E135C191-B776-4FB6-A1DF-A4041403FFAD}.Release|iPhoneSimulator.ActiveCfg = Release|x86
		{E135C191-B776-4FB6-A1DF-A4041403FFAD}.Release|x64.ActiveCfg = Release|x64
		{E135C191-B776-4FB6-A1DF-A4041403FFAD}.Release|x64.Build.0 = Release|x64
		{E135C191-B776-4FB6-A1DF-A4041403FFAD}.Release|x64.Deploy.0 = Release|x64
		{E135C191-B776-4FB6-A1DF-A4041403FFAD}.Release|x86.ActiveCfg = Release|x86
		{E135C191-B776-4FB6-A1DF-A4041403FFAD}.Release|x86.Build.0 = Release|x86
		{E135C191-B776-4FB6-A1DF-A4041403FFAD}.Release|x86.Deploy.0 = Release|x86
		{F053BD02-0B08-4B26-880C-F0296810F1A5}.Ad-Hoc|Any CPU.ActiveCfg = Release|Any CPU
		{F053BD02-0B08-4B26-880C-F0296810F1A5}.Ad-Hoc|Any CPU.Build.0 = Release|Any CPU
		{F053BD02-0B08-4B26-880C-F0296810F1A5}.Ad-Hoc|Any CPU.Deploy.0 = Release|Any CPU
		{F053BD02-0B08-4B26-880C-F0296810F1A5}.Ad-Hoc|ARM.ActiveCfg = Release|ARM
		{F053BD02-0B08-4B26-880C-F0296810F1A5}.Ad-Hoc|ARM.Build.0 = Release|ARM
		{F053BD02-0B08-4B26-880C-F0296810F1A5}.Ad-Hoc|ARM.Deploy.0 = Release|ARM
		{F053BD02-0B08-4B26-880C-F0296810F1A5}.Ad-Hoc|iPhone.ActiveCfg = Release|Any CPU
		{F053BD02-0B08-4B26-880C-F0296810F1A5}.Ad-Hoc|iPhone.Build.0 = Release|Any CPU
		{F053BD02-0B08-4B26-880C-F0296810F1A5}.Ad-Hoc|iPhone.Deploy.0 = Release|Any CPU
		{F053BD02-0B08-4B26-880C-F0296810F1A5}.Ad-Hoc|iPhoneSimulator.ActiveCfg = Release|Any CPU
		{F053BD02-0B08-4B26-880C-F0296810F1A5}.Ad-Hoc|iPhoneSimulator.Build.0 = Release|Any CPU
		{F053BD02-0B08-4B26-880C-F0296810F1A5}.Ad-Hoc|iPhoneSimulator.Deploy.0 = Release|Any CPU
		{F053BD02-0B08-4B26-880C-F0296810F1A5}.Ad-Hoc|x64.ActiveCfg = Release|x64
		{F053BD02-0B08-4B26-880C-F0296810F1A5}.Ad-Hoc|x64.Build.0 = Release|x64
		{F053BD02-0B08-4B26-880C-F0296810F1A5}.Ad-Hoc|x64.Deploy.0 = Release|x64
		{F053BD02-0B08-4B26-880C-F0296810F1A5}.Ad-Hoc|x86.ActiveCfg = Release|x86
		{F053BD02-0B08-4B26-880C-F0296810F1A5}.Ad-Hoc|x86.Build.0 = Release|x86
		{F053BD02-0B08-4B26-880C-F0296810F1A5}.Ad-Hoc|x86.Deploy.0 = Release|x86
		{F053BD02-0B08-4B26-880C-F0296810F1A5}.AppStore|Any CPU.ActiveCfg = Release|Any CPU
		{F053BD02-0B08-4B26-880C-F0296810F1A5}.AppStore|Any CPU.Build.0 = Release|Any CPU
		{F053BD02-0B08-4B26-880C-F0296810F1A5}.AppStore|Any CPU.Deploy.0 = Release|Any CPU
		{F053BD02-0B08-4B26-880C-F0296810F1A5}.AppStore|ARM.ActiveCfg = Release|ARM
		{F053BD02-0B08-4B26-880C-F0296810F1A5}.AppStore|ARM.Build.0 = Release|ARM
		{F053BD02-0B08-4B26-880C-F0296810F1A5}.AppStore|ARM.Deploy.0 = Release|ARM
		{F053BD02-0B08-4B26-880C-F0296810F1A5}.AppStore|iPhone.ActiveCfg = Release|Any CPU
		{F053BD02-0B08-4B26-880C-F0296810F1A5}.AppStore|iPhone.Build.0 = Release|Any CPU
		{F053BD02-0B08-4B26-880C-F0296810F1A5}.AppStore|iPhone.Deploy.0 = Release|Any CPU
		{F053BD02-0B08-4B26-880C-F0296810F1A5}.AppStore|iPhoneSimulator.ActiveCfg = Release|Any CPU
		{F053BD02-0B08-4B26-880C-F0296810F1A5}.AppStore|iPhoneSimulator.Build.0 = Release|Any CPU
		{F053BD02-0B08-4B26-880C-F0296810F1A5}.AppStore|iPhoneSimulator.Deploy.0 = Release|Any CPU
		{F053BD02-0B08-4B26-880C-F0296810F1A5}.AppStore|x64.ActiveCfg = Release|x64
		{F053BD02-0B08-4B26-880C-F0296810F1A5}.AppStore|x64.Build.0 = Release|x64
		{F053BD02-0B08-4B26-880C-F0296810F1A5}.AppStore|x64.Deploy.0 = Release|x64
		{F053BD02-0B08-4B26-880C-F0296810F1A5}.AppStore|x86.ActiveCfg = Release|x86
		{F053BD02-0B08-4B26-880C-F0296810F1A5}.AppStore|x86.Build.0 = Release|x86
		{F053BD02-0B08-4B26-880C-F0296810F1A5}.AppStore|x86.Deploy.0 = Release|x86
		{F053BD02-0B08-4B26-880C-F0296810F1A5}.Debug|Any CPU.ActiveCfg = Debug|x86
		{F053BD02-0B08-4B26-880C-F0296810F1A5}.Debug|Any CPU.Build.0 = Debug|x86
		{F053BD02-0B08-4B26-880C-F0296810F1A5}.Debug|Any CPU.Deploy.0 = Debug|x86
		{F053BD02-0B08-4B26-880C-F0296810F1A5}.Debug|ARM.ActiveCfg = Debug|ARM
		{F053BD02-0B08-4B26-880C-F0296810F1A5}.Debug|ARM.Build.0 = Debug|ARM
		{F053BD02-0B08-4B26-880C-F0296810F1A5}.Debug|ARM.Deploy.0 = Debug|ARM
		{F053BD02-0B08-4B26-880C-F0296810F1A5}.Debug|iPhone.ActiveCfg = Debug|Any CPU
		{F053BD02-0B08-4B26-880C-F0296810F1A5}.Debug|iPhone.Build.0 = Debug|Any CPU
		{F053BD02-0B08-4B26-880C-F0296810F1A5}.Debug|iPhone.Deploy.0 = Debug|Any CPU
		{F053BD02-0B08-4B26-880C-F0296810F1A5}.Debug|iPhoneSimulator.ActiveCfg = Debug|Any CPU
		{F053BD02-0B08-4B26-880C-F0296810F1A5}.Debug|iPhoneSimulator.Build.0 = Debug|Any CPU
		{F053BD02-0B08-4B26-880C-F0296810F1A5}.Debug|iPhoneSimulator.Deploy.0 = Debug|Any CPU
		{F053BD02-0B08-4B26-880C-F0296810F1A5}.Debug|x64.ActiveCfg = Debug|x64
		{F053BD02-0B08-4B26-880C-F0296810F1A5}.Debug|x64.Build.0 = Debug|x64
		{F053BD02-0B08-4B26-880C-F0296810F1A5}.Debug|x64.Deploy.0 = Debug|x64
		{F053BD02-0B08-4B26-880C-F0296810F1A5}.Debug|x86.ActiveCfg = Debug|x86
		{F053BD02-0B08-4B26-880C-F0296810F1A5}.Debug|x86.Build.0 = Debug|x86
		{F053BD02-0B08-4B26-880C-F0296810F1A5}.Debug|x86.Deploy.0 = Debug|x86
		{F053BD02-0B08-4B26-880C-F0296810F1A5}.Release|Any CPU.ActiveCfg = Release|Any CPU
		{F053BD02-0B08-4B26-880C-F0296810F1A5}.Release|Any CPU.Build.0 = Release|Any CPU
		{F053BD02-0B08-4B26-880C-F0296810F1A5}.Release|Any CPU.Deploy.0 = Release|Any CPU
		{F053BD02-0B08-4B26-880C-F0296810F1A5}.Release|ARM.ActiveCfg = Release|ARM
		{F053BD02-0B08-4B26-880C-F0296810F1A5}.Release|ARM.Build.0 = Release|ARM
		{F053BD02-0B08-4B26-880C-F0296810F1A5}.Release|ARM.Deploy.0 = Release|ARM
		{F053BD02-0B08-4B26-880C-F0296810F1A5}.Release|iPhone.ActiveCfg = Release|Any CPU
		{F053BD02-0B08-4B26-880C-F0296810F1A5}.Release|iPhone.Build.0 = Release|Any CPU
		{F053BD02-0B08-4B26-880C-F0296810F1A5}.Release|iPhone.Deploy.0 = Release|Any CPU
		{F053BD02-0B08-4B26-880C-F0296810F1A5}.Release|iPhoneSimulator.ActiveCfg = Release|Any CPU
		{F053BD02-0B08-4B26-880C-F0296810F1A5}.Release|iPhoneSimulator.Build.0 = Release|Any CPU
		{F053BD02-0B08-4B26-880C-F0296810F1A5}.Release|iPhoneSimulator.Deploy.0 = Release|Any CPU
		{F053BD02-0B08-4B26-880C-F0296810F1A5}.Release|x64.ActiveCfg = Release|x64
		{F053BD02-0B08-4B26-880C-F0296810F1A5}.Release|x64.Build.0 = Release|x64
		{F053BD02-0B08-4B26-880C-F0296810F1A5}.Release|x64.Deploy.0 = Release|x64
		{F053BD02-0B08-4B26-880C-F0296810F1A5}.Release|x86.ActiveCfg = Release|x86
		{F053BD02-0B08-4B26-880C-F0296810F1A5}.Release|x86.Build.0 = Release|x86
		{F053BD02-0B08-4B26-880C-F0296810F1A5}.Release|x86.Deploy.0 = Release|x86
	EndGlobalSection
	GlobalSection(SolutionProperties) = preSolution
		HideSolutionNode = FALSE
	EndGlobalSection
EndGlobal
