
Microsoft Visual Studio Solution File, Format Version 12.00
# Visual Studio 14
VisualStudioVersion = 14.0.25420.1
MinimumVisualStudioVersion = 10.0.40219.1
Project("{FAE04EC0-301F-11D3-BF4B-00C04F79EFBC}") = "MHG.Sample.Localizer", "MHG.Sample.Localizer\MHG.Sample.Localizer\MHG.Sample.Localizer.csproj", "{4B71515E-15C5-49A3-85AA-F6377FA55E83}"
EndProject
Project("{FAE04EC0-301F-11D3-BF4B-00C04F79EFBC}") = "MHG.Sample.Localizer.Droid", "MHG.Sample.Localizer\MHG.Sample.Localizer.Droid\MHG.Sample.Localizer.Droid.csproj", "{E16C04FE-4740-46DA-A976-3926FE3A1025}"
EndProject
Project("{FAE04EC0-301F-11D3-BF4B-00C04F79EFBC}") = "MHG.Sample.Localizer.iOS", "MHG.Sample.Localizer\MHG.Sample.Localizer.iOS\MHG.Sample.Localizer.iOS.csproj", "{192F1ABB-7C22-4F43-8F46-E4A78125ADF3}"
EndProject
Project("{FAE04EC0-301F-11D3-BF4B-00C04F79EFBC}") = "MHG.Sample.Localizer.WinPhone", "MHG.Sample.Localizer\MHG.Sample.Localizer.WinPhone\MHG.Sample.Localizer.WinPhone.csproj", "{995251F7-B0E4-4D77-AF0D-1233CBE6AFB1}"
EndProject
Project("{FAE04EC0-301F-11D3-BF4B-00C04F79EFBC}") = "MHG.Sample.Localizer.UWP", "MHG.Sample.Localizer\MHG.Sample.Localizer.UWP\MHG.Sample.Localizer.UWP.csproj", "{85660AE7-D16A-4518-A074-BB8FE43DA2D9}"
EndProject
Project("{FAE04EC0-301F-11D3-BF4B-00C04F79EFBC}") = "MHG.Sample.Localizer.Windows", "MHG.Sample.Localizer\MHG.Sample.Localizer.Windows\MHG.Sample.Localizer.Windows.csproj", "{49C16E88-A413-4455-B3B7-8AD17277118E}"
EndProject
Global
	GlobalSection(SolutionConfigurationPlatforms) = preSolution
		Ad-Hoc|Any CPU = Ad-Hoc|Any CPU
		Ad-Hoc|ARM = Ad-Hoc|ARM
		Ad-Hoc|iPhone = Ad-Hoc|iPhone
		Ad-Hoc|iPhoneSimulator = Ad-Hoc|iPhoneSimulator
		Ad-Hoc|x64 = Ad-Hoc|x64
		Ad-Hoc|x86 = Ad-Hoc|x86
		AppStore|Any CPU = AppStore|Any CPU
		AppStore|ARM = AppStore|ARM
		AppStore|iPhone = AppStore|iPhone
		AppStore|iPhoneSimulator = AppStore|iPhoneSimulator
		AppStore|x64 = AppStore|x64
		AppStore|x86 = AppStore|x86
		Debug|Any CPU = Debug|Any CPU
		Debug|ARM = Debug|ARM
		Debug|iPhone = Debug|iPhone
		Debug|iPhoneSimulator = Debug|iPhoneSimulator
		Debug|x64 = Debug|x64
		Debug|x86 = Debug|x86
		Release|Any CPU = Release|Any CPU
		Release|ARM = Release|ARM
		Release|iPhone = Release|iPhone
		Release|iPhoneSimulator = Release|iPhoneSimulator
		Release|x64 = Release|x64
		Release|x86 = Release|x86
	EndGlobalSection
	GlobalSection(ProjectConfigurationPlatforms) = postSolution
		{4B71515E-15C5-49A3-85AA-F6377FA55E83}.Ad-Hoc|Any CPU.ActiveCfg = Release|Any CPU
		{4B71515E-15C5-49A3-85AA-F6377FA55E83}.Ad-Hoc|Any CPU.Build.0 = Release|Any CPU
		{4B71515E-15C5-49A3-85AA-F6377FA55E83}.Ad-Hoc|ARM.ActiveCfg = Release|Any CPU
		{4B71515E-15C5-49A3-85AA-F6377FA55E83}.Ad-Hoc|ARM.Build.0 = Release|Any CPU
		{4B71515E-15C5-49A3-85AA-F6377FA55E83}.Ad-Hoc|iPhone.ActiveCfg = Release|Any CPU
		{4B71515E-15C5-49A3-85AA-F6377FA55E83}.Ad-Hoc|iPhone.Build.0 = Release|Any CPU
		{4B71515E-15C5-49A3-85AA-F6377FA55E83}.Ad-Hoc|iPhoneSimulator.ActiveCfg = Release|Any CPU
		{4B71515E-15C5-49A3-85AA-F6377FA55E83}.Ad-Hoc|iPhoneSimulator.Build.0 = Release|Any CPU
		{4B71515E-15C5-49A3-85AA-F6377FA55E83}.Ad-Hoc|x64.ActiveCfg = Release|Any CPU
		{4B71515E-15C5-49A3-85AA-F6377FA55E83}.Ad-Hoc|x64.Build.0 = Release|Any CPU
		{4B71515E-15C5-49A3-85AA-F6377FA55E83}.Ad-Hoc|x86.ActiveCfg = Release|Any CPU
		{4B71515E-15C5-49A3-85AA-F6377FA55E83}.Ad-Hoc|x86.Build.0 = Release|Any CPU
		{4B71515E-15C5-49A3-85AA-F6377FA55E83}.AppStore|Any CPU.ActiveCfg = Release|Any CPU
		{4B71515E-15C5-49A3-85AA-F6377FA55E83}.AppStore|Any CPU.Build.0 = Release|Any CPU
		{4B71515E-15C5-49A3-85AA-F6377FA55E83}.AppStore|ARM.ActiveCfg = Release|Any CPU
		{4B71515E-15C5-49A3-85AA-F6377FA55E83}.AppStore|ARM.Build.0 = Release|Any CPU
		{4B71515E-15C5-49A3-85AA-F6377FA55E83}.AppStore|iPhone.ActiveCfg = Release|Any CPU
		{4B71515E-15C5-49A3-85AA-F6377FA55E83}.AppStore|iPhone.Build.0 = Release|Any CPU
		{4B71515E-15C5-49A3-85AA-F6377FA55E83}.AppStore|iPhoneSimulator.ActiveCfg = Release|Any CPU
		{4B71515E-15C5-49A3-85AA-F6377FA55E83}.AppStore|iPhoneSimulator.Build.0 = Release|Any CPU
		{4B71515E-15C5-49A3-85AA-F6377FA55E83}.AppStore|x64.ActiveCfg = Release|Any CPU
		{4B71515E-15C5-49A3-85AA-F6377FA55E83}.AppStore|x64.Build.0 = Release|Any CPU
		{4B71515E-15C5-49A3-85AA-F6377FA55E83}.AppStore|x86.ActiveCfg = Release|Any CPU
		{4B71515E-15C5-49A3-85AA-F6377FA55E83}.AppStore|x86.Build.0 = Release|Any CPU
		{4B71515E-15C5-49A3-85AA-F6377FA55E83}.Debug|Any CPU.ActiveCfg = Debug|Any CPU
		{4B71515E-15C5-49A3-85AA-F6377FA55E83}.Debug|Any CPU.Build.0 = Debug|Any CPU
		{4B71515E-15C5-49A3-85AA-F6377FA55E83}.Debug|ARM.ActiveCfg = Debug|Any CPU
		{4B71515E-15C5-49A3-85AA-F6377FA55E83}.Debug|ARM.Build.0 = Debug|Any CPU
		{4B71515E-15C5-49A3-85AA-F6377FA55E83}.Debug|iPhone.ActiveCfg = Debug|Any CPU
		{4B71515E-15C5-49A3-85AA-F6377FA55E83}.Debug|iPhone.Build.0 = Debug|Any CPU
		{4B71515E-15C5-49A3-85AA-F6377FA55E83}.Debug|iPhoneSimulator.ActiveCfg = Debug|Any CPU
		{4B71515E-15C5-49A3-85AA-F6377FA55E83}.Debug|iPhoneSimulator.Build.0 = Debug|Any CPU
		{4B71515E-15C5-49A3-85AA-F6377FA55E83}.Debug|x64.ActiveCfg = Debug|Any CPU
		{4B71515E-15C5-49A3-85AA-F6377FA55E83}.Debug|x64.Build.0 = Debug|Any CPU
		{4B71515E-15C5-49A3-85AA-F6377FA55E83}.Debug|x86.ActiveCfg = Debug|Any CPU
		{4B71515E-15C5-49A3-85AA-F6377FA55E83}.Debug|x86.Build.0 = Debug|Any CPU
		{4B71515E-15C5-49A3-85AA-F6377FA55E83}.Release|Any CPU.ActiveCfg = Release|Any CPU
		{4B71515E-15C5-49A3-85AA-F6377FA55E83}.Release|Any CPU.Build.0 = Release|Any CPU
		{4B71515E-15C5-49A3-85AA-F6377FA55E83}.Release|ARM.ActiveCfg = Release|Any CPU
		{4B71515E-15C5-49A3-85AA-F6377FA55E83}.Release|ARM.Build.0 = Release|Any CPU
		{4B71515E-15C5-49A3-85AA-F6377FA55E83}.Release|iPhone.ActiveCfg = Release|Any CPU
		{4B71515E-15C5-49A3-85AA-F6377FA55E83}.Release|iPhone.Build.0 = Release|Any CPU
		{4B71515E-15C5-49A3-85AA-F6377FA55E83}.Release|iPhoneSimulator.ActiveCfg = Release|Any CPU
		{4B71515E-15C5-49A3-85AA-F6377FA55E83}.Release|iPhoneSimulator.Build.0 = Release|Any CPU
		{4B71515E-15C5-49A3-85AA-F6377FA55E83}.Release|x64.ActiveCfg = Release|Any CPU
		{4B71515E-15C5-49A3-85AA-F6377FA55E83}.Release|x64.Build.0 = Release|Any CPU
		{4B71515E-15C5-49A3-85AA-F6377FA55E83}.Release|x86.ActiveCfg = Release|Any CPU
		{4B71515E-15C5-49A3-85AA-F6377FA55E83}.Release|x86.Build.0 = Release|Any CPU
		{E16C04FE-4740-46DA-A976-3926FE3A1025}.Ad-Hoc|Any CPU.ActiveCfg = Release|Any CPU
		{E16C04FE-4740-46DA-A976-3926FE3A1025}.Ad-Hoc|Any CPU.Build.0 = Release|Any CPU
		{E16C04FE-4740-46DA-A976-3926FE3A1025}.Ad-Hoc|Any CPU.Deploy.0 = Release|Any CPU
		{E16C04FE-4740-46DA-A976-3926FE3A1025}.Ad-Hoc|ARM.ActiveCfg = Release|Any CPU
		{E16C04FE-4740-46DA-A976-3926FE3A1025}.Ad-Hoc|ARM.Build.0 = Release|Any CPU
		{E16C04FE-4740-46DA-A976-3926FE3A1025}.Ad-Hoc|ARM.Deploy.0 = Release|Any CPU
		{E16C04FE-4740-46DA-A976-3926FE3A1025}.Ad-Hoc|iPhone.ActiveCfg = Release|Any CPU
		{E16C04FE-4740-46DA-A976-3926FE3A1025}.Ad-Hoc|iPhone.Build.0 = Release|Any CPU
		{E16C04FE-4740-46DA-A976-3926FE3A1025}.Ad-Hoc|iPhone.Deploy.0 = Release|Any CPU
		{E16C04FE-4740-46DA-A976-3926FE3A1025}.Ad-Hoc|iPhoneSimulator.ActiveCfg = Release|Any CPU
		{E16C04FE-4740-46DA-A976-3926FE3A1025}.Ad-Hoc|iPhoneSimulator.Build.0 = Release|Any CPU
		{E16C04FE-4740-46DA-A976-3926FE3A1025}.Ad-Hoc|iPhoneSimulator.Deploy.0 = Release|Any CPU
		{E16C04FE-4740-46DA-A976-3926FE3A1025}.Ad-Hoc|x64.ActiveCfg = Release|Any CPU
		{E16C04FE-4740-46DA-A976-3926FE3A1025}.Ad-Hoc|x64.Build.0 = Release|Any CPU
		{E16C04FE-4740-46DA-A976-3926FE3A1025}.Ad-Hoc|x64.Deploy.0 = Release|Any CPU
		{E16C04FE-4740-46DA-A976-3926FE3A1025}.Ad-Hoc|x86.ActiveCfg = Release|Any CPU
		{E16C04FE-4740-46DA-A976-3926FE3A1025}.Ad-Hoc|x86.Build.0 = Release|Any CPU
		{E16C04FE-4740-46DA-A976-3926FE3A1025}.Ad-Hoc|x86.Deploy.0 = Release|Any CPU
		{E16C04FE-4740-46DA-A976-3926FE3A1025}.AppStore|Any CPU.ActiveCfg = Release|Any CPU
		{E16C04FE-4740-46DA-A976-3926FE3A1025}.AppStore|Any CPU.Build.0 = Release|Any CPU
		{E16C04FE-4740-46DA-A976-3926FE3A1025}.AppStore|Any CPU.Deploy.0 = Release|Any CPU
		{E16C04FE-4740-46DA-A976-3926FE3A1025}.AppStore|ARM.ActiveCfg = Release|Any CPU
		{E16C04FE-4740-46DA-A976-3926FE3A1025}.AppStore|ARM.Build.0 = Release|Any CPU
		{E16C04FE-4740-46DA-A976-3926FE3A1025}.AppStore|ARM.Deploy.0 = Release|Any CPU
		{E16C04FE-4740-46DA-A976-3926FE3A1025}.AppStore|iPhone.ActiveCfg = Release|Any CPU
		{E16C04FE-4740-46DA-A976-3926FE3A1025}.AppStore|iPhone.Build.0 = Release|Any CPU
		{E16C04FE-4740-46DA-A976-3926FE3A1025}.AppStore|iPhone.Deploy.0 = Release|Any CPU
		{E16C04FE-4740-46DA-A976-3926FE3A1025}.AppStore|iPhoneSimulator.ActiveCfg = Release|Any CPU
		{E16C04FE-4740-46DA-A976-3926FE3A1025}.AppStore|iPhoneSimulator.Build.0 = Release|Any CPU
		{E16C04FE-4740-46DA-A976-3926FE3A1025}.AppStore|iPhoneSimulator.Deploy.0 = Release|Any CPU
		{E16C04FE-4740-46DA-A976-3926FE3A1025}.AppStore|x64.ActiveCfg = Release|Any CPU
		{E16C04FE-4740-46DA-A976-3926FE3A1025}.AppStore|x64.Build.0 = Release|Any CPU
		{E16C04FE-4740-46DA-A976-3926FE3A1025}.AppStore|x64.Deploy.0 = Release|Any CPU
		{E16C04FE-4740-46DA-A976-3926FE3A1025}.AppStore|x86.ActiveCfg = Release|Any CPU
		{E16C04FE-4740-46DA-A976-3926FE3A1025}.AppStore|x86.Build.0 = Release|Any CPU
		{E16C04FE-4740-46DA-A976-3926FE3A1025}.AppStore|x86.Deploy.0 = Release|Any CPU
		{E16C04FE-4740-46DA-A976-3926FE3A1025}.Debug|Any CPU.ActiveCfg = Debug|Any CPU
		{E16C04FE-4740-46DA-A976-3926FE3A1025}.Debug|Any CPU.Build.0 = Debug|Any CPU
		{E16C04FE-4740-46DA-A976-3926FE3A1025}.Debug|Any CPU.Deploy.0 = Debug|Any CPU
		{E16C04FE-4740-46DA-A976-3926FE3A1025}.Debug|ARM.ActiveCfg = Debug|Any CPU
		{E16C04FE-4740-46DA-A976-3926FE3A1025}.Debug|ARM.Build.0 = Debug|Any CPU
		{E16C04FE-4740-46DA-A976-3926FE3A1025}.Debug|ARM.Deploy.0 = Debug|Any CPU
		{E16C04FE-4740-46DA-A976-3926FE3A1025}.Debug|iPhone.ActiveCfg = Debug|Any CPU
		{E16C04FE-4740-46DA-A976-3926FE3A1025}.Debug|iPhone.Build.0 = Debug|Any CPU
		{E16C04FE-4740-46DA-A976-3926FE3A1025}.Debug|iPhone.Deploy.0 = Debug|Any CPU
		{E16C04FE-4740-46DA-A976-3926FE3A1025}.Debug|iPhoneSimulator.ActiveCfg = Debug|Any CPU
		{E16C04FE-4740-46DA-A976-3926FE3A1025}.Debug|iPhoneSimulator.Build.0 = Debug|Any CPU
		{E16C04FE-4740-46DA-A976-3926FE3A1025}.Debug|iPhoneSimulator.Deploy.0 = Debug|Any CPU
		{E16C04FE-4740-46DA-A976-3926FE3A1025}.Debug|x64.ActiveCfg = Debug|Any CPU
		{E16C04FE-4740-46DA-A976-3926FE3A1025}.Debug|x64.Build.0 = Debug|Any CPU
		{E16C04FE-4740-46DA-A976-3926FE3A1025}.Debug|x64.Deploy.0 = Debug|Any CPU
		{E16C04FE-4740-46DA-A976-3926FE3A1025}.Debug|x86.ActiveCfg = Debug|Any CPU
		{E16C04FE-4740-46DA-A976-3926FE3A1025}.Debug|x86.Build.0 = Debug|Any CPU
		{E16C04FE-4740-46DA-A976-3926FE3A1025}.Debug|x86.Deploy.0 = Debug|Any CPU
		{E16C04FE-4740-46DA-A976-3926FE3A1025}.Release|Any CPU.ActiveCfg = Release|Any CPU
		{E16C04FE-4740-46DA-A976-3926FE3A1025}.Release|Any CPU.Build.0 = Release|Any CPU
		{E16C04FE-4740-46DA-A976-3926FE3A1025}.Release|Any CPU.Deploy.0 = Release|Any CPU
		{E16C04FE-4740-46DA-A976-3926FE3A1025}.Release|ARM.ActiveCfg = Release|Any CPU
		{E16C04FE-4740-46DA-A976-3926FE3A1025}.Release|ARM.Build.0 = Release|Any CPU
		{E16C04FE-4740-46DA-A976-3926FE3A1025}.Release|ARM.Deploy.0 = Release|Any CPU
		{E16C04FE-4740-46DA-A976-3926FE3A1025}.Release|iPhone.ActiveCfg = Release|Any CPU
		{E16C04FE-4740-46DA-A976-3926FE3A1025}.Release|iPhone.Build.0 = Release|Any CPU
		{E16C04FE-4740-46DA-A976-3926FE3A1025}.Release|iPhone.Deploy.0 = Release|Any CPU
		{E16C04FE-4740-46DA-A976-3926FE3A1025}.Release|iPhoneSimulator.ActiveCfg = Release|Any CPU
		{E16C04FE-4740-46DA-A976-3926FE3A1025}.Release|iPhoneSimulator.Build.0 = Release|Any CPU
		{E16C04FE-4740-46DA-A976-3926FE3A1025}.Release|iPhoneSimulator.Deploy.0 = Release|Any CPU
		{E16C04FE-4740-46DA-A976-3926FE3A1025}.Release|x64.ActiveCfg = Release|Any CPU
		{E16C04FE-4740-46DA-A976-3926FE3A1025}.Release|x64.Build.0 = Release|Any CPU
		{E16C04FE-4740-46DA-A976-3926FE3A1025}.Release|x64.Deploy.0 = Release|Any CPU
		{E16C04FE-4740-46DA-A976-3926FE3A1025}.Release|x86.ActiveCfg = Release|Any CPU
		{E16C04FE-4740-46DA-A976-3926FE3A1025}.Release|x86.Build.0 = Release|Any CPU
		{E16C04FE-4740-46DA-A976-3926FE3A1025}.Release|x86.Deploy.0 = Release|Any CPU
		{192F1ABB-7C22-4F43-8F46-E4A78125ADF3}.Ad-Hoc|Any CPU.ActiveCfg = Ad-Hoc|iPhone
		{192F1ABB-7C22-4F43-8F46-E4A78125ADF3}.Ad-Hoc|ARM.ActiveCfg = Ad-Hoc|iPhone
		{192F1ABB-7C22-4F43-8F46-E4A78125ADF3}.Ad-Hoc|iPhone.ActiveCfg = Ad-Hoc|iPhone
		{192F1ABB-7C22-4F43-8F46-E4A78125ADF3}.Ad-Hoc|iPhone.Build.0 = Ad-Hoc|iPhone
		{192F1ABB-7C22-4F43-8F46-E4A78125ADF3}.Ad-Hoc|iPhoneSimulator.ActiveCfg = Ad-Hoc|iPhoneSimulator
		{192F1ABB-7C22-4F43-8F46-E4A78125ADF3}.Ad-Hoc|iPhoneSimulator.Build.0 = Ad-Hoc|iPhoneSimulator
		{192F1ABB-7C22-4F43-8F46-E4A78125ADF3}.Ad-Hoc|x64.ActiveCfg = Ad-Hoc|iPhone
		{192F1ABB-7C22-4F43-8F46-E4A78125ADF3}.Ad-Hoc|x86.ActiveCfg = Ad-Hoc|iPhone
		{192F1ABB-7C22-4F43-8F46-E4A78125ADF3}.AppStore|Any CPU.ActiveCfg = AppStore|iPhone
		{192F1ABB-7C22-4F43-8F46-E4A78125ADF3}.AppStore|ARM.ActiveCfg = AppStore|iPhone
		{192F1ABB-7C22-4F43-8F46-E4A78125ADF3}.AppStore|iPhone.ActiveCfg = AppStore|iPhone
		{192F1ABB-7C22-4F43-8F46-E4A78125ADF3}.AppStore|iPhone.Build.0 = AppStore|iPhone
		{192F1ABB-7C22-4F43-8F46-E4A78125ADF3}.AppStore|iPhoneSimulator.ActiveCfg = AppStore|iPhoneSimulator
		{192F1ABB-7C22-4F43-8F46-E4A78125ADF3}.AppStore|iPhoneSimulator.Build.0 = AppStore|iPhoneSimulator
		{192F1ABB-7C22-4F43-8F46-E4A78125ADF3}.AppStore|x64.ActiveCfg = AppStore|iPhone
		{192F1ABB-7C22-4F43-8F46-E4A78125ADF3}.AppStore|x86.ActiveCfg = AppStore|iPhone
		{192F1ABB-7C22-4F43-8F46-E4A78125ADF3}.Debug|Any CPU.ActiveCfg = Debug|iPhone
		{192F1ABB-7C22-4F43-8F46-E4A78125ADF3}.Debug|ARM.ActiveCfg = Debug|iPhone
		{192F1ABB-7C22-4F43-8F46-E4A78125ADF3}.Debug|iPhone.ActiveCfg = Debug|iPhone
		{192F1ABB-7C22-4F43-8F46-E4A78125ADF3}.Debug|iPhone.Build.0 = Debug|iPhone
		{192F1ABB-7C22-4F43-8F46-E4A78125ADF3}.Debug|iPhoneSimulator.ActiveCfg = Debug|iPhoneSimulator
		{192F1ABB-7C22-4F43-8F46-E4A78125ADF3}.Debug|iPhoneSimulator.Build.0 = Debug|iPhoneSimulator
		{192F1ABB-7C22-4F43-8F46-E4A78125ADF3}.Debug|x64.ActiveCfg = Debug|iPhone
		{192F1ABB-7C22-4F43-8F46-E4A78125ADF3}.Debug|x86.ActiveCfg = Debug|iPhone
		{192F1ABB-7C22-4F43-8F46-E4A78125ADF3}.Release|Any CPU.ActiveCfg = Release|iPhone
		{192F1ABB-7C22-4F43-8F46-E4A78125ADF3}.Release|ARM.ActiveCfg = Release|iPhone
		{192F1ABB-7C22-4F43-8F46-E4A78125ADF3}.Release|iPhone.ActiveCfg = Release|iPhone
		{192F1ABB-7C22-4F43-8F46-E4A78125ADF3}.Release|iPhone.Build.0 = Release|iPhone
		{192F1ABB-7C22-4F43-8F46-E4A78125ADF3}.Release|iPhoneSimulator.ActiveCfg = Release|iPhoneSimulator
		{192F1ABB-7C22-4F43-8F46-E4A78125ADF3}.Release|iPhoneSimulator.Build.0 = Release|iPhoneSimulator
		{192F1ABB-7C22-4F43-8F46-E4A78125ADF3}.Release|x64.ActiveCfg = Release|iPhone
		{192F1ABB-7C22-4F43-8F46-E4A78125ADF3}.Release|x86.ActiveCfg = Release|iPhone
		{995251F7-B0E4-4D77-AF0D-1233CBE6AFB1}.Ad-Hoc|Any CPU.ActiveCfg = Release|Any CPU
		{995251F7-B0E4-4D77-AF0D-1233CBE6AFB1}.Ad-Hoc|Any CPU.Build.0 = Release|Any CPU
		{995251F7-B0E4-4D77-AF0D-1233CBE6AFB1}.Ad-Hoc|Any CPU.Deploy.0 = Release|Any CPU
		{995251F7-B0E4-4D77-AF0D-1233CBE6AFB1}.Ad-Hoc|ARM.ActiveCfg = Release|ARM
		{995251F7-B0E4-4D77-AF0D-1233CBE6AFB1}.Ad-Hoc|ARM.Build.0 = Release|ARM
		{995251F7-B0E4-4D77-AF0D-1233CBE6AFB1}.Ad-Hoc|ARM.Deploy.0 = Release|ARM
		{995251F7-B0E4-4D77-AF0D-1233CBE6AFB1}.Ad-Hoc|iPhone.ActiveCfg = Release|Any CPU
		{995251F7-B0E4-4D77-AF0D-1233CBE6AFB1}.Ad-Hoc|iPhone.Build.0 = Release|Any CPU
		{995251F7-B0E4-4D77-AF0D-1233CBE6AFB1}.Ad-Hoc|iPhone.Deploy.0 = Release|Any CPU
		{995251F7-B0E4-4D77-AF0D-1233CBE6AFB1}.Ad-Hoc|iPhoneSimulator.ActiveCfg = Release|Any CPU
		{995251F7-B0E4-4D77-AF0D-1233CBE6AFB1}.Ad-Hoc|iPhoneSimulator.Build.0 = Release|Any CPU
		{995251F7-B0E4-4D77-AF0D-1233CBE6AFB1}.Ad-Hoc|iPhoneSimulator.Deploy.0 = Release|Any CPU
		{995251F7-B0E4-4D77-AF0D-1233CBE6AFB1}.Ad-Hoc|x64.ActiveCfg = Release|Any CPU
		{995251F7-B0E4-4D77-AF0D-1233CBE6AFB1}.Ad-Hoc|x64.Build.0 = Release|Any CPU
		{995251F7-B0E4-4D77-AF0D-1233CBE6AFB1}.Ad-Hoc|x64.Deploy.0 = Release|Any CPU
		{995251F7-B0E4-4D77-AF0D-1233CBE6AFB1}.Ad-Hoc|x86.ActiveCfg = Release|x86
		{995251F7-B0E4-4D77-AF0D-1233CBE6AFB1}.Ad-Hoc|x86.Build.0 = Release|x86
		{995251F7-B0E4-4D77-AF0D-1233CBE6AFB1}.Ad-Hoc|x86.Deploy.0 = Release|x86
		{995251F7-B0E4-4D77-AF0D-1233CBE6AFB1}.AppStore|Any CPU.ActiveCfg = Release|Any CPU
		{995251F7-B0E4-4D77-AF0D-1233CBE6AFB1}.AppStore|Any CPU.Build.0 = Release|Any CPU
		{995251F7-B0E4-4D77-AF0D-1233CBE6AFB1}.AppStore|Any CPU.Deploy.0 = Release|Any CPU
		{995251F7-B0E4-4D77-AF0D-1233CBE6AFB1}.AppStore|ARM.ActiveCfg = Release|ARM
		{995251F7-B0E4-4D77-AF0D-1233CBE6AFB1}.AppStore|ARM.Build.0 = Release|ARM
		{995251F7-B0E4-4D77-AF0D-1233CBE6AFB1}.AppStore|ARM.Deploy.0 = Release|ARM
		{995251F7-B0E4-4D77-AF0D-1233CBE6AFB1}.AppStore|iPhone.ActiveCfg = Release|Any CPU
		{995251F7-B0E4-4D77-AF0D-1233CBE6AFB1}.AppStore|iPhone.Build.0 = Release|Any CPU
		{995251F7-B0E4-4D77-AF0D-1233CBE6AFB1}.AppStore|iPhone.Deploy.0 = Release|Any CPU
		{995251F7-B0E4-4D77-AF0D-1233CBE6AFB1}.AppStore|iPhoneSimulator.ActiveCfg = Release|Any CPU
		{995251F7-B0E4-4D77-AF0D-1233CBE6AFB1}.AppStore|iPhoneSimulator.Build.0 = Release|Any CPU
		{995251F7-B0E4-4D77-AF0D-1233CBE6AFB1}.AppStore|iPhoneSimulator.Deploy.0 = Release|Any CPU
		{995251F7-B0E4-4D77-AF0D-1233CBE6AFB1}.AppStore|x64.ActiveCfg = Release|Any CPU
		{995251F7-B0E4-4D77-AF0D-1233CBE6AFB1}.AppStore|x64.Build.0 = Release|Any CPU
		{995251F7-B0E4-4D77-AF0D-1233CBE6AFB1}.AppStore|x64.Deploy.0 = Release|Any CPU
		{995251F7-B0E4-4D77-AF0D-1233CBE6AFB1}.AppStore|x86.ActiveCfg = Release|x86
		{995251F7-B0E4-4D77-AF0D-1233CBE6AFB1}.AppStore|x86.Build.0 = Release|x86
		{995251F7-B0E4-4D77-AF0D-1233CBE6AFB1}.AppStore|x86.Deploy.0 = Release|x86
		{995251F7-B0E4-4D77-AF0D-1233CBE6AFB1}.Debug|Any CPU.ActiveCfg = Debug|Any CPU
		{995251F7-B0E4-4D77-AF0D-1233CBE6AFB1}.Debug|Any CPU.Build.0 = Debug|Any CPU
		{995251F7-B0E4-4D77-AF0D-1233CBE6AFB1}.Debug|Any CPU.Deploy.0 = Debug|Any CPU
		{995251F7-B0E4-4D77-AF0D-1233CBE6AFB1}.Debug|ARM.ActiveCfg = Debug|ARM
		{995251F7-B0E4-4D77-AF0D-1233CBE6AFB1}.Debug|ARM.Build.0 = Debug|ARM
		{995251F7-B0E4-4D77-AF0D-1233CBE6AFB1}.Debug|ARM.Deploy.0 = Debug|ARM
		{995251F7-B0E4-4D77-AF0D-1233CBE6AFB1}.Debug|iPhone.ActiveCfg = Debug|Any CPU
		{995251F7-B0E4-4D77-AF0D-1233CBE6AFB1}.Debug|iPhone.Build.0 = Debug|Any CPU
		{995251F7-B0E4-4D77-AF0D-1233CBE6AFB1}.Debug|iPhone.Deploy.0 = Debug|Any CPU
		{995251F7-B0E4-4D77-AF0D-1233CBE6AFB1}.Debug|iPhoneSimulator.ActiveCfg = Debug|Any CPU
		{995251F7-B0E4-4D77-AF0D-1233CBE6AFB1}.Debug|iPhoneSimulator.Build.0 = Debug|Any CPU
		{995251F7-B0E4-4D77-AF0D-1233CBE6AFB1}.Debug|iPhoneSimulator.Deploy.0 = Debug|Any CPU
		{995251F7-B0E4-4D77-AF0D-1233CBE6AFB1}.Debug|x64.ActiveCfg = Debug|Any CPU
		{995251F7-B0E4-4D77-AF0D-1233CBE6AFB1}.Debug|x64.Build.0 = Debug|Any CPU
		{995251F7-B0E4-4D77-AF0D-1233CBE6AFB1}.Debug|x64.Deploy.0 = Debug|Any CPU
		{995251F7-B0E4-4D77-AF0D-1233CBE6AFB1}.Debug|x86.ActiveCfg = Debug|x86
		{995251F7-B0E4-4D77-AF0D-1233CBE6AFB1}.Debug|x86.Build.0 = Debug|x86
		{995251F7-B0E4-4D77-AF0D-1233CBE6AFB1}.Debug|x86.Deploy.0 = Debug|x86
		{995251F7-B0E4-4D77-AF0D-1233CBE6AFB1}.Release|Any CPU.ActiveCfg = Release|Any CPU
		{995251F7-B0E4-4D77-AF0D-1233CBE6AFB1}.Release|Any CPU.Build.0 = Release|Any CPU
		{995251F7-B0E4-4D77-AF0D-1233CBE6AFB1}.Release|Any CPU.Deploy.0 = Release|Any CPU
		{995251F7-B0E4-4D77-AF0D-1233CBE6AFB1}.Release|ARM.ActiveCfg = Release|ARM
		{995251F7-B0E4-4D77-AF0D-1233CBE6AFB1}.Release|ARM.Build.0 = Release|ARM
		{995251F7-B0E4-4D77-AF0D-1233CBE6AFB1}.Release|ARM.Deploy.0 = Release|ARM
		{995251F7-B0E4-4D77-AF0D-1233CBE6AFB1}.Release|iPhone.ActiveCfg = Release|Any CPU
		{995251F7-B0E4-4D77-AF0D-1233CBE6AFB1}.Release|iPhone.Build.0 = Release|Any CPU
		{995251F7-B0E4-4D77-AF0D-1233CBE6AFB1}.Release|iPhone.Deploy.0 = Release|Any CPU
		{995251F7-B0E4-4D77-AF0D-1233CBE6AFB1}.Release|iPhoneSimulator.ActiveCfg = Release|Any CPU
		{995251F7-B0E4-4D77-AF0D-1233CBE6AFB1}.Release|iPhoneSimulator.Build.0 = Release|Any CPU
		{995251F7-B0E4-4D77-AF0D-1233CBE6AFB1}.Release|iPhoneSimulator.Deploy.0 = Release|Any CPU
		{995251F7-B0E4-4D77-AF0D-1233CBE6AFB1}.Release|x64.ActiveCfg = Release|Any CPU
		{995251F7-B0E4-4D77-AF0D-1233CBE6AFB1}.Release|x64.Build.0 = Release|Any CPU
		{995251F7-B0E4-4D77-AF0D-1233CBE6AFB1}.Release|x64.Deploy.0 = Release|Any CPU
		{995251F7-B0E4-4D77-AF0D-1233CBE6AFB1}.Release|x86.ActiveCfg = Release|x86
		{995251F7-B0E4-4D77-AF0D-1233CBE6AFB1}.Release|x86.Build.0 = Release|x86
		{995251F7-B0E4-4D77-AF0D-1233CBE6AFB1}.Release|x86.Deploy.0 = Release|x86
		{85660AE7-D16A-4518-A074-BB8FE43DA2D9}.Ad-Hoc|Any CPU.ActiveCfg = Release|x86
		{85660AE7-D16A-4518-A074-BB8FE43DA2D9}.Ad-Hoc|Any CPU.Build.0 = Release|x86
		{85660AE7-D16A-4518-A074-BB8FE43DA2D9}.Ad-Hoc|Any CPU.Deploy.0 = Release|x86
		{85660AE7-D16A-4518-A074-BB8FE43DA2D9}.Ad-Hoc|ARM.ActiveCfg = Release|ARM
		{85660AE7-D16A-4518-A074-BB8FE43DA2D9}.Ad-Hoc|ARM.Build.0 = Release|ARM
		{85660AE7-D16A-4518-A074-BB8FE43DA2D9}.Ad-Hoc|ARM.Deploy.0 = Release|ARM
		{85660AE7-D16A-4518-A074-BB8FE43DA2D9}.Ad-Hoc|iPhone.ActiveCfg = Release|x86
		{85660AE7-D16A-4518-A074-BB8FE43DA2D9}.Ad-Hoc|iPhone.Build.0 = Release|x86
		{85660AE7-D16A-4518-A074-BB8FE43DA2D9}.Ad-Hoc|iPhone.Deploy.0 = Release|x86
		{85660AE7-D16A-4518-A074-BB8FE43DA2D9}.Ad-Hoc|iPhoneSimulator.ActiveCfg = Release|x86
		{85660AE7-D16A-4518-A074-BB8FE43DA2D9}.Ad-Hoc|iPhoneSimulator.Build.0 = Release|x86
		{85660AE7-D16A-4518-A074-BB8FE43DA2D9}.Ad-Hoc|iPhoneSimulator.Deploy.0 = Release|x86
		{85660AE7-D16A-4518-A074-BB8FE43DA2D9}.Ad-Hoc|x64.ActiveCfg = Release|x64
		{85660AE7-D16A-4518-A074-BB8FE43DA2D9}.Ad-Hoc|x64.Build.0 = Release|x64
		{85660AE7-D16A-4518-A074-BB8FE43DA2D9}.Ad-Hoc|x64.Deploy.0 = Release|x64
		{85660AE7-D16A-4518-A074-BB8FE43DA2D9}.Ad-Hoc|x86.ActiveCfg = Release|x86
		{85660AE7-D16A-4518-A074-BB8FE43DA2D9}.Ad-Hoc|x86.Build.0 = Release|x86
		{85660AE7-D16A-4518-A074-BB8FE43DA2D9}.Ad-Hoc|x86.Deploy.0 = Release|x86
		{85660AE7-D16A-4518-A074-BB8FE43DA2D9}.AppStore|Any CPU.ActiveCfg = Release|x86
		{85660AE7-D16A-4518-A074-BB8FE43DA2D9}.AppStore|Any CPU.Build.0 = Release|x86
		{85660AE7-D16A-4518-A074-BB8FE43DA2D9}.AppStore|Any CPU.Deploy.0 = Release|x86
		{85660AE7-D16A-4518-A074-BB8FE43DA2D9}.AppStore|ARM.ActiveCfg = Release|ARM
		{85660AE7-D16A-4518-A074-BB8FE43DA2D9}.AppStore|ARM.Build.0 = Release|ARM
		{85660AE7-D16A-4518-A074-BB8FE43DA2D9}.AppStore|ARM.Deploy.0 = Release|ARM
		{85660AE7-D16A-4518-A074-BB8FE43DA2D9}.AppStore|iPhone.ActiveCfg = Release|x86
		{85660AE7-D16A-4518-A074-BB8FE43DA2D9}.AppStore|iPhone.Build.0 = Release|x86
		{85660AE7-D16A-4518-A074-BB8FE43DA2D9}.AppStore|iPhone.Deploy.0 = Release|x86
		{85660AE7-D16A-4518-A074-BB8FE43DA2D9}.AppStore|iPhoneSimulator.ActiveCfg = Release|x86
		{85660AE7-D16A-4518-A074-BB8FE43DA2D9}.AppStore|iPhoneSimulator.Build.0 = Release|x86
		{85660AE7-D16A-4518-A074-BB8FE43DA2D9}.AppStore|iPhoneSimulator.Deploy.0 = Release|x86
		{85660AE7-D16A-4518-A074-BB8FE43DA2D9}.AppStore|x64.ActiveCfg = Release|x64
		{85660AE7-D16A-4518-A074-BB8FE43DA2D9}.AppStore|x64.Build.0 = Release|x64
		{85660AE7-D16A-4518-A074-BB8FE43DA2D9}.AppStore|x64.Deploy.0 = Release|x64
		{85660AE7-D16A-4518-A074-BB8FE43DA2D9}.AppStore|x86.ActiveCfg = Release|x86
		{85660AE7-D16A-4518-A074-BB8FE43DA2D9}.AppStore|x86.Build.0 = Release|x86
		{85660AE7-D16A-4518-A074-BB8FE43DA2D9}.AppStore|x86.Deploy.0 = Release|x86
		{85660AE7-D16A-4518-A074-BB8FE43DA2D9}.Debug|Any CPU.ActiveCfg = Debug|x86
		{85660AE7-D16A-4518-A074-BB8FE43DA2D9}.Debug|ARM.ActiveCfg = Debug|ARM
		{85660AE7-D16A-4518-A074-BB8FE43DA2D9}.Debug|ARM.Build.0 = Debug|ARM
		{85660AE7-D16A-4518-A074-BB8FE43DA2D9}.Debug|ARM.Deploy.0 = Debug|ARM
		{85660AE7-D16A-4518-A074-BB8FE43DA2D9}.Debug|iPhone.ActiveCfg = Debug|x86
		{85660AE7-D16A-4518-A074-BB8FE43DA2D9}.Debug|iPhoneSimulator.ActiveCfg = Debug|x86
		{85660AE7-D16A-4518-A074-BB8FE43DA2D9}.Debug|x64.ActiveCfg = Debug|x64
		{85660AE7-D16A-4518-A074-BB8FE43DA2D9}.Debug|x64.Build.0 = Debug|x64
		{85660AE7-D16A-4518-A074-BB8FE43DA2D9}.Debug|x64.Deploy.0 = Debug|x64
		{85660AE7-D16A-4518-A074-BB8FE43DA2D9}.Debug|x86.ActiveCfg = Debug|x86
		{85660AE7-D16A-4518-A074-BB8FE43DA2D9}.Debug|x86.Build.0 = Debug|x86
		{85660AE7-D16A-4518-A074-BB8FE43DA2D9}.Debug|x86.Deploy.0 = Debug|x86
		{85660AE7-D16A-4518-A074-BB8FE43DA2D9}.Release|Any CPU.ActiveCfg = Release|x86
		{85660AE7-D16A-4518-A074-BB8FE43DA2D9}.Release|ARM.ActiveCfg = Release|ARM
		{85660AE7-D16A-4518-A074-BB8FE43DA2D9}.Release|ARM.Build.0 = Release|ARM
		{85660AE7-D16A-4518-A074-BB8FE43DA2D9}.Release|ARM.Deploy.0 = Release|ARM
		{85660AE7-D16A-4518-A074-BB8FE43DA2D9}.Release|iPhone.ActiveCfg = Release|x86
		{85660AE7-D16A-4518-A074-BB8FE43DA2D9}.Release|iPhoneSimulator.ActiveCfg = Release|x86
		{85660AE7-D16A-4518-A074-BB8FE43DA2D9}.Release|x64.ActiveCfg = Release|x64
		{85660AE7-D16A-4518-A074-BB8FE43DA2D9}.Release|x64.Build.0 = Release|x64
		{85660AE7-D16A-4518-A074-BB8FE43DA2D9}.Release|x64.Deploy.0 = Release|x64
		{85660AE7-D16A-4518-A074-BB8FE43DA2D9}.Release|x86.ActiveCfg = Release|x86
		{85660AE7-D16A-4518-A074-BB8FE43DA2D9}.Release|x86.Build.0 = Release|x86
		{85660AE7-D16A-4518-A074-BB8FE43DA2D9}.Release|x86.Deploy.0 = Release|x86
		{49C16E88-A413-4455-B3B7-8AD17277118E}.Ad-Hoc|Any CPU.ActiveCfg = Release|Any CPU
		{49C16E88-A413-4455-B3B7-8AD17277118E}.Ad-Hoc|Any CPU.Build.0 = Release|Any CPU
		{49C16E88-A413-4455-B3B7-8AD17277118E}.Ad-Hoc|Any CPU.Deploy.0 = Release|Any CPU
		{49C16E88-A413-4455-B3B7-8AD17277118E}.Ad-Hoc|ARM.ActiveCfg = Release|ARM
		{49C16E88-A413-4455-B3B7-8AD17277118E}.Ad-Hoc|ARM.Build.0 = Release|ARM
		{49C16E88-A413-4455-B3B7-8AD17277118E}.Ad-Hoc|ARM.Deploy.0 = Release|ARM
		{49C16E88-A413-4455-B3B7-8AD17277118E}.Ad-Hoc|iPhone.ActiveCfg = Release|Any CPU
		{49C16E88-A413-4455-B3B7-8AD17277118E}.Ad-Hoc|iPhone.Build.0 = Release|Any CPU
		{49C16E88-A413-4455-B3B7-8AD17277118E}.Ad-Hoc|iPhone.Deploy.0 = Release|Any CPU
		{49C16E88-A413-4455-B3B7-8AD17277118E}.Ad-Hoc|iPhoneSimulator.ActiveCfg = Release|Any CPU
		{49C16E88-A413-4455-B3B7-8AD17277118E}.Ad-Hoc|iPhoneSimulator.Build.0 = Release|Any CPU
		{49C16E88-A413-4455-B3B7-8AD17277118E}.Ad-Hoc|iPhoneSimulator.Deploy.0 = Release|Any CPU
		{49C16E88-A413-4455-B3B7-8AD17277118E}.Ad-Hoc|x64.ActiveCfg = Release|x64
		{49C16E88-A413-4455-B3B7-8AD17277118E}.Ad-Hoc|x64.Build.0 = Release|x64
		{49C16E88-A413-4455-B3B7-8AD17277118E}.Ad-Hoc|x64.Deploy.0 = Release|x64
		{49C16E88-A413-4455-B3B7-8AD17277118E}.Ad-Hoc|x86.ActiveCfg = Release|x86
		{49C16E88-A413-4455-B3B7-8AD17277118E}.Ad-Hoc|x86.Build.0 = Release|x86
		{49C16E88-A413-4455-B3B7-8AD17277118E}.Ad-Hoc|x86.Deploy.0 = Release|x86
		{49C16E88-A413-4455-B3B7-8AD17277118E}.AppStore|Any CPU.ActiveCfg = Release|Any CPU
		{49C16E88-A413-4455-B3B7-8AD17277118E}.AppStore|Any CPU.Build.0 = Release|Any CPU
		{49C16E88-A413-4455-B3B7-8AD17277118E}.AppStore|Any CPU.Deploy.0 = Release|Any CPU
		{49C16E88-A413-4455-B3B7-8AD17277118E}.AppStore|ARM.ActiveCfg = Release|ARM
		{49C16E88-A413-4455-B3B7-8AD17277118E}.AppStore|ARM.Build.0 = Release|ARM
		{49C16E88-A413-4455-B3B7-8AD17277118E}.AppStore|ARM.Deploy.0 = Release|ARM
		{49C16E88-A413-4455-B3B7-8AD17277118E}.AppStore|iPhone.ActiveCfg = Release|Any CPU
		{49C16E88-A413-4455-B3B7-8AD17277118E}.AppStore|iPhone.Build.0 = Release|Any CPU
		{49C16E88-A413-4455-B3B7-8AD17277118E}.AppStore|iPhone.Deploy.0 = Release|Any CPU
		{49C16E88-A413-4455-B3B7-8AD17277118E}.AppStore|iPhoneSimulator.ActiveCfg = Release|Any CPU
		{49C16E88-A413-4455-B3B7-8AD17277118E}.AppStore|iPhoneSimulator.Build.0 = Release|Any CPU
		{49C16E88-A413-4455-B3B7-8AD17277118E}.AppStore|iPhoneSimulator.Deploy.0 = Release|Any CPU
		{49C16E88-A413-4455-B3B7-8AD17277118E}.AppStore|x64.ActiveCfg = Release|x64
		{49C16E88-A413-4455-B3B7-8AD17277118E}.AppStore|x64.Build.0 = Release|x64
		{49C16E88-A413-4455-B3B7-8AD17277118E}.AppStore|x64.Deploy.0 = Release|x64
		{49C16E88-A413-4455-B3B7-8AD17277118E}.AppStore|x86.ActiveCfg = Release|x86
		{49C16E88-A413-4455-B3B7-8AD17277118E}.AppStore|x86.Build.0 = Release|x86
		{49C16E88-A413-4455-B3B7-8AD17277118E}.AppStore|x86.Deploy.0 = Release|x86
		{49C16E88-A413-4455-B3B7-8AD17277118E}.Debug|Any CPU.ActiveCfg = Debug|Any CPU
		{49C16E88-A413-4455-B3B7-8AD17277118E}.Debug|Any CPU.Build.0 = Debug|Any CPU
		{49C16E88-A413-4455-B3B7-8AD17277118E}.Debug|Any CPU.Deploy.0 = Debug|Any CPU
		{49C16E88-A413-4455-B3B7-8AD17277118E}.Debug|ARM.ActiveCfg = Debug|ARM
		{49C16E88-A413-4455-B3B7-8AD17277118E}.Debug|ARM.Build.0 = Debug|ARM
		{49C16E88-A413-4455-B3B7-8AD17277118E}.Debug|ARM.Deploy.0 = Debug|ARM
		{49C16E88-A413-4455-B3B7-8AD17277118E}.Debug|iPhone.ActiveCfg = Debug|Any CPU
		{49C16E88-A413-4455-B3B7-8AD17277118E}.Debug|iPhone.Build.0 = Debug|Any CPU
		{49C16E88-A413-4455-B3B7-8AD17277118E}.Debug|iPhone.Deploy.0 = Debug|Any CPU
		{49C16E88-A413-4455-B3B7-8AD17277118E}.Debug|iPhoneSimulator.ActiveCfg = Debug|Any CPU
		{49C16E88-A413-4455-B3B7-8AD17277118E}.Debug|iPhoneSimulator.Build.0 = Debug|Any CPU
		{49C16E88-A413-4455-B3B7-8AD17277118E}.Debug|iPhoneSimulator.Deploy.0 = Debug|Any CPU
		{49C16E88-A413-4455-B3B7-8AD17277118E}.Debug|x64.ActiveCfg = Debug|x64
		{49C16E88-A413-4455-B3B7-8AD17277118E}.Debug|x64.Build.0 = Debug|x64
		{49C16E88-A413-4455-B3B7-8AD17277118E}.Debug|x64.Deploy.0 = Debug|x64
		{49C16E88-A413-4455-B3B7-8AD17277118E}.Debug|x86.ActiveCfg = Debug|x86
		{49C16E88-A413-4455-B3B7-8AD17277118E}.Debug|x86.Build.0 = Debug|x86
		{49C16E88-A413-4455-B3B7-8AD17277118E}.Debug|x86.Deploy.0 = Debug|x86
		{49C16E88-A413-4455-B3B7-8AD17277118E}.Release|Any CPU.ActiveCfg = Release|Any CPU
		{49C16E88-A413-4455-B3B7-8AD17277118E}.Release|Any CPU.Build.0 = Release|Any CPU
		{49C16E88-A413-4455-B3B7-8AD17277118E}.Release|Any CPU.Deploy.0 = Release|Any CPU
		{49C16E88-A413-4455-B3B7-8AD17277118E}.Release|ARM.ActiveCfg = Release|ARM
		{49C16E88-A413-4455-B3B7-8AD17277118E}.Release|ARM.Build.0 = Release|ARM
		{49C16E88-A413-4455-B3B7-8AD17277118E}.Release|ARM.Deploy.0 = Release|ARM
		{49C16E88-A413-4455-B3B7-8AD17277118E}.Release|iPhone.ActiveCfg = Release|Any CPU
		{49C16E88-A413-4455-B3B7-8AD17277118E}.Release|iPhone.Build.0 = Release|Any CPU
		{49C16E88-A413-4455-B3B7-8AD17277118E}.Release|iPhone.Deploy.0 = Release|Any CPU
		{49C16E88-A413-4455-B3B7-8AD17277118E}.Release|iPhoneSimulator.ActiveCfg = Release|Any CPU
		{49C16E88-A413-4455-B3B7-8AD17277118E}.Release|iPhoneSimulator.Build.0 = Release|Any CPU
		{49C16E88-A413-4455-B3B7-8AD17277118E}.Release|iPhoneSimulator.Deploy.0 = Release|Any CPU
		{49C16E88-A413-4455-B3B7-8AD17277118E}.Release|x64.ActiveCfg = Release|x64
		{49C16E88-A413-4455-B3B7-8AD17277118E}.Release|x64.Build.0 = Release|x64
		{49C16E88-A413-4455-B3B7-8AD17277118E}.Release|x64.Deploy.0 = Release|x64
		{49C16E88-A413-4455-B3B7-8AD17277118E}.Release|x86.ActiveCfg = Release|x86
		{49C16E88-A413-4455-B3B7-8AD17277118E}.Release|x86.Build.0 = Release|x86
		{49C16E88-A413-4455-B3B7-8AD17277118E}.Release|x86.Deploy.0 = Release|x86
	EndGlobalSection
	GlobalSection(SolutionProperties) = preSolution
		HideSolutionNode = FALSE
	EndGlobalSection
EndGlobal
