
Microsoft Visual Studio Solution File, Format Version 12.00
# Visual Studio 14
VisualStudioVersion = 14.0.25420.1
MinimumVisualStudioVersion = 10.0.40219.1
Project("{FAE04EC0-301F-11D3-BF4B-00C04F79EFBC}") = "MHG.Sample.SqlLite", "MHG.Sample.SqlLite\MHG.Sample.SqlLite\MHG.Sample.SqlLite.csproj", "{5A0D5610-00E8-4877-90EC-2A43081DECCE}"
EndProject
Project("{FAE04EC0-301F-11D3-BF4B-00C04F79EFBC}") = "MHG.Sample.SqlLite.Droid", "MHG.Sample.SqlLite\MHG.Sample.SqlLite.Droid\MHG.Sample.SqlLite.Droid.csproj", "{0ECCCA3A-3AB2-4175-B55C-758AC072EC71}"
EndProject
Project("{FAE04EC0-301F-11D3-BF4B-00C04F79EFBC}") = "MHG.Sample.SqlLite.iOS", "MHG.Sample.SqlLite\MHG.Sample.SqlLite.iOS\MHG.Sample.SqlLite.iOS.csproj", "{2918C138-D98F-49CB-A3E6-8BAFAA86D93A}"
EndProject
Project("{FAE04EC0-301F-11D3-BF4B-00C04F79EFBC}") = "MHG.Sample.SqlLite.WinPhone", "MHG.Sample.SqlLite\MHG.Sample.SqlLite.WinPhone\MHG.Sample.SqlLite.WinPhone.csproj", "{58CBC985-D016-41D6-B4B2-9ADE3EB0191A}"
EndProject
Project("{FAE04EC0-301F-11D3-BF4B-00C04F79EFBC}") = "MHG.Sample.SqlLite.UWP", "MHG.Sample.SqlLite\MHG.Sample.SqlLite.UWP\MHG.Sample.SqlLite.UWP.csproj", "{861A0388-3EDF-4549-A14C-FCAFCD32F17E}"
EndProject
Project("{FAE04EC0-301F-11D3-BF4B-00C04F79EFBC}") = "MHG.Sample.SqlLite.Windows", "MHG.Sample.SqlLite\MHG.Sample.SqlLite.Windows\MHG.Sample.SqlLite.Windows.csproj", "{A71DA1C6-6534-4C6C-8490-CD8C23047AED}"
EndProject
Global
	GlobalSection(SolutionConfigurationPlatforms) = preSolution
		Ad-Hoc|Any CPU = Ad-Hoc|Any CPU
		Ad-Hoc|ARM = Ad-Hoc|ARM
		Ad-Hoc|iPhone = Ad-Hoc|iPhone
		Ad-Hoc|iPhoneSimulator = Ad-Hoc|iPhoneSimulator
		Ad-Hoc|x64 = Ad-Hoc|x64
		Ad-Hoc|x86 = Ad-Hoc|x86
		AppStore|Any CPU = AppStore|Any CPU
		AppStore|ARM = AppStore|ARM
		AppStore|iPhone = AppStore|iPhone
		AppStore|iPhoneSimulator = AppStore|iPhoneSimulator
		AppStore|x64 = AppStore|x64
		AppStore|x86 = AppStore|x86
		Debug|Any CPU = Debug|Any CPU
		Debug|ARM = Debug|ARM
		Debug|iPhone = Debug|iPhone
		Debug|iPhoneSimulator = Debug|iPhoneSimulator
		Debug|x64 = Debug|x64
		Debug|x86 = Debug|x86
		Release|Any CPU = Release|Any CPU
		Release|ARM = Release|ARM
		Release|iPhone = Release|iPhone
		Release|iPhoneSimulator = Release|iPhoneSimulator
		Release|x64 = Release|x64
		Release|x86 = Release|x86
	EndGlobalSection
	GlobalSection(ProjectConfigurationPlatforms) = postSolution
		{5A0D5610-00E8-4877-90EC-2A43081DECCE}.Ad-Hoc|Any CPU.ActiveCfg = Release|Any CPU
		{5A0D5610-00E8-4877-90EC-2A43081DECCE}.Ad-Hoc|Any CPU.Build.0 = Release|Any CPU
		{5A0D5610-00E8-4877-90EC-2A43081DECCE}.Ad-Hoc|ARM.ActiveCfg = Release|Any CPU
		{5A0D5610-00E8-4877-90EC-2A43081DECCE}.Ad-Hoc|ARM.Build.0 = Release|Any CPU
		{5A0D5610-00E8-4877-90EC-2A43081DECCE}.Ad-Hoc|iPhone.ActiveCfg = Release|Any CPU
		{5A0D5610-00E8-4877-90EC-2A43081DECCE}.Ad-Hoc|iPhone.Build.0 = Release|Any CPU
		{5A0D5610-00E8-4877-90EC-2A43081DECCE}.Ad-Hoc|iPhoneSimulator.ActiveCfg = Release|Any CPU
		{5A0D5610-00E8-4877-90EC-2A43081DECCE}.Ad-Hoc|iPhoneSimulator.Build.0 = Release|Any CPU
		{5A0D5610-00E8-4877-90EC-2A43081DECCE}.Ad-Hoc|x64.ActiveCfg = Release|Any CPU
		{5A0D5610-00E8-4877-90EC-2A43081DECCE}.Ad-Hoc|x64.Build.0 = Release|Any CPU
		{5A0D5610-00E8-4877-90EC-2A43081DECCE}.Ad-Hoc|x86.ActiveCfg = Release|Any CPU
		{5A0D5610-00E8-4877-90EC-2A43081DECCE}.Ad-Hoc|x86.Build.0 = Release|Any CPU
		{5A0D5610-00E8-4877-90EC-2A43081DECCE}.AppStore|Any CPU.ActiveCfg = Release|Any CPU
		{5A0D5610-00E8-4877-90EC-2A43081DECCE}.AppStore|Any CPU.Build.0 = Release|Any CPU
		{5A0D5610-00E8-4877-90EC-2A43081DECCE}.AppStore|ARM.ActiveCfg = Release|Any CPU
		{5A0D5610-00E8-4877-90EC-2A43081DECCE}.AppStore|ARM.Build.0 = Release|Any CPU
		{5A0D5610-00E8-4877-90EC-2A43081DECCE}.AppStore|iPhone.ActiveCfg = Release|Any CPU
		{5A0D5610-00E8-4877-90EC-2A43081DECCE}.AppStore|iPhone.Build.0 = Release|Any CPU
		{5A0D5610-00E8-4877-90EC-2A43081DECCE}.AppStore|iPhoneSimulator.ActiveCfg = Release|Any CPU
		{5A0D5610-00E8-4877-90EC-2A43081DECCE}.AppStore|iPhoneSimulator.Build.0 = Release|Any CPU
		{5A0D5610-00E8-4877-90EC-2A43081DECCE}.AppStore|x64.ActiveCfg = Release|Any CPU
		{5A0D5610-00E8-4877-90EC-2A43081DECCE}.AppStore|x64.Build.0 = Release|Any CPU
		{5A0D5610-00E8-4877-90EC-2A43081DECCE}.AppStore|x86.ActiveCfg = Release|Any CPU
		{5A0D5610-00E8-4877-90EC-2A43081DECCE}.AppStore|x86.Build.0 = Release|Any CPU
		{5A0D5610-00E8-4877-90EC-2A43081DECCE}.Debug|Any CPU.ActiveCfg = Debug|Any CPU
		{5A0D5610-00E8-4877-90EC-2A43081DECCE}.Debug|Any CPU.Build.0 = Debug|Any CPU
		{5A0D5610-00E8-4877-90EC-2A43081DECCE}.Debug|ARM.ActiveCfg = Debug|Any CPU
		{5A0D5610-00E8-4877-90EC-2A43081DECCE}.Debug|ARM.Build.0 = Debug|Any CPU
		{5A0D5610-00E8-4877-90EC-2A43081DECCE}.Debug|iPhone.ActiveCfg = Debug|Any CPU
		{5A0D5610-00E8-4877-90EC-2A43081DECCE}.Debug|iPhone.Build.0 = Debug|Any CPU
		{5A0D5610-00E8-4877-90EC-2A43081DECCE}.Debug|iPhoneSimulator.ActiveCfg = Debug|Any CPU
		{5A0D5610-00E8-4877-90EC-2A43081DECCE}.Debug|iPhoneSimulator.Build.0 = Debug|Any CPU
		{5A0D5610-00E8-4877-90EC-2A43081DECCE}.Debug|x64.ActiveCfg = Debug|Any CPU
		{5A0D5610-00E8-4877-90EC-2A43081DECCE}.Debug|x64.Build.0 = Debug|Any CPU
		{5A0D5610-00E8-4877-90EC-2A43081DECCE}.Debug|x86.ActiveCfg = Debug|Any CPU
		{5A0D5610-00E8-4877-90EC-2A43081DECCE}.Debug|x86.Build.0 = Debug|Any CPU
		{5A0D5610-00E8-4877-90EC-2A43081DECCE}.Release|Any CPU.ActiveCfg = Release|Any CPU
		{5A0D5610-00E8-4877-90EC-2A43081DECCE}.Release|Any CPU.Build.0 = Release|Any CPU
		{5A0D5610-00E8-4877-90EC-2A43081DECCE}.Release|ARM.ActiveCfg = Release|Any CPU
		{5A0D5610-00E8-4877-90EC-2A43081DECCE}.Release|ARM.Build.0 = Release|Any CPU
		{5A0D5610-00E8-4877-90EC-2A43081DECCE}.Release|iPhone.ActiveCfg = Release|Any CPU
		{5A0D5610-00E8-4877-90EC-2A43081DECCE}.Release|iPhone.Build.0 = Release|Any CPU
		{5A0D5610-00E8-4877-90EC-2A43081DECCE}.Release|iPhoneSimulator.ActiveCfg = Release|Any CPU
		{5A0D5610-00E8-4877-90EC-2A43081DECCE}.Release|iPhoneSimulator.Build.0 = Release|Any CPU
		{5A0D5610-00E8-4877-90EC-2A43081DECCE}.Release|x64.ActiveCfg = Release|Any CPU
		{5A0D5610-00E8-4877-90EC-2A43081DECCE}.Release|x64.Build.0 = Release|Any CPU
		{5A0D5610-00E8-4877-90EC-2A43081DECCE}.Release|x86.ActiveCfg = Release|Any CPU
		{5A0D5610-00E8-4877-90EC-2A43081DECCE}.Release|x86.Build.0 = Release|Any CPU
		{0ECCCA3A-3AB2-4175-B55C-758AC072EC71}.Ad-Hoc|Any CPU.ActiveCfg = Release|Any CPU
		{0ECCCA3A-3AB2-4175-B55C-758AC072EC71}.Ad-Hoc|Any CPU.Build.0 = Release|Any CPU
		{0ECCCA3A-3AB2-4175-B55C-758AC072EC71}.Ad-Hoc|Any CPU.Deploy.0 = Release|Any CPU
		{0ECCCA3A-3AB2-4175-B55C-758AC072EC71}.Ad-Hoc|ARM.ActiveCfg = Release|Any CPU
		{0ECCCA3A-3AB2-4175-B55C-758AC072EC71}.Ad-Hoc|ARM.Build.0 = Release|Any CPU
		{0ECCCA3A-3AB2-4175-B55C-758AC072EC71}.Ad-Hoc|ARM.Deploy.0 = Release|Any CPU
		{0ECCCA3A-3AB2-4175-B55C-758AC072EC71}.Ad-Hoc|iPhone.ActiveCfg = Release|Any CPU
		{0ECCCA3A-3AB2-4175-B55C-758AC072EC71}.Ad-Hoc|iPhone.Build.0 = Release|Any CPU
		{0ECCCA3A-3AB2-4175-B55C-758AC072EC71}.Ad-Hoc|iPhone.Deploy.0 = Release|Any CPU
		{0ECCCA3A-3AB2-4175-B55C-758AC072EC71}.Ad-Hoc|iPhoneSimulator.ActiveCfg = Release|Any CPU
		{0ECCCA3A-3AB2-4175-B55C-758AC072EC71}.Ad-Hoc|iPhoneSimulator.Build.0 = Release|Any CPU
		{0ECCCA3A-3AB2-4175-B55C-758AC072EC71}.Ad-Hoc|iPhoneSimulator.Deploy.0 = Release|Any CPU
		{0ECCCA3A-3AB2-4175-B55C-758AC072EC71}.Ad-Hoc|x64.ActiveCfg = Release|Any CPU
		{0ECCCA3A-3AB2-4175-B55C-758AC072EC71}.Ad-Hoc|x64.Build.0 = Release|Any CPU
		{0ECCCA3A-3AB2-4175-B55C-758AC072EC71}.Ad-Hoc|x64.Deploy.0 = Release|Any CPU
		{0ECCCA3A-3AB2-4175-B55C-758AC072EC71}.Ad-Hoc|x86.ActiveCfg = Release|Any CPU
		{0ECCCA3A-3AB2-4175-B55C-758AC072EC71}.Ad-Hoc|x86.Build.0 = Release|Any CPU
		{0ECCCA3A-3AB2-4175-B55C-758AC072EC71}.Ad-Hoc|x86.Deploy.0 = Release|Any CPU
		{0ECCCA3A-3AB2-4175-B55C-758AC072EC71}.AppStore|Any CPU.ActiveCfg = Release|Any CPU
		{0ECCCA3A-3AB2-4175-B55C-758AC072EC71}.AppStore|Any CPU.Build.0 = Release|Any CPU
		{0ECCCA3A-3AB2-4175-B55C-758AC072EC71}.AppStore|Any CPU.Deploy.0 = Release|Any CPU
		{0ECCCA3A-3AB2-4175-B55C-758AC072EC71}.AppStore|ARM.ActiveCfg = Release|Any CPU
		{0ECCCA3A-3AB2-4175-B55C-758AC072EC71}.AppStore|ARM.Build.0 = Release|Any CPU
		{0ECCCA3A-3AB2-4175-B55C-758AC072EC71}.AppStore|ARM.Deploy.0 = Release|Any CPU
		{0ECCCA3A-3AB2-4175-B55C-758AC072EC71}.AppStore|iPhone.ActiveCfg = Release|Any CPU
		{0ECCCA3A-3AB2-4175-B55C-758AC072EC71}.AppStore|iPhone.Build.0 = Release|Any CPU
		{0ECCCA3A-3AB2-4175-B55C-758AC072EC71}.AppStore|iPhone.Deploy.0 = Release|Any CPU
		{0ECCCA3A-3AB2-4175-B55C-758AC072EC71}.AppStore|iPhoneSimulator.ActiveCfg = Release|Any CPU
		{0ECCCA3A-3AB2-4175-B55C-758AC072EC71}.AppStore|iPhoneSimulator.Build.0 = Release|Any CPU
		{0ECCCA3A-3AB2-4175-B55C-758AC072EC71}.AppStore|iPhoneSimulator.Deploy.0 = Release|Any CPU
		{0ECCCA3A-3AB2-4175-B55C-758AC072EC71}.AppStore|x64.ActiveCfg = Release|Any CPU
		{0ECCCA3A-3AB2-4175-B55C-758AC072EC71}.AppStore|x64.Build.0 = Release|Any CPU
		{0ECCCA3A-3AB2-4175-B55C-758AC072EC71}.AppStore|x64.Deploy.0 = Release|Any CPU
		{0ECCCA3A-3AB2-4175-B55C-758AC072EC71}.AppStore|x86.ActiveCfg = Release|Any CPU
		{0ECCCA3A-3AB2-4175-B55C-758AC072EC71}.AppStore|x86.Build.0 = Release|Any CPU
		{0ECCCA3A-3AB2-4175-B55C-758AC072EC71}.AppStore|x86.Deploy.0 = Release|Any CPU
		{0ECCCA3A-3AB2-4175-B55C-758AC072EC71}.Debug|Any CPU.ActiveCfg = Debug|Any CPU
		{0ECCCA3A-3AB2-4175-B55C-758AC072EC71}.Debug|Any CPU.Build.0 = Debug|Any CPU
		{0ECCCA3A-3AB2-4175-B55C-758AC072EC71}.Debug|Any CPU.Deploy.0 = Debug|Any CPU
		{0ECCCA3A-3AB2-4175-B55C-758AC072EC71}.Debug|ARM.ActiveCfg = Debug|Any CPU
		{0ECCCA3A-3AB2-4175-B55C-758AC072EC71}.Debug|ARM.Build.0 = Debug|Any CPU
		{0ECCCA3A-3AB2-4175-B55C-758AC072EC71}.Debug|ARM.Deploy.0 = Debug|Any CPU
		{0ECCCA3A-3AB2-4175-B55C-758AC072EC71}.Debug|iPhone.ActiveCfg = Debug|Any CPU
		{0ECCCA3A-3AB2-4175-B55C-758AC072EC71}.Debug|iPhone.Build.0 = Debug|Any CPU
		{0ECCCA3A-3AB2-4175-B55C-758AC072EC71}.Debug|iPhone.Deploy.0 = Debug|Any CPU
		{0ECCCA3A-3AB2-4175-B55C-758AC072EC71}.Debug|iPhoneSimulator.ActiveCfg = Debug|Any CPU
		{0ECCCA3A-3AB2-4175-B55C-758AC072EC71}.Debug|iPhoneSimulator.Build.0 = Debug|Any CPU
		{0ECCCA3A-3AB2-4175-B55C-758AC072EC71}.Debug|iPhoneSimulator.Deploy.0 = Debug|Any CPU
		{0ECCCA3A-3AB2-4175-B55C-758AC072EC71}.Debug|x64.ActiveCfg = Debug|Any CPU
		{0ECCCA3A-3AB2-4175-B55C-758AC072EC71}.Debug|x64.Build.0 = Debug|Any CPU
		{0ECCCA3A-3AB2-4175-B55C-758AC072EC71}.Debug|x64.Deploy.0 = Debug|Any CPU
		{0ECCCA3A-3AB2-4175-B55C-758AC072EC71}.Debug|x86.ActiveCfg = Debug|Any CPU
		{0ECCCA3A-3AB2-4175-B55C-758AC072EC71}.Debug|x86.Build.0 = Debug|Any CPU
		{0ECCCA3A-3AB2-4175-B55C-758AC072EC71}.Debug|x86.Deploy.0 = Debug|Any CPU
		{0ECCCA3A-3AB2-4175-B55C-758AC072EC71}.Release|Any CPU.ActiveCfg = Release|Any CPU
		{0ECCCA3A-3AB2-4175-B55C-758AC072EC71}.Release|Any CPU.Build.0 = Release|Any CPU
		{0ECCCA3A-3AB2-4175-B55C-758AC072EC71}.Release|Any CPU.Deploy.0 = Release|Any CPU
		{0ECCCA3A-3AB2-4175-B55C-758AC072EC71}.Release|ARM.ActiveCfg = Release|Any CPU
		{0ECCCA3A-3AB2-4175-B55C-758AC072EC71}.Release|ARM.Build.0 = Release|Any CPU
		{0ECCCA3A-3AB2-4175-B55C-758AC072EC71}.Release|ARM.Deploy.0 = Release|Any CPU
		{0ECCCA3A-3AB2-4175-B55C-758AC072EC71}.Release|iPhone.ActiveCfg = Release|Any CPU
		{0ECCCA3A-3AB2-4175-B55C-758AC072EC71}.Release|iPhone.Build.0 = Release|Any CPU
		{0ECCCA3A-3AB2-4175-B55C-758AC072EC71}.Release|iPhone.Deploy.0 = Release|Any CPU
		{0ECCCA3A-3AB2-4175-B55C-758AC072EC71}.Release|iPhoneSimulator.ActiveCfg = Release|Any CPU
		{0ECCCA3A-3AB2-4175-B55C-758AC072EC71}.Release|iPhoneSimulator.Build.0 = Release|Any CPU
		{0ECCCA3A-3AB2-4175-B55C-758AC072EC71}.Release|iPhoneSimulator.Deploy.0 = Release|Any CPU
		{0ECCCA3A-3AB2-4175-B55C-758AC072EC71}.Release|x64.ActiveCfg = Release|Any CPU
		{0ECCCA3A-3AB2-4175-B55C-758AC072EC71}.Release|x64.Build.0 = Release|Any CPU
		{0ECCCA3A-3AB2-4175-B55C-758AC072EC71}.Release|x64.Deploy.0 = Release|Any CPU
		{0ECCCA3A-3AB2-4175-B55C-758AC072EC71}.Release|x86.ActiveCfg = Release|Any CPU
		{0ECCCA3A-3AB2-4175-B55C-758AC072EC71}.Release|x86.Build.0 = Release|Any CPU
		{0ECCCA3A-3AB2-4175-B55C-758AC072EC71}.Release|x86.Deploy.0 = Release|Any CPU
		{2918C138-D98F-49CB-A3E6-8BAFAA86D93A}.Ad-Hoc|Any CPU.ActiveCfg = Ad-Hoc|iPhone
		{2918C138-D98F-49CB-A3E6-8BAFAA86D93A}.Ad-Hoc|ARM.ActiveCfg = Ad-Hoc|iPhone
		{2918C138-D98F-49CB-A3E6-8BAFAA86D93A}.Ad-Hoc|iPhone.ActiveCfg = Ad-Hoc|iPhone
		{2918C138-D98F-49CB-A3E6-8BAFAA86D93A}.Ad-Hoc|iPhone.Build.0 = Ad-Hoc|iPhone
		{2918C138-D98F-49CB-A3E6-8BAFAA86D93A}.Ad-Hoc|iPhoneSimulator.ActiveCfg = Ad-Hoc|iPhoneSimulator
		{2918C138-D98F-49CB-A3E6-8BAFAA86D93A}.Ad-Hoc|iPhoneSimulator.Build.0 = Ad-Hoc|iPhoneSimulator
		{2918C138-D98F-49CB-A3E6-8BAFAA86D93A}.Ad-Hoc|x64.ActiveCfg = Ad-Hoc|iPhone
		{2918C138-D98F-49CB-A3E6-8BAFAA86D93A}.Ad-Hoc|x86.ActiveCfg = Ad-Hoc|iPhone
		{2918C138-D98F-49CB-A3E6-8BAFAA86D93A}.AppStore|Any CPU.ActiveCfg = AppStore|iPhone
		{2918C138-D98F-49CB-A3E6-8BAFAA86D93A}.AppStore|ARM.ActiveCfg = AppStore|iPhone
		{2918C138-D98F-49CB-A3E6-8BAFAA86D93A}.AppStore|iPhone.ActiveCfg = AppStore|iPhone
		{2918C138-D98F-49CB-A3E6-8BAFAA86D93A}.AppStore|iPhone.Build.0 = AppStore|iPhone
		{2918C138-D98F-49CB-A3E6-8BAFAA86D93A}.AppStore|iPhoneSimulator.ActiveCfg = AppStore|iPhoneSimulator
		{2918C138-D98F-49CB-A3E6-8BAFAA86D93A}.AppStore|iPhoneSimulator.Build.0 = AppStore|iPhoneSimulator
		{2918C138-D98F-49CB-A3E6-8BAFAA86D93A}.AppStore|x64.ActiveCfg = AppStore|iPhone
		{2918C138-D98F-49CB-A3E6-8BAFAA86D93A}.AppStore|x86.ActiveCfg = AppStore|iPhone
		{2918C138-D98F-49CB-A3E6-8BAFAA86D93A}.Debug|Any CPU.ActiveCfg = Debug|iPhone
		{2918C138-D98F-49CB-A3E6-8BAFAA86D93A}.Debug|ARM.ActiveCfg = Debug|iPhone
		{2918C138-D98F-49CB-A3E6-8BAFAA86D93A}.Debug|iPhone.ActiveCfg = Debug|iPhone
		{2918C138-D98F-49CB-A3E6-8BAFAA86D93A}.Debug|iPhone.Build.0 = Debug|iPhone
		{2918C138-D98F-49CB-A3E6-8BAFAA86D93A}.Debug|iPhoneSimulator.ActiveCfg = Debug|iPhoneSimulator
		{2918C138-D98F-49CB-A3E6-8BAFAA86D93A}.Debug|iPhoneSimulator.Build.0 = Debug|iPhoneSimulator
		{2918C138-D98F-49CB-A3E6-8BAFAA86D93A}.Debug|x64.ActiveCfg = Debug|iPhone
		{2918C138-D98F-49CB-A3E6-8BAFAA86D93A}.Debug|x86.ActiveCfg = Debug|iPhone
		{2918C138-D98F-49CB-A3E6-8BAFAA86D93A}.Release|Any CPU.ActiveCfg = Release|iPhone
		{2918C138-D98F-49CB-A3E6-8BAFAA86D93A}.Release|ARM.ActiveCfg = Release|iPhone
		{2918C138-D98F-49CB-A3E6-8BAFAA86D93A}.Release|iPhone.ActiveCfg = Release|iPhone
		{2918C138-D98F-49CB-A3E6-8BAFAA86D93A}.Release|iPhone.Build.0 = Release|iPhone
		{2918C138-D98F-49CB-A3E6-8BAFAA86D93A}.Release|iPhoneSimulator.ActiveCfg = Release|iPhoneSimulator
		{2918C138-D98F-49CB-A3E6-8BAFAA86D93A}.Release|iPhoneSimulator.Build.0 = Release|iPhoneSimulator
		{2918C138-D98F-49CB-A3E6-8BAFAA86D93A}.Release|x64.ActiveCfg = Release|iPhone
		{2918C138-D98F-49CB-A3E6-8BAFAA86D93A}.Release|x86.ActiveCfg = Release|iPhone
		{58CBC985-D016-41D6-B4B2-9ADE3EB0191A}.Ad-Hoc|Any CPU.ActiveCfg = Release|Any CPU
		{58CBC985-D016-41D6-B4B2-9ADE3EB0191A}.Ad-Hoc|Any CPU.Build.0 = Release|Any CPU
		{58CBC985-D016-41D6-B4B2-9ADE3EB0191A}.Ad-Hoc|Any CPU.Deploy.0 = Release|Any CPU
		{58CBC985-D016-41D6-B4B2-9ADE3EB0191A}.Ad-Hoc|ARM.ActiveCfg = Release|ARM
		{58CBC985-D016-41D6-B4B2-9ADE3EB0191A}.Ad-Hoc|ARM.Build.0 = Release|ARM
		{58CBC985-D016-41D6-B4B2-9ADE3EB0191A}.Ad-Hoc|ARM.Deploy.0 = Release|ARM
		{58CBC985-D016-41D6-B4B2-9ADE3EB0191A}.Ad-Hoc|iPhone.ActiveCfg = Release|Any CPU
		{58CBC985-D016-41D6-B4B2-9ADE3EB0191A}.Ad-Hoc|iPhone.Build.0 = Release|Any CPU
		{58CBC985-D016-41D6-B4B2-9ADE3EB0191A}.Ad-Hoc|iPhone.Deploy.0 = Release|Any CPU
		{58CBC985-D016-41D6-B4B2-9ADE3EB0191A}.Ad-Hoc|iPhoneSimulator.ActiveCfg = Release|Any CPU
		{58CBC985-D016-41D6-B4B2-9ADE3EB0191A}.Ad-Hoc|iPhoneSimulator.Build.0 = Release|Any CPU
		{58CBC985-D016-41D6-B4B2-9ADE3EB0191A}.Ad-Hoc|iPhoneSimulator.Deploy.0 = Release|Any CPU
		{58CBC985-D016-41D6-B4B2-9ADE3EB0191A}.Ad-Hoc|x64.ActiveCfg = Release|Any CPU
		{58CBC985-D016-41D6-B4B2-9ADE3EB0191A}.Ad-Hoc|x64.Build.0 = Release|Any CPU
		{58CBC985-D016-41D6-B4B2-9ADE3EB0191A}.Ad-Hoc|x64.Deploy.0 = Release|Any CPU
		{58CBC985-D016-41D6-B4B2-9ADE3EB0191A}.Ad-Hoc|x86.ActiveCfg = Release|x86
		{58CBC985-D016-41D6-B4B2-9ADE3EB0191A}.Ad-Hoc|x86.Build.0 = Release|x86
		{58CBC985-D016-41D6-B4B2-9ADE3EB0191A}.Ad-Hoc|x86.Deploy.0 = Release|x86
		{58CBC985-D016-41D6-B4B2-9ADE3EB0191A}.AppStore|Any CPU.ActiveCfg = Release|Any CPU
		{58CBC985-D016-41D6-B4B2-9ADE3EB0191A}.AppStore|Any CPU.Build.0 = Release|Any CPU
		{58CBC985-D016-41D6-B4B2-9ADE3EB0191A}.AppStore|Any CPU.Deploy.0 = Release|Any CPU
		{58CBC985-D016-41D6-B4B2-9ADE3EB0191A}.AppStore|ARM.ActiveCfg = Release|ARM
		{58CBC985-D016-41D6-B4B2-9ADE3EB0191A}.AppStore|ARM.Build.0 = Release|ARM
		{58CBC985-D016-41D6-B4B2-9ADE3EB0191A}.AppStore|ARM.Deploy.0 = Release|ARM
		{58CBC985-D016-41D6-B4B2-9ADE3EB0191A}.AppStore|iPhone.ActiveCfg = Release|Any CPU
		{58CBC985-D016-41D6-B4B2-9ADE3EB0191A}.AppStore|iPhone.Build.0 = Release|Any CPU
		{58CBC985-D016-41D6-B4B2-9ADE3EB0191A}.AppStore|iPhone.Deploy.0 = Release|Any CPU
		{58CBC985-D016-41D6-B4B2-9ADE3EB0191A}.AppStore|iPhoneSimulator.ActiveCfg = Release|Any CPU
		{58CBC985-D016-41D6-B4B2-9ADE3EB0191A}.AppStore|iPhoneSimulator.Build.0 = Release|Any CPU
		{58CBC985-D016-41D6-B4B2-9ADE3EB0191A}.AppStore|iPhoneSimulator.Deploy.0 = Release|Any CPU
		{58CBC985-D016-41D6-B4B2-9ADE3EB0191A}.AppStore|x64.ActiveCfg = Release|Any CPU
		{58CBC985-D016-41D6-B4B2-9ADE3EB0191A}.AppStore|x64.Build.0 = Release|Any CPU
		{58CBC985-D016-41D6-B4B2-9ADE3EB0191A}.AppStore|x64.Deploy.0 = Release|Any CPU
		{58CBC985-D016-41D6-B4B2-9ADE3EB0191A}.AppStore|x86.ActiveCfg = Release|x86
		{58CBC985-D016-41D6-B4B2-9ADE3EB0191A}.AppStore|x86.Build.0 = Release|x86
		{58CBC985-D016-41D6-B4B2-9ADE3EB0191A}.AppStore|x86.Deploy.0 = Release|x86
		{58CBC985-D016-41D6-B4B2-9ADE3EB0191A}.Debug|Any CPU.ActiveCfg = Debug|Any CPU
		{58CBC985-D016-41D6-B4B2-9ADE3EB0191A}.Debug|Any CPU.Build.0 = Debug|Any CPU
		{58CBC985-D016-41D6-B4B2-9ADE3EB0191A}.Debug|Any CPU.Deploy.0 = Debug|Any CPU
		{58CBC985-D016-41D6-B4B2-9ADE3EB0191A}.Debug|ARM.ActiveCfg = Debug|ARM
		{58CBC985-D016-41D6-B4B2-9ADE3EB0191A}.Debug|ARM.Build.0 = Debug|ARM
		{58CBC985-D016-41D6-B4B2-9ADE3EB0191A}.Debug|ARM.Deploy.0 = Debug|ARM
		{58CBC985-D016-41D6-B4B2-9ADE3EB0191A}.Debug|iPhone.ActiveCfg = Debug|Any CPU
		{58CBC985-D016-41D6-B4B2-9ADE3EB0191A}.Debug|iPhone.Build.0 = Debug|Any CPU
		{58CBC985-D016-41D6-B4B2-9ADE3EB0191A}.Debug|iPhone.Deploy.0 = Debug|Any CPU
		{58CBC985-D016-41D6-B4B2-9ADE3EB0191A}.Debug|iPhoneSimulator.ActiveCfg = Debug|Any CPU
		{58CBC985-D016-41D6-B4B2-9ADE3EB0191A}.Debug|iPhoneSimulator.Build.0 = Debug|Any CPU
		{58CBC985-D016-41D6-B4B2-9ADE3EB0191A}.Debug|iPhoneSimulator.Deploy.0 = Debug|Any CPU
		{58CBC985-D016-41D6-B4B2-9ADE3EB0191A}.Debug|x64.ActiveCfg = Debug|Any CPU
		{58CBC985-D016-41D6-B4B2-9ADE3EB0191A}.Debug|x64.Build.0 = Debug|Any CPU
		{58CBC985-D016-41D6-B4B2-9ADE3EB0191A}.Debug|x64.Deploy.0 = Debug|Any CPU
		{58CBC985-D016-41D6-B4B2-9ADE3EB0191A}.Debug|x86.ActiveCfg = Debug|x86
		{58CBC985-D016-41D6-B4B2-9ADE3EB0191A}.Debug|x86.Build.0 = Debug|x86
		{58CBC985-D016-41D6-B4B2-9ADE3EB0191A}.Debug|x86.Deploy.0 = Debug|x86
		{58CBC985-D016-41D6-B4B2-9ADE3EB0191A}.Release|Any CPU.ActiveCfg = Release|Any CPU
		{58CBC985-D016-41D6-B4B2-9ADE3EB0191A}.Release|Any CPU.Build.0 = Release|Any CPU
		{58CBC985-D016-41D6-B4B2-9ADE3EB0191A}.Release|Any CPU.Deploy.0 = Release|Any CPU
		{58CBC985-D016-41D6-B4B2-9ADE3EB0191A}.Release|ARM.ActiveCfg = Release|ARM
		{58CBC985-D016-41D6-B4B2-9ADE3EB0191A}.Release|ARM.Build.0 = Release|ARM
		{58CBC985-D016-41D6-B4B2-9ADE3EB0191A}.Release|ARM.Deploy.0 = Release|ARM
		{58CBC985-D016-41D6-B4B2-9ADE3EB0191A}.Release|iPhone.ActiveCfg = Release|Any CPU
		{58CBC985-D016-41D6-B4B2-9ADE3EB0191A}.Release|iPhone.Build.0 = Release|Any CPU
		{58CBC985-D016-41D6-B4B2-9ADE3EB0191A}.Release|iPhone.Deploy.0 = Release|Any CPU
		{58CBC985-D016-41D6-B4B2-9ADE3EB0191A}.Release|iPhoneSimulator.ActiveCfg = Release|Any CPU
		{58CBC985-D016-41D6-B4B2-9ADE3EB0191A}.Release|iPhoneSimulator.Build.0 = Release|Any CPU
		{58CBC985-D016-41D6-B4B2-9ADE3EB0191A}.Release|iPhoneSimulator.Deploy.0 = Release|Any CPU
		{58CBC985-D016-41D6-B4B2-9ADE3EB0191A}.Release|x64.ActiveCfg = Release|Any CPU
		{58CBC985-D016-41D6-B4B2-9ADE3EB0191A}.Release|x64.Build.0 = Release|Any CPU
		{58CBC985-D016-41D6-B4B2-9ADE3EB0191A}.Release|x64.Deploy.0 = Release|Any CPU
		{58CBC985-D016-41D6-B4B2-9ADE3EB0191A}.Release|x86.ActiveCfg = Release|x86
		{58CBC985-D016-41D6-B4B2-9ADE3EB0191A}.Release|x86.Build.0 = Release|x86
		{58CBC985-D016-41D6-B4B2-9ADE3EB0191A}.Release|x86.Deploy.0 = Release|x86
		{861A0388-3EDF-4549-A14C-FCAFCD32F17E}.Ad-Hoc|Any CPU.ActiveCfg = Release|x86
		{861A0388-3EDF-4549-A14C-FCAFCD32F17E}.Ad-Hoc|Any CPU.Build.0 = Release|x86
		{861A0388-3EDF-4549-A14C-FCAFCD32F17E}.Ad-Hoc|Any CPU.Deploy.0 = Release|x86
		{861A0388-3EDF-4549-A14C-FCAFCD32F17E}.Ad-Hoc|ARM.ActiveCfg = Release|ARM
		{861A0388-3EDF-4549-A14C-FCAFCD32F17E}.Ad-Hoc|ARM.Build.0 = Release|ARM
		{861A0388-3EDF-4549-A14C-FCAFCD32F17E}.Ad-Hoc|ARM.Deploy.0 = Release|ARM
		{861A0388-3EDF-4549-A14C-FCAFCD32F17E}.Ad-Hoc|iPhone.ActiveCfg = Release|x86
		{861A0388-3EDF-4549-A14C-FCAFCD32F17E}.Ad-Hoc|iPhone.Build.0 = Release|x86
		{861A0388-3EDF-4549-A14C-FCAFCD32F17E}.Ad-Hoc|iPhone.Deploy.0 = Release|x86
		{861A0388-3EDF-4549-A14C-FCAFCD32F17E}.Ad-Hoc|iPhoneSimulator.ActiveCfg = Release|x86
		{861A0388-3EDF-4549-A14C-FCAFCD32F17E}.Ad-Hoc|iPhoneSimulator.Build.0 = Release|x86
		{861A0388-3EDF-4549-A14C-FCAFCD32F17E}.Ad-Hoc|iPhoneSimulator.Deploy.0 = Release|x86
		{861A0388-3EDF-4549-A14C-FCAFCD32F17E}.Ad-Hoc|x64.ActiveCfg = Release|x64
		{861A0388-3EDF-4549-A14C-FCAFCD32F17E}.Ad-Hoc|x64.Build.0 = Release|x64
		{861A0388-3EDF-4549-A14C-FCAFCD32F17E}.Ad-Hoc|x64.Deploy.0 = Release|x64
		{861A0388-3EDF-4549-A14C-FCAFCD32F17E}.Ad-Hoc|x86.ActiveCfg = Release|x86
		{861A0388-3EDF-4549-A14C-FCAFCD32F17E}.Ad-Hoc|x86.Build.0 = Release|x86
		{861A0388-3EDF-4549-A14C-FCAFCD32F17E}.Ad-Hoc|x86.Deploy.0 = Release|x86
		{861A0388-3EDF-4549-A14C-FCAFCD32F17E}.AppStore|Any CPU.ActiveCfg = Release|x86
		{861A0388-3EDF-4549-A14C-FCAFCD32F17E}.AppStore|Any CPU.Build.0 = Release|x86
		{861A0388-3EDF-4549-A14C-FCAFCD32F17E}.AppStore|Any CPU.Deploy.0 = Release|x86
		{861A0388-3EDF-4549-A14C-FCAFCD32F17E}.AppStore|ARM.ActiveCfg = Release|ARM
		{861A0388-3EDF-4549-A14C-FCAFCD32F17E}.AppStore|ARM.Build.0 = Release|ARM
		{861A0388-3EDF-4549-A14C-FCAFCD32F17E}.AppStore|ARM.Deploy.0 = Release|ARM
		{861A0388-3EDF-4549-A14C-FCAFCD32F17E}.AppStore|iPhone.ActiveCfg = Release|x86
		{861A0388-3EDF-4549-A14C-FCAFCD32F17E}.AppStore|iPhone.Build.0 = Release|x86
		{861A0388-3EDF-4549-A14C-FCAFCD32F17E}.AppStore|iPhone.Deploy.0 = Release|x86
		{861A0388-3EDF-4549-A14C-FCAFCD32F17E}.AppStore|iPhoneSimulator.ActiveCfg = Release|x86
		{861A0388-3EDF-4549-A14C-FCAFCD32F17E}.AppStore|iPhoneSimulator.Build.0 = Release|x86
		{861A0388-3EDF-4549-A14C-FCAFCD32F17E}.AppStore|iPhoneSimulator.Deploy.0 = Release|x86
		{861A0388-3EDF-4549-A14C-FCAFCD32F17E}.AppStore|x64.ActiveCfg = Release|x64
		{861A0388-3EDF-4549-A14C-FCAFCD32F17E}.AppStore|x64.Build.0 = Release|x64
		{861A0388-3EDF-4549-A14C-FCAFCD32F17E}.AppStore|x64.Deploy.0 = Release|x64
		{861A0388-3EDF-4549-A14C-FCAFCD32F17E}.AppStore|x86.ActiveCfg = Release|x86
		{861A0388-3EDF-4549-A14C-FCAFCD32F17E}.AppStore|x86.Build.0 = Release|x86
		{861A0388-3EDF-4549-A14C-FCAFCD32F17E}.AppStore|x86.Deploy.0 = Release|x86
		{861A0388-3EDF-4549-A14C-FCAFCD32F17E}.Debug|Any CPU.ActiveCfg = Debug|x86
		{861A0388-3EDF-4549-A14C-FCAFCD32F17E}.Debug|ARM.ActiveCfg = Debug|ARM
		{861A0388-3EDF-4549-A14C-FCAFCD32F17E}.Debug|ARM.Build.0 = Debug|ARM
		{861A0388-3EDF-4549-A14C-FCAFCD32F17E}.Debug|ARM.Deploy.0 = Debug|ARM
		{861A0388-3EDF-4549-A14C-FCAFCD32F17E}.Debug|iPhone.ActiveCfg = Debug|x86
		{861A0388-3EDF-4549-A14C-FCAFCD32F17E}.Debug|iPhoneSimulator.ActiveCfg = Debug|x86
		{861A0388-3EDF-4549-A14C-FCAFCD32F17E}.Debug|x64.ActiveCfg = Debug|x64
		{861A0388-3EDF-4549-A14C-FCAFCD32F17E}.Debug|x64.Build.0 = Debug|x64
		{861A0388-3EDF-4549-A14C-FCAFCD32F17E}.Debug|x64.Deploy.0 = Debug|x64
		{861A0388-3EDF-4549-A14C-FCAFCD32F17E}.Debug|x86.ActiveCfg = Debug|x86
		{861A0388-3EDF-4549-A14C-FCAFCD32F17E}.Debug|x86.Build.0 = Debug|x86
		{861A0388-3EDF-4549-A14C-FCAFCD32F17E}.Debug|x86.Deploy.0 = Debug|x86
		{861A0388-3EDF-4549-A14C-FCAFCD32F17E}.Release|Any CPU.ActiveCfg = Release|x86
		{861A0388-3EDF-4549-A14C-FCAFCD32F17E}.Release|ARM.ActiveCfg = Release|ARM
		{861A0388-3EDF-4549-A14C-FCAFCD32F17E}.Release|ARM.Build.0 = Release|ARM
		{861A0388-3EDF-4549-A14C-FCAFCD32F17E}.Release|ARM.Deploy.0 = Release|ARM
		{861A0388-3EDF-4549-A14C-FCAFCD32F17E}.Release|iPhone.ActiveCfg = Release|x86
		{861A0388-3EDF-4549-A14C-FCAFCD32F17E}.Release|iPhoneSimulator.ActiveCfg = Release|x86
		{861A0388-3EDF-4549-A14C-FCAFCD32F17E}.Release|x64.ActiveCfg = Release|x64
		{861A0388-3EDF-4549-A14C-FCAFCD32F17E}.Release|x64.Build.0 = Release|x64
		{861A0388-3EDF-4549-A14C-FCAFCD32F17E}.Release|x64.Deploy.0 = Release|x64
		{861A0388-3EDF-4549-A14C-FCAFCD32F17E}.Release|x86.ActiveCfg = Release|x86
		{861A0388-3EDF-4549-A14C-FCAFCD32F17E}.Release|x86.Build.0 = Release|x86
		{861A0388-3EDF-4549-A14C-FCAFCD32F17E}.Release|x86.Deploy.0 = Release|x86
		{A71DA1C6-6534-4C6C-8490-CD8C23047AED}.Ad-Hoc|Any CPU.ActiveCfg = Release|Any CPU
		{A71DA1C6-6534-4C6C-8490-CD8C23047AED}.Ad-Hoc|Any CPU.Build.0 = Release|Any CPU
		{A71DA1C6-6534-4C6C-8490-CD8C23047AED}.Ad-Hoc|Any CPU.Deploy.0 = Release|Any CPU
		{A71DA1C6-6534-4C6C-8490-CD8C23047AED}.Ad-Hoc|ARM.ActiveCfg = Release|ARM
		{A71DA1C6-6534-4C6C-8490-CD8C23047AED}.Ad-Hoc|ARM.Build.0 = Release|ARM
		{A71DA1C6-6534-4C6C-8490-CD8C23047AED}.Ad-Hoc|ARM.Deploy.0 = Release|ARM
		{A71DA1C6-6534-4C6C-8490-CD8C23047AED}.Ad-Hoc|iPhone.ActiveCfg = Release|Any CPU
		{A71DA1C6-6534-4C6C-8490-CD8C23047AED}.Ad-Hoc|iPhone.Build.0 = Release|Any CPU
		{A71DA1C6-6534-4C6C-8490-CD8C23047AED}.Ad-Hoc|iPhone.Deploy.0 = Release|Any CPU
		{A71DA1C6-6534-4C6C-8490-CD8C23047AED}.Ad-Hoc|iPhoneSimulator.ActiveCfg = Release|Any CPU
		{A71DA1C6-6534-4C6C-8490-CD8C23047AED}.Ad-Hoc|iPhoneSimulator.Build.0 = Release|Any CPU
		{A71DA1C6-6534-4C6C-8490-CD8C23047AED}.Ad-Hoc|iPhoneSimulator.Deploy.0 = Release|Any CPU
		{A71DA1C6-6534-4C6C-8490-CD8C23047AED}.Ad-Hoc|x64.ActiveCfg = Release|x64
		{A71DA1C6-6534-4C6C-8490-CD8C23047AED}.Ad-Hoc|x64.Build.0 = Release|x64
		{A71DA1C6-6534-4C6C-8490-CD8C23047AED}.Ad-Hoc|x64.Deploy.0 = Release|x64
		{A71DA1C6-6534-4C6C-8490-CD8C23047AED}.Ad-Hoc|x86.ActiveCfg = Release|x86
		{A71DA1C6-6534-4C6C-8490-CD8C23047AED}.Ad-Hoc|x86.Build.0 = Release|x86
		{A71DA1C6-6534-4C6C-8490-CD8C23047AED}.Ad-Hoc|x86.Deploy.0 = Release|x86
		{A71DA1C6-6534-4C6C-8490-CD8C23047AED}.AppStore|Any CPU.ActiveCfg = Release|Any CPU
		{A71DA1C6-6534-4C6C-8490-CD8C23047AED}.AppStore|Any CPU.Build.0 = Release|Any CPU
		{A71DA1C6-6534-4C6C-8490-CD8C23047AED}.AppStore|Any CPU.Deploy.0 = Release|Any CPU
		{A71DA1C6-6534-4C6C-8490-CD8C23047AED}.AppStore|ARM.ActiveCfg = Release|ARM
		{A71DA1C6-6534-4C6C-8490-CD8C23047AED}.AppStore|ARM.Build.0 = Release|ARM
		{A71DA1C6-6534-4C6C-8490-CD8C23047AED}.AppStore|ARM.Deploy.0 = Release|ARM
		{A71DA1C6-6534-4C6C-8490-CD8C23047AED}.AppStore|iPhone.ActiveCfg = Release|Any CPU
		{A71DA1C6-6534-4C6C-8490-CD8C23047AED}.AppStore|iPhone.Build.0 = Release|Any CPU
		{A71DA1C6-6534-4C6C-8490-CD8C23047AED}.AppStore|iPhone.Deploy.0 = Release|Any CPU
		{A71DA1C6-6534-4C6C-8490-CD8C23047AED}.AppStore|iPhoneSimulator.ActiveCfg = Release|Any CPU
		{A71DA1C6-6534-4C6C-8490-CD8C23047AED}.AppStore|iPhoneSimulator.Build.0 = Release|Any CPU
		{A71DA1C6-6534-4C6C-8490-CD8C23047AED}.AppStore|iPhoneSimulator.Deploy.0 = Release|Any CPU
		{A71DA1C6-6534-4C6C-8490-CD8C23047AED}.AppStore|x64.ActiveCfg = Release|x64
		{A71DA1C6-6534-4C6C-8490-CD8C23047AED}.AppStore|x64.Build.0 = Release|x64
		{A71DA1C6-6534-4C6C-8490-CD8C23047AED}.AppStore|x64.Deploy.0 = Release|x64
		{A71DA1C6-6534-4C6C-8490-CD8C23047AED}.AppStore|x86.ActiveCfg = Release|x86
		{A71DA1C6-6534-4C6C-8490-CD8C23047AED}.AppStore|x86.Build.0 = Release|x86
		{A71DA1C6-6534-4C6C-8490-CD8C23047AED}.AppStore|x86.Deploy.0 = Release|x86
		{A71DA1C6-6534-4C6C-8490-CD8C23047AED}.Debug|Any CPU.ActiveCfg = Debug|Any CPU
		{A71DA1C6-6534-4C6C-8490-CD8C23047AED}.Debug|Any CPU.Build.0 = Debug|Any CPU
		{A71DA1C6-6534-4C6C-8490-CD8C23047AED}.Debug|Any CPU.Deploy.0 = Debug|Any CPU
		{A71DA1C6-6534-4C6C-8490-CD8C23047AED}.Debug|ARM.ActiveCfg = Debug|ARM
		{A71DA1C6-6534-4C6C-8490-CD8C23047AED}.Debug|ARM.Build.0 = Debug|ARM
		{A71DA1C6-6534-4C6C-8490-CD8C23047AED}.Debug|ARM.Deploy.0 = Debug|ARM
		{A71DA1C6-6534-4C6C-8490-CD8C23047AED}.Debug|iPhone.ActiveCfg = Debug|Any CPU
		{A71DA1C6-6534-4C6C-8490-CD8C23047AED}.Debug|iPhone.Build.0 = Debug|Any CPU
		{A71DA1C6-6534-4C6C-8490-CD8C23047AED}.Debug|iPhone.Deploy.0 = Debug|Any CPU
		{A71DA1C6-6534-4C6C-8490-CD8C23047AED}.Debug|iPhoneSimulator.ActiveCfg = Debug|Any CPU
		{A71DA1C6-6534-4C6C-8490-CD8C23047AED}.Debug|iPhoneSimulator.Build.0 = Debug|Any CPU
		{A71DA1C6-6534-4C6C-8490-CD8C23047AED}.Debug|iPhoneSimulator.Deploy.0 = Debug|Any CPU
		{A71DA1C6-6534-4C6C-8490-CD8C23047AED}.Debug|x64.ActiveCfg = Debug|x64
		{A71DA1C6-6534-4C6C-8490-CD8C23047AED}.Debug|x64.Build.0 = Debug|x64
		{A71DA1C6-6534-4C6C-8490-CD8C23047AED}.Debug|x64.Deploy.0 = Debug|x64
		{A71DA1C6-6534-4C6C-8490-CD8C23047AED}.Debug|x86.ActiveCfg = Debug|x86
		{A71DA1C6-6534-4C6C-8490-CD8C23047AED}.Debug|x86.Build.0 = Debug|x86
		{A71DA1C6-6534-4C6C-8490-CD8C23047AED}.Debug|x86.Deploy.0 = Debug|x86
		{A71DA1C6-6534-4C6C-8490-CD8C23047AED}.Release|Any CPU.ActiveCfg = Release|Any CPU
		{A71DA1C6-6534-4C6C-8490-CD8C23047AED}.Release|Any CPU.Build.0 = Release|Any CPU
		{A71DA1C6-6534-4C6C-8490-CD8C23047AED}.Release|Any CPU.Deploy.0 = Release|Any CPU
		{A71DA1C6-6534-4C6C-8490-CD8C23047AED}.Release|ARM.ActiveCfg = Release|ARM
		{A71DA1C6-6534-4C6C-8490-CD8C23047AED}.Release|ARM.Build.0 = Release|ARM
		{A71DA1C6-6534-4C6C-8490-CD8C23047AED}.Release|ARM.Deploy.0 = Release|ARM
		{A71DA1C6-6534-4C6C-8490-CD8C23047AED}.Release|iPhone.ActiveCfg = Release|Any CPU
		{A71DA1C6-6534-4C6C-8490-CD8C23047AED}.Release|iPhone.Build.0 = Release|Any CPU
		{A71DA1C6-6534-4C6C-8490-CD8C23047AED}.Release|iPhone.Deploy.0 = Release|Any CPU
		{A71DA1C6-6534-4C6C-8490-CD8C23047AED}.Release|iPhoneSimulator.ActiveCfg = Release|Any CPU
		{A71DA1C6-6534-4C6C-8490-CD8C23047AED}.Release|iPhoneSimulator.Build.0 = Release|Any CPU
		{A71DA1C6-6534-4C6C-8490-CD8C23047AED}.Release|iPhoneSimulator.Deploy.0 = Release|Any CPU
		{A71DA1C6-6534-4C6C-8490-CD8C23047AED}.Release|x64.ActiveCfg = Release|x64
		{A71DA1C6-6534-4C6C-8490-CD8C23047AED}.Release|x64.Build.0 = Release|x64
		{A71DA1C6-6534-4C6C-8490-CD8C23047AED}.Release|x64.Deploy.0 = Release|x64
		{A71DA1C6-6534-4C6C-8490-CD8C23047AED}.Release|x86.ActiveCfg = Release|x86
		{A71DA1C6-6534-4C6C-8490-CD8C23047AED}.Release|x86.Build.0 = Release|x86
		{A71DA1C6-6534-4C6C-8490-CD8C23047AED}.Release|x86.Deploy.0 = Release|x86
	EndGlobalSection
	GlobalSection(SolutionProperties) = preSolution
		HideSolutionNode = FALSE
	EndGlobalSection
EndGlobal
